// !$*UTF8*$!
{
	archiveVersion = 1;
	classes = {
	};
	objectVersion = 46;
	objects = {

/* Begin PBXBuildFile section */
		53CF32DE194E5341008BB733 /* Foundation.framework in Frameworks */ = {isa = PBXBuildFile; fileRef = 53CF32DD194E5341008BB733 /* Foundation.framework */; };
		53CF32E3194E5341008BB733 /* Networker.h in CopyFiles */ = {isa = PBXBuildFile; fileRef = 53CF32E2194E5341008BB733 /* Networker.h */; };
		53CF32E5194E5341008BB733 /* Networker.m in Sources */ = {isa = PBXBuildFile; fileRef = 53CF32E4194E5341008BB733 /* Networker.m */; };
		53CF32EC194E5341008BB733 /* XCTest.framework in Frameworks */ = {isa = PBXBuildFile; fileRef = 53CF32EB194E5341008BB733 /* XCTest.framework */; };
		53CF32ED194E5341008BB733 /* Foundation.framework in Frameworks */ = {isa = PBXBuildFile; fileRef = 53CF32DD194E5341008BB733 /* Foundation.framework */; };
		53CF32EF194E5341008BB733 /* UIKit.framework in Frameworks */ = {isa = PBXBuildFile; fileRef = 53CF32EE194E5341008BB733 /* UIKit.framework */; };
		53CF32F2194E5341008BB733 /* libNetworker.a in Frameworks */ = {isa = PBXBuildFile; fileRef = 53CF32DA194E5341008BB733 /* libNetworker.a */; };
		53CF32F8194E5341008BB733 /* InfoPlist.strings in Resources */ = {isa = PBXBuildFile; fileRef = 53CF32F6194E5341008BB733 /* InfoPlist.strings */; };
		53CF32FA194E5341008BB733 /* NetworkerTests.m in Sources */ = {isa = PBXBuildFile; fileRef = 53CF32F9194E5341008BB733 /* NetworkerTests.m */; };
/* End PBXBuildFile section */

/* Begin PBXContainerItemProxy section */
		53CF32F0194E5341008BB733 /* PBXContainerItemProxy */ = {
			isa = PBXContainerItemProxy;
			containerPortal = 53CF32D2194E5341008BB733 /* Project object */;
			proxyType = 1;
			remoteGlobalIDString = 53CF32D9194E5341008BB733;
			remoteInfo = Networker;
		};
/* End PBXContainerItemProxy section */

/* Begin PBXCopyFilesBuildPhase section */
		53CF32D8194E5341008BB733 /* CopyFiles */ = {
			isa = PBXCopyFilesBuildPhase;
			buildActionMask = 2147483647;
			dstPath = "include/$(PRODUCT_NAME)";
			dstSubfolderSpec = 16;
			files = (
				53CF32E3194E5341008BB733 /* Networker.h in CopyFiles */,
			);
			runOnlyForDeploymentPostprocessing = 0;
		};
/* End PBXCopyFilesBuildPhase section */

/* Begin PBXFileReference section */
		53CF32DA194E5341008BB733 /* libNetworker.a */ = {isa = PBXFileReference; explicitFileType = archive.ar; includeInIndex = 0; path = libNetworker.a; sourceTree = BUILT_PRODUCTS_DIR; };
		53CF32DD194E5341008BB733 /* Foundation.framework */ = {isa = PBXFileReference; lastKnownFileType = wrapper.framework; name = Foundation.framework; path = System/Library/Frameworks/Foundation.framework; sourceTree = SDKROOT; };
		53CF32E1194E5341008BB733 /* Networker-Prefix.pch */ = {isa = PBXFileReference; lastKnownFileType = sourcecode.c.h; path = "Networker-Prefix.pch"; sourceTree = "<group>"; };
		53CF32E2194E5341008BB733 /* Networker.h */ = {isa = PBXFileReference; lastKnownFileType = sourcecode.c.h; path = Networker.h; sourceTree = "<group>"; };
		53CF32E4194E5341008BB733 /* Networker.m */ = {isa = PBXFileReference; lastKnownFileType = sourcecode.c.objc; path = Networker.m; sourceTree = "<group>"; };
		53CF32EA194E5341008BB733 /* NetworkerTests.xctest */ = {isa = PBXFileReference; explicitFileType = wrapper.cfbundle; includeInIndex = 0; path = NetworkerTests.xctest; sourceTree = BUILT_PRODUCTS_DIR; };
		53CF32EB194E5341008BB733 /* XCTest.framework */ = {isa = PBXFileReference; lastKnownFileType = wrapper.framework; name = XCTest.framework; path = Library/Frameworks/XCTest.framework; sourceTree = DEVELOPER_DIR; };
		53CF32EE194E5341008BB733 /* UIKit.framework */ = {isa = PBXFileReference; lastKnownFileType = wrapper.framework; name = UIKit.framework; path = Library/Frameworks/UIKit.framework; sourceTree = DEVELOPER_DIR; };
		53CF32F5194E5341008BB733 /* NetworkerTests-Info.plist */ = {isa = PBXFileReference; lastKnownFileType = text.plist.xml; path = "NetworkerTests-Info.plist"; sourceTree = "<group>"; };
		53CF32F7194E5341008BB733 /* en */ = {isa = PBXFileReference; lastKnownFileType = text.plist.strings; name = en; path = en.lproj/InfoPlist.strings; sourceTree = "<group>"; };
		53CF32F9194E5341008BB733 /* NetworkerTests.m */ = {isa = PBXFileReference; lastKnownFileType = sourcecode.c.objc; path = NetworkerTests.m; sourceTree = "<group>"; };
/* End PBXFileReference section */

/* Begin PBXFrameworksBuildPhase section */
		53CF32D7194E5341008BB733 /* Frameworks */ = {
			isa = PBXFrameworksBuildPhase;
			buildActionMask = 2147483647;
			files = (
				53CF32DE194E5341008BB733 /* Foundation.framework in Frameworks */,
			);
			runOnlyForDeploymentPostprocessing = 0;
		};
		53CF32E7194E5341008BB733 /* Frameworks */ = {
			isa = PBXFrameworksBuildPhase;
			buildActionMask = 2147483647;
			files = (
				53CF32EC194E5341008BB733 /* XCTest.framework in Frameworks */,
				53CF32F2194E5341008BB733 /* libNetworker.a in Frameworks */,
				53CF32EF194E5341008BB733 /* UIKit.framework in Frameworks */,
				53CF32ED194E5341008BB733 /* Foundation.framework in Frameworks */,
			);
			runOnlyForDeploymentPostprocessing = 0;
		};
/* End PBXFrameworksBuildPhase section */

/* Begin PBXGroup section */
		53CF32D1194E5341008BB733 = {
			isa = PBXGroup;
			children = (
				53CF32DF194E5341008BB733 /* Networker */,
				53CF32F3194E5341008BB733 /* NetworkerTests */,
				53CF32DC194E5341008BB733 /* Frameworks */,
				53CF32DB194E5341008BB733 /* Products */,
			);
			sourceTree = "<group>";
		};
		53CF32DB194E5341008BB733 /* Products */ = {
			isa = PBXGroup;
			children = (
				53CF32DA194E5341008BB733 /* libNetworker.a */,
				53CF32EA194E5341008BB733 /* NetworkerTests.xctest */,
			);
			name = Products;
			sourceTree = "<group>";
		};
		53CF32DC194E5341008BB733 /* Frameworks */ = {
			isa = PBXGroup;
			children = (
				53CF32DD194E5341008BB733 /* Foundation.framework */,
				53CF32EB194E5341008BB733 /* XCTest.framework */,
				53CF32EE194E5341008BB733 /* UIKit.framework */,
			);
			name = Frameworks;
			sourceTree = "<group>";
		};
		53CF32DF194E5341008BB733 /* Networker */ = {
			isa = PBXGroup;
			children = (
				53CF32E2194E5341008BB733 /* Networker.h */,
				53CF32E4194E5341008BB733 /* Networker.m */,
				53CF32E0194E5341008BB733 /* Supporting Files */,
			);
			path = Networker;
			sourceTree = "<group>";
		};
		53CF32E0194E5341008BB733 /* Supporting Files */ = {
			isa = PBXGroup;
			children = (
				53CF32E1194E5341008BB733 /* Networker-Prefix.pch */,
			);
			name = "Supporting Files";
			sourceTree = "<group>";
		};
		53CF32F3194E5341008BB733 /* NetworkerTests */ = {
			isa = PBXGroup;
			children = (
				53CF32F9194E5341008BB733 /* NetworkerTests.m */,
				53CF32F4194E5341008BB733 /* Supporting Files */,
			);
			path = NetworkerTests;
			sourceTree = "<group>";
		};
		53CF32F4194E5341008BB733 /* Supporting Files */ = {
			isa = PBXGroup;
			children = (
				53CF32F5194E5341008BB733 /* NetworkerTests-Info.plist */,
				53CF32F6194E5341008BB733 /* InfoPlist.strings */,
			);
			name = "Supporting Files";
			sourceTree = "<group>";
		};
/* End PBXGroup section */

/* Begin PBXNativeTarget section */
		53CF32D9194E5341008BB733 /* Networker */ = {
			isa = PBXNativeTarget;
			buildConfigurationList = 53CF32FD194E5341008BB733 /* Build configuration list for PBXNativeTarget "Networker" */;
			buildPhases = (
				53CF32D6194E5341008BB733 /* Sources */,
				53CF32D7194E5341008BB733 /* Frameworks */,
				53CF32D8194E5341008BB733 /* CopyFiles */,
			);
			buildRules = (
			);
			dependencies = (
			);
			name = Networker;
			productName = Networker;
			productReference = 53CF32DA194E5341008BB733 /* libNetworker.a */;
			productType = "com.apple.product-type.library.static";
		};
		53CF32E9194E5341008BB733 /* NetworkerTests */ = {
			isa = PBXNativeTarget;
			buildConfigurationList = 53CF3300194E5341008BB733 /* Build configuration list for PBXNativeTarget "NetworkerTests" */;
			buildPhases = (
				53CF32E6194E5341008BB733 /* Sources */,
				53CF32E7194E5341008BB733 /* Frameworks */,
				53CF32E8194E5341008BB733 /* Resources */,
			);
			buildRules = (
			);
			dependencies = (
				53CF32F1194E5341008BB733 /* PBXTargetDependency */,
			);
			name = NetworkerTests;
			productName = NetworkerTests;
			productReference = 53CF32EA194E5341008BB733 /* NetworkerTests.xctest */;
			productType = "com.apple.product-type.bundle.unit-test";
		};
/* End PBXNativeTarget section */

/* Begin PBXProject section */
		53CF32D2194E5341008BB733 /* Project object */ = {
			isa = PBXProject;
			attributes = {
				LastUpgradeCheck = 0510;
			};
			buildConfigurationList = 53CF32D5194E5341008BB733 /* Build configuration list for PBXProject "Networker" */;
			compatibilityVersion = "Xcode 3.2";
			developmentRegion = English;
			hasScannedForEncodings = 0;
			knownRegions = (
				en,
			);
			mainGroup = 53CF32D1194E5341008BB733;
			productRefGroup = 53CF32DB194E5341008BB733 /* Products */;
			projectDirPath = "";
			projectRoot = "";
			targets = (
				53CF32D9194E5341008BB733 /* Networker */,
				53CF32E9194E5341008BB733 /* NetworkerTests */,
			);
		};
/* End PBXProject section */

/* Begin PBXResourcesBuildPhase section */
		53CF32E8194E5341008BB733 /* Resources */ = {
			isa = PBXResourcesBuildPhase;
			buildActionMask = 2147483647;
			files = (
				53CF32F8194E5341008BB733 /* InfoPlist.strings in Resources */,
			);
			runOnlyForDeploymentPostprocessing = 0;
		};
/* End PBXResourcesBuildPhase section */

/* Begin PBXSourcesBuildPhase section */
		53CF32D6194E5341008BB733 /* Sources */ = {
			isa = PBXSourcesBuildPhase;
			buildActionMask = 2147483647;
			files = (
				53CF32E5194E5341008BB733 /* Networker.m in Sources */,
			);
			runOnlyForDeploymentPostprocessing = 0;
		};
		53CF32E6194E5341008BB733 /* Sources */ = {
			isa = PBXSourcesBuildPhase;
			buildActionMask = 2147483647;
			files = (
				53CF32FA194E5341008BB733 /* NetworkerTests.m in Sources */,
			);
			runOnlyForDeploymentPostprocessing = 0;
		};
/* End PBXSourcesBuildPhase section */

/* Begin PBXTargetDependency section */
		53CF32F1194E5341008BB733 /* PBXTargetDependency */ = {
			isa = PBXTargetDependency;
			target = 53CF32D9194E5341008BB733 /* Networker */;
			targetProxy = 53CF32F0194E5341008BB733 /* PBXContainerItemProxy */;
		};
/* End PBXTargetDependency section */

/* Begin PBXVariantGroup section */
		53CF32F6194E5341008BB733 /* InfoPlist.strings */ = {
			isa = PBXVariantGroup;
			children = (
				53CF32F7194E5341008BB733 /* en */,
			);
			name = InfoPlist.strings;
			sourceTree = "<group>";
		};
/* End PBXVariantGroup section */

/* Begin XCBuildConfiguration section */
		53CF32FB194E5341008BB733 /* Debug */ = {
			isa = XCBuildConfiguration;
			buildSettings = {
				ALWAYS_SEARCH_USER_PATHS = NO;
				CLANG_CXX_LANGUAGE_STANDARD = "gnu++0x";
				CLANG_CXX_LIBRARY = "libc++";
				CLANG_ENABLE_MODULES = YES;
				CLANG_ENABLE_OBJC_ARC = YES;
				CLANG_WARN_BOOL_CONVERSION = YES;
				CLANG_WARN_CONSTANT_CONVERSION = YES;
				CLANG_WARN_DIRECT_OBJC_ISA_USAGE = YES_ERROR;
				CLANG_WARN_EMPTY_BODY = YES;
				CLANG_WARN_ENUM_CONVERSION = YES;
				CLANG_WARN_INT_CONVERSION = YES;
				CLANG_WARN_OBJC_ROOT_CLASS = YES_ERROR;
				CLANG_WARN__DUPLICATE_METHOD_MATCH = YES;
				COPY_PHASE_STRIP = NO;
				GCC_C_LANGUAGE_STANDARD = gnu99;
				GCC_DYNAMIC_NO_PIC = NO;
				GCC_OPTIMIZATION_LEVEL = 0;
				GCC_PREPROCESSOR_DEFINITIONS = (
					"DEBUG=1",
					"$(inherited)",
				);
				GCC_SYMBOLS_PRIVATE_EXTERN = NO;
				GCC_WARN_64_TO_32_BIT_CONVERSION = YES;
				GCC_WARN_ABOUT_RETURN_TYPE = YES_ERROR;
				GCC_WARN_UNDECLARED_SELECTOR = YES;
				GCC_WARN_UNINITIALIZED_AUTOS = YES_AGGRESSIVE;
				GCC_WARN_UNUSED_FUNCTION = YES;
				GCC_WARN_UNUSED_VARIABLE = YES;
				IPHONEOS_DEPLOYMENT_TARGET = 7.1;
				ONLY_ACTIVE_ARCH = YES;
				SDKROOT = iphoneos;
			};
			name = Debug;
		};
		53CF32FC194E5341008BB733 /* Release */ = {
			isa = XCBuildConfiguration;
			buildSettings = {
				ALWAYS_SEARCH_USER_PATHS = NO;
				CLANG_CXX_LANGUAGE_STANDARD = "gnu++0x";
				CLANG_CXX_LIBRARY = "libc++";
				CLANG_ENABLE_MODULES = YES;
				CLANG_ENABLE_OBJC_ARC = YES;
				CLANG_WARN_BOOL_CONVERSION = YES;
				CLANG_WARN_CONSTANT_CONVERSION = YES;
				CLANG_WARN_DIRECT_OBJC_ISA_USAGE = YES_ERROR;
				CLANG_WARN_EMPTY_BODY = YES;
				CLANG_WARN_ENUM_CONVERSION = YES;
				CLANG_WARN_INT_CONVERSION = YES;
				CLANG_WARN_OBJC_ROOT_CLASS = YES_ERROR;
				CLANG_WARN__DUPLICATE_METHOD_MATCH = YES;
				COPY_PHASE_STRIP = YES;
				ENABLE_NS_ASSERTIONS = NO;
				GCC_C_LANGUAGE_STANDARD = gnu99;
				GCC_WARN_64_TO_32_BIT_CONVERSION = YES;
				GCC_WARN_ABOUT_RETURN_TYPE = YES_ERROR;
				GCC_WARN_UNDECLARED_SELECTOR = YES;
				GCC_WARN_UNINITIALIZED_AUTOS = YES_AGGRESSIVE;
				GCC_WARN_UNUSED_FUNCTION = YES;
				GCC_WARN_UNUSED_VARIABLE = YES;
				IPHONEOS_DEPLOYMENT_TARGET = 7.1;
				SDKROOT = iphoneos;
				VALIDATE_PRODUCT = YES;
			};
			name = Release;
		};
		53CF32FE194E5341008BB733 /* Debug */ = {
			isa = XCBuildConfiguration;
			buildSettings = {
				DSTROOT = /tmp/Networker.dst;
				GCC_PRECOMPILE_PREFIX_HEADER = YES;
				GCC_PREFIX_HEADER = "Networker/Networker-Prefix.pch";
				OTHER_LDFLAGS = "-ObjC";
				PRODUCT_NAME = "$(TARGET_NAME)";
				SKIP_INSTALL = YES;
			};
			name = Debug;
		};
		53CF32FF194E5341008BB733 /* Release */ = {
			isa = XCBuildConfiguration;
			buildSettings = {
				DSTROOT = /tmp/Networker.dst;
				GCC_PRECOMPILE_PREFIX_HEADER = YES;
				GCC_PREFIX_HEADER = "Networker/Networker-Prefix.pch";
				OTHER_LDFLAGS = "-ObjC";
				PRODUCT_NAME = "$(TARGET_NAME)";
				SKIP_INSTALL = YES;
			};
			name = Release;
		};
		53CF3301194E5341008BB733 /* Debug */ = {
			isa = XCBuildConfiguration;
			buildSettings = {
				FRAMEWORK_SEARCH_PATHS = (
					"$(SDKROOT)/Developer/Library/Frameworks",
					"$(inherited)",
					"$(DEVELOPER_FRAMEWORKS_DIR)",
				);
				GCC_PRECOMPILE_PREFIX_HEADER = YES;
				GCC_PREFIX_HEADER = "Networker/Networker-Prefix.pch";
				GCC_PREPROCESSOR_DEFINITIONS = (
					"DEBUG=1",
					"$(inherited)",
				);
				INFOPLIST_FILE = "NetworkerTests/NetworkerTests-Info.plist";
				PRODUCT_NAME = "$(TARGET_NAME)";
				WRAPPER_EXTENSION = xctest;
			};
			name = Debug;
		};
		53CF3302194E5341008BB733 /* Release */ = {
			isa = XCBuildConfiguration;
			buildSettings = {
				FRAMEWORK_SEARCH_PATHS = (
					"$(SDKROOT)/Developer/Library/Frameworks",
					"$(inherited)",
					"$(DEVELOPER_FRAMEWORKS_DIR)",
				);
				GCC_PRECOMPILE_PREFIX_HEADER = YES;
				GCC_PREFIX_HEADER = "Networker/Networker-Prefix.pch";
				INFOPLIST_FILE = "NetworkerTests/NetworkerTests-Info.plist";
				PRODUCT_NAME = "$(TARGET_NAME)";
				WRAPPER_EXTENSION = xctest;
			};
			name = Release;
		};
/* End XCBuildConfiguration section */

/* Begin XCConfigurationList section */
		53CF32D5194E5341008BB733 /* Build configuration list for PBXProject "Networker" */ = {
			isa = XCConfigurationList;
			buildConfigurations = (
				53CF32FB194E5341008BB733 /* Debug */,
				53CF32FC194E5341008BB733 /* Release */,
			);
			defaultConfigurationIsVisible = 0;
			defaultConfigurationName = Release;
		};
		53CF32FD194E5341008BB733 /* Build configuration list for PBXNativeTarget "Networker" */ = {
			isa = XCConfigurationList;
			buildConfigurations = (
				53CF32FE194E5341008BB733 /* Debug */,
				53CF32FF194E5341008BB733 /* Release */,
			);
			defaultConfigurationIsVisible = 0;
		};
		53CF3300194E5341008BB733 /* Build configuration list for PBXNativeTarget "NetworkerTests" */ = {
			isa = XCConfigurationList;
			buildConfigurations = (
				53CF3301194E5341008BB733 /* Debug */,
				53CF3302194E5341008BB733 /* Release */,
			);
			defaultConfigurationIsVisible = 0;
		};
/* End XCConfigurationList section */
	};
	rootObject = 53CF32D2194E5341008BB733 /* Project object */;
}
