// !$*UTF8*$!
{
	archiveVersion = 1;
	classes = {
	};
	objectVersion = 46;
	objects = {

/* Begin PBXBuildFile section */
		531107A919147B07006F7DAF /* PostTableCell.m in Sources */ = {isa = PBXBuildFile; fileRef = 531107A819147B07006F7DAF /* PostTableCell.m */; };
		532706DD1913745E00F5EAB9 /* Post.m in Sources */ = {isa = PBXBuildFile; fileRef = 532706DC1913745E00F5EAB9 /* Post.m */; };
		532706E2191378EF00F5EAB9 /* PostDataController.m in Sources */ = {isa = PBXBuildFile; fileRef = 532706E1191378EF00F5EAB9 /* PostDataController.m */; };
		532706E5191384A600F5EAB9 /* PostViewController.m in Sources */ = {isa = PBXBuildFile; fileRef = 532706E4191384A600F5EAB9 /* PostViewController.m */; };
		5390A91D1914B76800ACD082 /* arrowdown.png in Resources */ = {isa = PBXBuildFile; fileRef = 5390A9141914B76800ACD082 /* arrowdown.png */; };
		5390A91E1914B76800ACD082 /* arrowdownred.png in Resources */ = {isa = PBXBuildFile; fileRef = 5390A9151914B76800ACD082 /* arrowdownred.png */; };
		5390A91F1914B76800ACD082 /* arrowup.png in Resources */ = {isa = PBXBuildFile; fileRef = 5390A9161914B76800ACD082 /* arrowup.png */; };
		5390A9201914B76800ACD082 /* arrowupblue.png in Resources */ = {isa = PBXBuildFile; fileRef = 5390A9171914B76800ACD082 /* arrowupblue.png */; };
		5390A9211914B76800ACD082 /* card.9.png in Resources */ = {isa = PBXBuildFile; fileRef = 5390A9181914B76800ACD082 /* card.9.png */; };
		5390A9221914B76800ACD082 /* collegefeedlogosmall.png in Resources */ = {isa = PBXBuildFile; fileRef = 5390A9191914B76800ACD082 /* collegefeedlogosmall.png */; };
		5390A9231914B76800ACD082 /* logofake.png in Resources */ = {isa = PBXBuildFile; fileRef = 5390A91A1914B76800ACD082 /* logofake.png */; };
		5390A9241914B76800ACD082 /* postbuttonclick.xml in Resources */ = {isa = PBXBuildFile; fileRef = 5390A91B1914B76800ACD082 /* postbuttonclick.xml */; };
		5390A9251914B76800ACD082 /* postfeedlogosmall.png in Resources */ = {isa = PBXBuildFile; fileRef = 5390A91C1914B76800ACD082 /* postfeedlogosmall.png */; };
		5390A92C19153EBE00ACD082 /* CommentDataController.m in Sources */ = {isa = PBXBuildFile; fileRef = 5390A92B19153EBE00ACD082 /* CommentDataController.m */; };
		5390A93519153F7A00ACD082 /* Comment.m in Sources */ = {isa = PBXBuildFile; fileRef = 5390A93419153F7A00ACD082 /* Comment.m */; };
		5390A9381915407100ACD082 /* CommentTableCell.m in Sources */ = {isa = PBXBuildFile; fileRef = 5390A9371915407100ACD082 /* CommentTableCell.m */; };
		5390A93B191552AE00ACD082 /* CommentViewController.m in Sources */ = {isa = PBXBuildFile; fileRef = 5390A93A191552AE00ACD082 /* CommentViewController.m */; };
		5390A93F1915635E00ACD082 /* Header.xib in Resources */ = {isa = PBXBuildFile; fileRef = 5390A93E1915635E00ACD082 /* Header.xib */; };
		5390A94119158E0E00ACD082 /* ViewControllerTests.m in Sources */ = {isa = PBXBuildFile; fileRef = 5390A94019158E0E00ACD082 /* ViewControllerTests.m */; };
		5390A94319158E1A00ACD082 /* DataControllerTests.m in Sources */ = {isa = PBXBuildFile; fileRef = 5390A94219158E1A00ACD082 /* DataControllerTests.m */; };
		53F8789119133F60002A578B /* Foundation.framework in Frameworks */ = {isa = PBXBuildFile; fileRef = 53F8789019133F60002A578B /* Foundation.framework */; };
		53F8789319133F60002A578B /* CoreGraphics.framework in Frameworks */ = {isa = PBXBuildFile; fileRef = 53F8789219133F60002A578B /* CoreGraphics.framework */; };
		53F8789519133F60002A578B /* UIKit.framework in Frameworks */ = {isa = PBXBuildFile; fileRef = 53F8789419133F60002A578B /* UIKit.framework */; };
		53F8789B19133F60002A578B /* InfoPlist.strings in Resources */ = {isa = PBXBuildFile; fileRef = 53F8789919133F60002A578B /* InfoPlist.strings */; };
		53F8789D19133F60002A578B /* main.m in Sources */ = {isa = PBXBuildFile; fileRef = 53F8789C19133F60002A578B /* main.m */; };
		53F878A119133F60002A578B /* AppDelegate.m in Sources */ = {isa = PBXBuildFile; fileRef = 53F878A019133F60002A578B /* AppDelegate.m */; };
		53F878A419133F60002A578B /* Main_iPhone.storyboard in Resources */ = {isa = PBXBuildFile; fileRef = 53F878A219133F60002A578B /* Main_iPhone.storyboard */; };
		53F878AF19133F60002A578B /* Images.xcassets in Resources */ = {isa = PBXBuildFile; fileRef = 53F878AE19133F60002A578B /* Images.xcassets */; };
		53F878B619133F60002A578B /* XCTest.framework in Frameworks */ = {isa = PBXBuildFile; fileRef = 53F878B519133F60002A578B /* XCTest.framework */; };
		53F878B719133F60002A578B /* Foundation.framework in Frameworks */ = {isa = PBXBuildFile; fileRef = 53F8789019133F60002A578B /* Foundation.framework */; };
		53F878B819133F60002A578B /* UIKit.framework in Frameworks */ = {isa = PBXBuildFile; fileRef = 53F8789419133F60002A578B /* UIKit.framework */; };
		53F878C019133F60002A578B /* InfoPlist.strings in Resources */ = {isa = PBXBuildFile; fileRef = 53F878BE19133F60002A578B /* InfoPlist.strings */; };
		53F878C219133F60002A578B /* CollegefeedTests.m in Sources */ = {isa = PBXBuildFile; fileRef = 53F878C119133F60002A578B /* CollegefeedTests.m */; };
/* End PBXBuildFile section */

/* Begin PBXContainerItemProxy section */
		53F878B919133F60002A578B /* PBXContainerItemProxy */ = {
			isa = PBXContainerItemProxy;
			containerPortal = 53F8788519133F60002A578B /* Project object */;
			proxyType = 1;
			remoteGlobalIDString = 53F8788C19133F60002A578B;
			remoteInfo = Collegefeed;
		};
/* End PBXContainerItemProxy section */

/* Begin PBXFileReference section */
		531107A719147B07006F7DAF /* PostTableCell.h */ = {isa = PBXFileReference; fileEncoding = 4; lastKnownFileType = sourcecode.c.h; path = PostTableCell.h; sourceTree = "<group>"; };
		531107A819147B07006F7DAF /* PostTableCell.m */ = {isa = PBXFileReference; fileEncoding = 4; lastKnownFileType = sourcecode.c.objc; path = PostTableCell.m; sourceTree = "<group>"; };
		532706DB1913745E00F5EAB9 /* Post.h */ = {isa = PBXFileReference; fileEncoding = 4; lastKnownFileType = sourcecode.c.h; lineEnding = 0; path = Post.h; sourceTree = "<group>"; xcLanguageSpecificationIdentifier = xcode.lang.objcpp; };
		532706DC1913745E00F5EAB9 /* Post.m */ = {isa = PBXFileReference; fileEncoding = 4; lastKnownFileType = sourcecode.c.objc; lineEnding = 0; path = Post.m; sourceTree = "<group>"; xcLanguageSpecificationIdentifier = xcode.lang.objc; };
		532706E0191378EF00F5EAB9 /* PostDataController.h */ = {isa = PBXFileReference; fileEncoding = 4; lastKnownFileType = sourcecode.c.h; path = PostDataController.h; sourceTree = "<group>"; };
		532706E1191378EF00F5EAB9 /* PostDataController.m */ = {isa = PBXFileReference; fileEncoding = 4; lastKnownFileType = sourcecode.c.objc; lineEnding = 0; path = PostDataController.m; sourceTree = "<group>"; xcLanguageSpecificationIdentifier = xcode.lang.objc; };
		532706E3191384A600F5EAB9 /* PostViewController.h */ = {isa = PBXFileReference; fileEncoding = 4; lastKnownFileType = sourcecode.c.h; path = PostViewController.h; sourceTree = "<group>"; };
		532706E4191384A600F5EAB9 /* PostViewController.m */ = {isa = PBXFileReference; fileEncoding = 4; lastKnownFileType = sourcecode.c.objc; path = PostViewController.m; sourceTree = "<group>"; };
		5390A9141914B76800ACD082 /* arrowdown.png */ = {isa = PBXFileReference; lastKnownFileType = image.png; path = arrowdown.png; sourceTree = "<group>"; };
		5390A9151914B76800ACD082 /* arrowdownred.png */ = {isa = PBXFileReference; lastKnownFileType = image.png; path = arrowdownred.png; sourceTree = "<group>"; };
		5390A9161914B76800ACD082 /* arrowup.png */ = {isa = PBXFileReference; lastKnownFileType = image.png; path = arrowup.png; sourceTree = "<group>"; };
		5390A9171914B76800ACD082 /* arrowupblue.png */ = {isa = PBXFileReference; lastKnownFileType = image.png; path = arrowupblue.png; sourceTree = "<group>"; };
		5390A9181914B76800ACD082 /* card.9.png */ = {isa = PBXFileReference; lastKnownFileType = image.png; path = card.9.png; sourceTree = "<group>"; };
		5390A9191914B76800ACD082 /* collegefeedlogosmall.png */ = {isa = PBXFileReference; lastKnownFileType = image.png; path = collegefeedlogosmall.png; sourceTree = "<group>"; };
		5390A91A1914B76800ACD082 /* logofake.png */ = {isa = PBXFileReference; lastKnownFileType = image.png; path = logofake.png; sourceTree = "<group>"; };
		5390A91B1914B76800ACD082 /* postbuttonclick.xml */ = {isa = PBXFileReference; fileEncoding = 4; lastKnownFileType = text.xml; path = postbuttonclick.xml; sourceTree = "<group>"; };
		5390A91C1914B76800ACD082 /* postfeedlogosmall.png */ = {isa = PBXFileReference; lastKnownFileType = image.png; path = postfeedlogosmall.png; sourceTree = "<group>"; };
		5390A92A19153EBE00ACD082 /* CommentDataController.h */ = {isa = PBXFileReference; fileEncoding = 4; lastKnownFileType = sourcecode.c.h; path = CommentDataController.h; sourceTree = "<group>"; };
		5390A92B19153EBE00ACD082 /* CommentDataController.m */ = {isa = PBXFileReference; fileEncoding = 4; lastKnownFileType = sourcecode.c.objc; path = CommentDataController.m; sourceTree = "<group>"; };
		5390A93319153F7A00ACD082 /* Comment.h */ = {isa = PBXFileReference; fileEncoding = 4; lastKnownFileType = sourcecode.c.h; lineEnding = 0; path = Comment.h; sourceTree = "<group>"; xcLanguageSpecificationIdentifier = xcode.lang.objcpp; };
		5390A93419153F7A00ACD082 /* Comment.m */ = {isa = PBXFileReference; fileEncoding = 4; lastKnownFileType = sourcecode.c.objc; lineEnding = 0; path = Comment.m; sourceTree = "<group>"; xcLanguageSpecificationIdentifier = xcode.lang.objc; };
		5390A9361915407100ACD082 /* CommentTableCell.h */ = {isa = PBXFileReference; fileEncoding = 4; lastKnownFileType = sourcecode.c.h; path = CommentTableCell.h; sourceTree = "<group>"; };
		5390A9371915407100ACD082 /* CommentTableCell.m */ = {isa = PBXFileReference; fileEncoding = 4; lastKnownFileType = sourcecode.c.objc; path = CommentTableCell.m; sourceTree = "<group>"; };
		5390A939191552AE00ACD082 /* CommentViewController.h */ = {isa = PBXFileReference; fileEncoding = 4; lastKnownFileType = sourcecode.c.h; path = CommentViewController.h; sourceTree = "<group>"; };
		5390A93A191552AE00ACD082 /* CommentViewController.m */ = {isa = PBXFileReference; fileEncoding = 4; lastKnownFileType = sourcecode.c.objc; path = CommentViewController.m; sourceTree = "<group>"; };
		5390A93E1915635E00ACD082 /* Header.xib */ = {isa = PBXFileReference; fileEncoding = 4; lastKnownFileType = file.xib; path = Header.xib; sourceTree = "<group>"; };
		5390A94019158E0E00ACD082 /* ViewControllerTests.m */ = {isa = PBXFileReference; fileEncoding = 4; lastKnownFileType = sourcecode.c.objc; path = ViewControllerTests.m; sourceTree = "<group>"; };
		5390A94219158E1A00ACD082 /* DataControllerTests.m */ = {isa = PBXFileReference; fileEncoding = 4; lastKnownFileType = sourcecode.c.objc; path = DataControllerTests.m; sourceTree = "<group>"; };
		53F8788D19133F60002A578B /* Collegefeed.app */ = {isa = PBXFileReference; explicitFileType = wrapper.application; includeInIndex = 0; path = Collegefeed.app; sourceTree = BUILT_PRODUCTS_DIR; };
		53F8789019133F60002A578B /* Foundation.framework */ = {isa = PBXFileReference; lastKnownFileType = wrapper.framework; name = Foundation.framework; path = System/Library/Frameworks/Foundation.framework; sourceTree = SDKROOT; };
		53F8789219133F60002A578B /* CoreGraphics.framework */ = {isa = PBXFileReference; lastKnownFileType = wrapper.framework; name = CoreGraphics.framework; path = System/Library/Frameworks/CoreGraphics.framework; sourceTree = SDKROOT; };
		53F8789419133F60002A578B /* UIKit.framework */ = {isa = PBXFileReference; lastKnownFileType = wrapper.framework; name = UIKit.framework; path = System/Library/Frameworks/UIKit.framework; sourceTree = SDKROOT; };
		53F8789819133F60002A578B /* Collegefeed-Info.plist */ = {isa = PBXFileReference; lastKnownFileType = text.plist.xml; path = "Collegefeed-Info.plist"; sourceTree = "<group>"; };
		53F8789A19133F60002A578B /* en */ = {isa = PBXFileReference; lastKnownFileType = text.plist.strings; name = en; path = en.lproj/InfoPlist.strings; sourceTree = "<group>"; };
		53F8789C19133F60002A578B /* main.m */ = {isa = PBXFileReference; lastKnownFileType = sourcecode.c.objc; path = main.m; sourceTree = "<group>"; };
		53F8789E19133F60002A578B /* Collegefeed-Prefix.pch */ = {isa = PBXFileReference; lastKnownFileType = sourcecode.c.h; path = "Collegefeed-Prefix.pch"; sourceTree = "<group>"; };
		53F8789F19133F60002A578B /* AppDelegate.h */ = {isa = PBXFileReference; lastKnownFileType = sourcecode.c.h; path = AppDelegate.h; sourceTree = "<group>"; };
		53F878A019133F60002A578B /* AppDelegate.m */ = {isa = PBXFileReference; lastKnownFileType = sourcecode.c.objc; path = AppDelegate.m; sourceTree = "<group>"; };
		53F878A319133F60002A578B /* Base */ = {isa = PBXFileReference; lastKnownFileType = file.storyboard; name = Base; path = Base.lproj/Main_iPhone.storyboard; sourceTree = "<group>"; };
		53F878AE19133F60002A578B /* Images.xcassets */ = {isa = PBXFileReference; lastKnownFileType = folder.assetcatalog; path = Images.xcassets; sourceTree = "<group>"; };
		53F878B419133F60002A578B /* CollegefeedTests.xctest */ = {isa = PBXFileReference; explicitFileType = wrapper.cfbundle; includeInIndex = 0; path = CollegefeedTests.xctest; sourceTree = BUILT_PRODUCTS_DIR; };
		53F878B519133F60002A578B /* XCTest.framework */ = {isa = PBXFileReference; lastKnownFileType = wrapper.framework; name = XCTest.framework; path = Library/Frameworks/XCTest.framework; sourceTree = DEVELOPER_DIR; };
		53F878BD19133F60002A578B /* CollegefeedTests-Info.plist */ = {isa = PBXFileReference; lastKnownFileType = text.plist.xml; path = "CollegefeedTests-Info.plist"; sourceTree = "<group>"; };
		53F878BF19133F60002A578B /* en */ = {isa = PBXFileReference; lastKnownFileType = text.plist.strings; name = en; path = en.lproj/InfoPlist.strings; sourceTree = "<group>"; };
		53F878C119133F60002A578B /* CollegefeedTests.m */ = {isa = PBXFileReference; lastKnownFileType = sourcecode.c.objc; path = CollegefeedTests.m; sourceTree = "<group>"; };
/* End PBXFileReference section */

/* Begin PBXFrameworksBuildPhase section */
		53F8788A19133F60002A578B /* Frameworks */ = {
			isa = PBXFrameworksBuildPhase;
			buildActionMask = 2147483647;
			files = (
				53F8789319133F60002A578B /* CoreGraphics.framework in Frameworks */,
				53F8789519133F60002A578B /* UIKit.framework in Frameworks */,
				53F8789119133F60002A578B /* Foundation.framework in Frameworks */,
			);
			runOnlyForDeploymentPostprocessing = 0;
		};
		53F878B119133F60002A578B /* Frameworks */ = {
			isa = PBXFrameworksBuildPhase;
			buildActionMask = 2147483647;
			files = (
				53F878B619133F60002A578B /* XCTest.framework in Frameworks */,
				53F878B819133F60002A578B /* UIKit.framework in Frameworks */,
				53F878B719133F60002A578B /* Foundation.framework in Frameworks */,
			);
			runOnlyForDeploymentPostprocessing = 0;
		};
/* End PBXFrameworksBuildPhase section */

/* Begin PBXGroup section */
		531107AA19147CBF006F7DAF /* Views */ = {
			isa = PBXGroup;
			children = (
				53F878A219133F60002A578B /* Main_iPhone.storyboard */,
				531107A719147B07006F7DAF /* PostTableCell.h */,
				531107A819147B07006F7DAF /* PostTableCell.m */,
				5390A9361915407100ACD082 /* CommentTableCell.h */,
				5390A9371915407100ACD082 /* CommentTableCell.m */,
				5390A93E1915635E00ACD082 /* Header.xib */,
			);
			name = Views;
			sourceTree = "<group>";
		};
		532706DE1913777300F5EAB9 /* Models */ = {
			isa = PBXGroup;
			children = (
				532706DB1913745E00F5EAB9 /* Post.h */,
				532706DC1913745E00F5EAB9 /* Post.m */,
				5390A93319153F7A00ACD082 /* Comment.h */,
				5390A93419153F7A00ACD082 /* Comment.m */,
			);
			name = Models;
			sourceTree = "<group>";
		};
		532706DF191378A500F5EAB9 /* Data Controllers */ = {
			isa = PBXGroup;
			children = (
				532706E0191378EF00F5EAB9 /* PostDataController.h */,
				532706E1191378EF00F5EAB9 /* PostDataController.m */,
				5390A92A19153EBE00ACD082 /* CommentDataController.h */,
				5390A92B19153EBE00ACD082 /* CommentDataController.m */,
			);
			name = "Data Controllers";
			sourceTree = "<group>";
		};
		5390A9131914B76800ACD082 /* Images */ = {
			isa = PBXGroup;
			children = (
				5390A9141914B76800ACD082 /* arrowdown.png */,
				5390A9151914B76800ACD082 /* arrowdownred.png */,
				5390A9161914B76800ACD082 /* arrowup.png */,
				5390A9171914B76800ACD082 /* arrowupblue.png */,
				5390A9181914B76800ACD082 /* card.9.png */,
				5390A9191914B76800ACD082 /* collegefeedlogosmall.png */,
				5390A91A1914B76800ACD082 /* logofake.png */,
				5390A91B1914B76800ACD082 /* postbuttonclick.xml */,
				5390A91C1914B76800ACD082 /* postfeedlogosmall.png */,
			);
			path = Images;
			sourceTree = "<group>";
		};
		5390A92919153E5200ACD082 /* View Controllers */ = {
			isa = PBXGroup;
			children = (
				532706E3191384A600F5EAB9 /* PostViewController.h */,
				532706E4191384A600F5EAB9 /* PostViewController.m */,
				5390A939191552AE00ACD082 /* CommentViewController.h */,
				5390A93A191552AE00ACD082 /* CommentViewController.m */,
			);
			name = "View Controllers";
			sourceTree = "<group>";
		};
		53F8788419133F60002A578B = {
			isa = PBXGroup;
			children = (
				53F8789619133F60002A578B /* Collegefeed */,
				53F878BB19133F60002A578B /* CollegefeedTests */,
				53F8788F19133F60002A578B /* Frameworks */,
				53F8788E19133F60002A578B /* Products */,
			);
			sourceTree = "<group>";
		};
		53F8788E19133F60002A578B /* Products */ = {
			isa = PBXGroup;
			children = (
				53F8788D19133F60002A578B /* Collegefeed.app */,
				53F878B419133F60002A578B /* CollegefeedTests.xctest */,
			);
			name = Products;
			sourceTree = "<group>";
		};
		53F8788F19133F60002A578B /* Frameworks */ = {
			isa = PBXGroup;
			children = (
				53F8789019133F60002A578B /* Foundation.framework */,
				53F8789219133F60002A578B /* CoreGraphics.framework */,
				53F8789419133F60002A578B /* UIKit.framework */,
				53F878B519133F60002A578B /* XCTest.framework */,
			);
			name = Frameworks;
			sourceTree = "<group>";
		};
		53F8789619133F60002A578B /* Collegefeed */ = {
			isa = PBXGroup;
			children = (
				531107AA19147CBF006F7DAF /* Views */,
				5390A92919153E5200ACD082 /* View Controllers */,
				532706DF191378A500F5EAB9 /* Data Controllers */,
				532706DE1913777300F5EAB9 /* Models */,
				53F8789F19133F60002A578B /* AppDelegate.h */,
				53F878A019133F60002A578B /* AppDelegate.m */,
				53F878AE19133F60002A578B /* Images.xcassets */,
				5390A9131914B76800ACD082 /* Images */,
				53F8789719133F60002A578B /* Supporting Files */,
			);
			path = Collegefeed;
			sourceTree = "<group>";
		};
		53F8789719133F60002A578B /* Supporting Files */ = {
			isa = PBXGroup;
			children = (
				53F8789819133F60002A578B /* Collegefeed-Info.plist */,
				53F8789919133F60002A578B /* InfoPlist.strings */,
				53F8789C19133F60002A578B /* main.m */,
				53F8789E19133F60002A578B /* Collegefeed-Prefix.pch */,
			);
			name = "Supporting Files";
			sourceTree = "<group>";
		};
		53F878BB19133F60002A578B /* CollegefeedTests */ = {
			isa = PBXGroup;
			children = (
				5390A94219158E1A00ACD082 /* DataControllerTests.m */,
				5390A94019158E0E00ACD082 /* ViewControllerTests.m */,
				53F878C119133F60002A578B /* CollegefeedTests.m */,
				53F878BC19133F60002A578B /* Supporting Files */,
			);
			path = CollegefeedTests;
			sourceTree = "<group>";
		};
		53F878BC19133F60002A578B /* Supporting Files */ = {
			isa = PBXGroup;
			children = (
				53F878BD19133F60002A578B /* CollegefeedTests-Info.plist */,
				53F878BE19133F60002A578B /* InfoPlist.strings */,
			);
			name = "Supporting Files";
			sourceTree = "<group>";
		};
/* End PBXGroup section */

/* Begin PBXNativeTarget section */
		53F8788C19133F60002A578B /* Collegefeed */ = {
			isa = PBXNativeTarget;
			buildConfigurationList = 53F878C519133F60002A578B /* Build configuration list for PBXNativeTarget "Collegefeed" */;
			buildPhases = (
				53F8788919133F60002A578B /* Sources */,
				53F8788A19133F60002A578B /* Frameworks */,
				53F8788B19133F60002A578B /* Resources */,
			);
			buildRules = (
			);
			dependencies = (
			);
			name = Collegefeed;
			productName = Collegefeed;
			productReference = 53F8788D19133F60002A578B /* Collegefeed.app */;
			productType = "com.apple.product-type.application";
		};
		53F878B319133F60002A578B /* CollegefeedTests */ = {
			isa = PBXNativeTarget;
			buildConfigurationList = 53F878C819133F60002A578B /* Build configuration list for PBXNativeTarget "CollegefeedTests" */;
			buildPhases = (
				53F878B019133F60002A578B /* Sources */,
				53F878B119133F60002A578B /* Frameworks */,
				53F878B219133F60002A578B /* Resources */,
			);
			buildRules = (
			);
			dependencies = (
				53F878BA19133F60002A578B /* PBXTargetDependency */,
			);
			name = CollegefeedTests;
			productName = CollegefeedTests;
			productReference = 53F878B419133F60002A578B /* CollegefeedTests.xctest */;
			productType = "com.apple.product-type.bundle.unit-test";
		};
/* End PBXNativeTarget section */

/* Begin PBXProject section */
		53F8788519133F60002A578B /* Project object */ = {
			isa = PBXProject;
			attributes = {
				LastUpgradeCheck = 0510;
				ORGANIZATIONNAME = Appuccino;
				TargetAttributes = {
					53F878B319133F60002A578B = {
						TestTargetID = 53F8788C19133F60002A578B;
					};
				};
			};
			buildConfigurationList = 53F8788819133F60002A578B /* Build configuration list for PBXProject "Collegefeed" */;
			compatibilityVersion = "Xcode 3.2";
			developmentRegion = English;
			hasScannedForEncodings = 0;
			knownRegions = (
				en,
				Base,
			);
			mainGroup = 53F8788419133F60002A578B;
			productRefGroup = 53F8788E19133F60002A578B /* Products */;
			projectDirPath = "";
			projectRoot = "";
			targets = (
				53F8788C19133F60002A578B /* Collegefeed */,
				53F878B319133F60002A578B /* CollegefeedTests */,
			);
		};
/* End PBXProject section */

/* Begin PBXResourcesBuildPhase section */
		53F8788B19133F60002A578B /* Resources */ = {
			isa = PBXResourcesBuildPhase;
			buildActionMask = 2147483647;
			files = (
				5390A9251914B76800ACD082 /* postfeedlogosmall.png in Resources */,
				5390A9221914B76800ACD082 /* collegefeedlogosmall.png in Resources */,
				5390A93F1915635E00ACD082 /* Header.xib in Resources */,
				5390A91D1914B76800ACD082 /* arrowdown.png in Resources */,
				5390A9231914B76800ACD082 /* logofake.png in Resources */,
				5390A91E1914B76800ACD082 /* arrowdownred.png in Resources */,
				5390A9201914B76800ACD082 /* arrowupblue.png in Resources */,
				5390A9241914B76800ACD082 /* postbuttonclick.xml in Resources */,
				53F878AF19133F60002A578B /* Images.xcassets in Resources */,
				53F878A419133F60002A578B /* Main_iPhone.storyboard in Resources */,
				5390A91F1914B76800ACD082 /* arrowup.png in Resources */,
				5390A9211914B76800ACD082 /* card.9.png in Resources */,
				53F8789B19133F60002A578B /* InfoPlist.strings in Resources */,
			);
			runOnlyForDeploymentPostprocessing = 0;
		};
		53F878B219133F60002A578B /* Resources */ = {
			isa = PBXResourcesBuildPhase;
			buildActionMask = 2147483647;
			files = (
				53F878C019133F60002A578B /* InfoPlist.strings in Resources */,
			);
			runOnlyForDeploymentPostprocessing = 0;
		};
/* End PBXResourcesBuildPhase section */

/* Begin PBXSourcesBuildPhase section */
		53F8788919133F60002A578B /* Sources */ = {
			isa = PBXSourcesBuildPhase;
			buildActionMask = 2147483647;
			files = (
				531107A919147B07006F7DAF /* PostTableCell.m in Sources */,
				532706DD1913745E00F5EAB9 /* Post.m in Sources */,
				5390A9381915407100ACD082 /* CommentTableCell.m in Sources */,
				532706E5191384A600F5EAB9 /* PostViewController.m in Sources */,
				5390A93B191552AE00ACD082 /* CommentViewController.m in Sources */,
				5390A93519153F7A00ACD082 /* Comment.m in Sources */,
				53F878A119133F60002A578B /* AppDelegate.m in Sources */,
				532706E2191378EF00F5EAB9 /* PostDataController.m in Sources */,
				5390A92C19153EBE00ACD082 /* CommentDataController.m in Sources */,
				53F8789D19133F60002A578B /* main.m in Sources */,
			);
			runOnlyForDeploymentPostprocessing = 0;
		};
		53F878B019133F60002A578B /* Sources */ = {
			isa = PBXSourcesBuildPhase;
			buildActionMask = 2147483647;
			files = (
				5390A94119158E0E00ACD082 /* ViewControllerTests.m in Sources */,
				53F878C219133F60002A578B /* CollegefeedTests.m in Sources */,
				5390A94319158E1A00ACD082 /* DataControllerTests.m in Sources */,
			);
			runOnlyForDeploymentPostprocessing = 0;
		};
/* End PBXSourcesBuildPhase section */

/* Begin PBXTargetDependency section */
		53F878BA19133F60002A578B /* PBXTargetDependency */ = {
			isa = PBXTargetDependency;
			target = 53F8788C19133F60002A578B /* Collegefeed */;
			targetProxy = 53F878B919133F60002A578B /* PBXContainerItemProxy */;
		};
/* End PBXTargetDependency section */

/* Begin PBXVariantGroup section */
		53F8789919133F60002A578B /* InfoPlist.strings */ = {
			isa = PBXVariantGroup;
			children = (
				53F8789A19133F60002A578B /* en */,
			);
			name = InfoPlist.strings;
			sourceTree = "<group>";
		};
		53F878A219133F60002A578B /* Main_iPhone.storyboard */ = {
			isa = PBXVariantGroup;
			children = (
				53F878A319133F60002A578B /* Base */,
			);
			name = Main_iPhone.storyboard;
			sourceTree = "<group>";
		};
		53F878BE19133F60002A578B /* InfoPlist.strings */ = {
			isa = PBXVariantGroup;
			children = (
				53F878BF19133F60002A578B /* en */,
			);
			name = InfoPlist.strings;
			sourceTree = "<group>";
		};
/* End PBXVariantGroup section */

/* Begin XCBuildConfiguration section */
		53F878C319133F60002A578B /* Debug */ = {
			isa = XCBuildConfiguration;
			buildSettings = {
				ALWAYS_SEARCH_USER_PATHS = NO;
				CLANG_CXX_LANGUAGE_STANDARD = "gnu++0x";
				CLANG_CXX_LIBRARY = "libc++";
				CLANG_ENABLE_MODULES = YES;
				CLANG_ENABLE_OBJC_ARC = YES;
				CLANG_WARN_BOOL_CONVERSION = YES;
				CLANG_WARN_CONSTANT_CONVERSION = YES;
				CLANG_WARN_DIRECT_OBJC_ISA_USAGE = YES_ERROR;
				CLANG_WARN_EMPTY_BODY = YES;
				CLANG_WARN_ENUM_CONVERSION = YES;
				CLANG_WARN_INT_CONVERSION = YES;
				CLANG_WARN_OBJC_ROOT_CLASS = YES_ERROR;
				CLANG_WARN__DUPLICATE_METHOD_MATCH = YES;
				"CODE_SIGN_IDENTITY[sdk=iphoneos*]" = "iPhone Developer";
				COPY_PHASE_STRIP = NO;
				GCC_C_LANGUAGE_STANDARD = gnu99;
				GCC_DYNAMIC_NO_PIC = NO;
				GCC_OPTIMIZATION_LEVEL = 0;
				GCC_PREPROCESSOR_DEFINITIONS = (
					"DEBUG=1",
					"$(inherited)",
				);
				GCC_SYMBOLS_PRIVATE_EXTERN = NO;
				GCC_WARN_64_TO_32_BIT_CONVERSION = YES;
				GCC_WARN_ABOUT_RETURN_TYPE = YES_ERROR;
				GCC_WARN_UNDECLARED_SELECTOR = YES;
				GCC_WARN_UNINITIALIZED_AUTOS = YES_AGGRESSIVE;
				GCC_WARN_UNUSED_FUNCTION = YES;
				GCC_WARN_UNUSED_VARIABLE = YES;
				IPHONEOS_DEPLOYMENT_TARGET = 7.1;
				ONLY_ACTIVE_ARCH = YES;
				SDKROOT = iphoneos;
				TARGETED_DEVICE_FAMILY = "1,2";
			};
			name = Debug;
		};
		53F878C419133F60002A578B /* Release */ = {
			isa = XCBuildConfiguration;
			buildSettings = {
				ALWAYS_SEARCH_USER_PATHS = NO;
				CLANG_CXX_LANGUAGE_STANDARD = "gnu++0x";
				CLANG_CXX_LIBRARY = "libc++";
				CLANG_ENABLE_MODULES = YES;
				CLANG_ENABLE_OBJC_ARC = YES;
				CLANG_WARN_BOOL_CONVERSION = YES;
				CLANG_WARN_CONSTANT_CONVERSION = YES;
				CLANG_WARN_DIRECT_OBJC_ISA_USAGE = YES_ERROR;
				CLANG_WARN_EMPTY_BODY = YES;
				CLANG_WARN_ENUM_CONVERSION = YES;
				CLANG_WARN_INT_CONVERSION = YES;
				CLANG_WARN_OBJC_ROOT_CLASS = YES_ERROR;
				CLANG_WARN__DUPLICATE_METHOD_MATCH = YES;
				"CODE_SIGN_IDENTITY[sdk=iphoneos*]" = "iPhone Developer";
				COPY_PHASE_STRIP = YES;
				ENABLE_NS_ASSERTIONS = NO;
				GCC_C_LANGUAGE_STANDARD = gnu99;
				GCC_WARN_64_TO_32_BIT_CONVERSION = YES;
				GCC_WARN_ABOUT_RETURN_TYPE = YES_ERROR;
				GCC_WARN_UNDECLARED_SELECTOR = YES;
				GCC_WARN_UNINITIALIZED_AUTOS = YES_AGGRESSIVE;
				GCC_WARN_UNUSED_FUNCTION = YES;
				GCC_WARN_UNUSED_VARIABLE = YES;
				IPHONEOS_DEPLOYMENT_TARGET = 7.1;
				SDKROOT = iphoneos;
				TARGETED_DEVICE_FAMILY = "1,2";
				VALIDATE_PRODUCT = YES;
			};
			name = Release;
		};
		53F878C619133F60002A578B /* Debug */ = {
			isa = XCBuildConfiguration;
			buildSettings = {
				ASSETCATALOG_COMPILER_APPICON_NAME = AppIcon;
				ASSETCATALOG_COMPILER_LAUNCHIMAGE_NAME = LaunchImage;
				GCC_PRECOMPILE_PREFIX_HEADER = YES;
				GCC_PREFIX_HEADER = "Collegefeed/Collegefeed-Prefix.pch";
				INFOPLIST_FILE = "Collegefeed/Collegefeed-Info.plist";
				PRODUCT_NAME = "$(TARGET_NAME)";
				WRAPPER_EXTENSION = app;
			};
			name = Debug;
		};
		53F878C719133F60002A578B /* Release */ = {
			isa = XCBuildConfiguration;
			buildSettings = {
				ASSETCATALOG_COMPILER_APPICON_NAME = AppIcon;
				ASSETCATALOG_COMPILER_LAUNCHIMAGE_NAME = LaunchImage;
				GCC_PRECOMPILE_PREFIX_HEADER = YES;
				GCC_PREFIX_HEADER = "Collegefeed/Collegefeed-Prefix.pch";
				INFOPLIST_FILE = "Collegefeed/Collegefeed-Info.plist";
				PRODUCT_NAME = "$(TARGET_NAME)";
				WRAPPER_EXTENSION = app;
			};
			name = Release;
		};
		53F878C919133F60002A578B /* Debug */ = {
			isa = XCBuildConfiguration;
			buildSettings = {
				BUNDLE_LOADER = "$(BUILT_PRODUCTS_DIR)/Collegefeed.app/Collegefeed";
				FRAMEWORK_SEARCH_PATHS = (
					"$(SDKROOT)/Developer/Library/Frameworks",
					"$(inherited)",
					"$(DEVELOPER_FRAMEWORKS_DIR)",
				);
				GCC_PRECOMPILE_PREFIX_HEADER = YES;
				GCC_PREFIX_HEADER = "Collegefeed/Collegefeed-Prefix.pch";
				GCC_PREPROCESSOR_DEFINITIONS = (
					"DEBUG=1",
					"$(inherited)",
				);
				INFOPLIST_FILE = "CollegefeedTests/CollegefeedTests-Info.plist";
				PRODUCT_NAME = "$(TARGET_NAME)";
				TEST_HOST = "$(BUNDLE_LOADER)";
				WRAPPER_EXTENSION = xctest;
			};
			name = Debug;
		};
		53F878CA19133F60002A578B /* Release */ = {
			isa = XCBuildConfiguration;
			buildSettings = {
				BUNDLE_LOADER = "$(BUILT_PRODUCTS_DIR)/Collegefeed.app/Collegefeed";
				FRAMEWORK_SEARCH_PATHS = (
					"$(SDKROOT)/Developer/Library/Frameworks",
					"$(inherited)",
					"$(DEVELOPER_FRAMEWORKS_DIR)",
				);
				GCC_PRECOMPILE_PREFIX_HEADER = YES;
				GCC_PREFIX_HEADER = "Collegefeed/Collegefeed-Prefix.pch";
				INFOPLIST_FILE = "CollegefeedTests/CollegefeedTests-Info.plist";
				PRODUCT_NAME = "$(TARGET_NAME)";
				TEST_HOST = "$(BUNDLE_LOADER)";
				WRAPPER_EXTENSION = xctest;
			};
			name = Release;
		};
/* End XCBuildConfiguration section */

/* Begin XCConfigurationList section */
		53F8788819133F60002A578B /* Build configuration list for PBXProject "Collegefeed" */ = {
			isa = XCConfigurationList;
			buildConfigurations = (
				53F878C319133F60002A578B /* Debug */,
				53F878C419133F60002A578B /* Release */,
			);
			defaultConfigurationIsVisible = 0;
			defaultConfigurationName = Release;
		};
		53F878C519133F60002A578B /* Build configuration list for PBXNativeTarget "Collegefeed" */ = {
			isa = XCConfigurationList;
			buildConfigurations = (
				53F878C619133F60002A578B /* Debug */,
				53F878C719133F60002A578B /* Release */,
			);
			defaultConfigurationIsVisible = 0;
			defaultConfigurationName = Release;
		};
		53F878C819133F60002A578B /* Build configuration list for PBXNativeTarget "CollegefeedTests" */ = {
			isa = XCConfigurationList;
			buildConfigurations = (
				53F878C919133F60002A578B /* Debug */,
				53F878CA19133F60002A578B /* Release */,
			);
			defaultConfigurationIsVisible = 0;
			defaultConfigurationName = Release;
		};
/* End XCConfigurationList section */
	};
	rootObject = 53F8788519133F60002A578B /* Project object */;
}
