// !$*UTF8*$!
{
	archiveVersion = 1;
	classes = {
	};
	objectVersion = 46;
	objects = {

/* Begin PBXBuildFile section */
		5308D2BD193552C600D70C1A /* Shared.m in Sources */ = {isa = PBXBuildFile; fileRef = 5308D2BC193552C600D70C1A /* Shared.m */; };
		532706E2191378EF00F5EAB9 /* PostDataController.m in Sources */ = {isa = PBXBuildFile; fileRef = 532706E1191378EF00F5EAB9 /* PostDataController.m */; };
		533475891922B88300E84CC8 /* TTTAttributedLabel.m in Sources */ = {isa = PBXBuildFile; fileRef = 533475881922B88300E84CC8 /* TTTAttributedLabel.m */; };
		5334758C1922D9B700E84CC8 /* TagViewController.m in Sources */ = {isa = PBXBuildFile; fileRef = 5334758B1922D9B700E84CC8 /* TagViewController.m */; };
		533475A41923344100E84CC8 /* TableCell.m in Sources */ = {isa = PBXBuildFile; fileRef = 533475A21923344100E84CC8 /* TableCell.m */; };
		533475A51923344100E84CC8 /* TableCell.xib in Resources */ = {isa = PBXBuildFile; fileRef = 533475A31923344100E84CC8 /* TableCell.xib */; };
		5390A91D1914B76800ACD082 /* arrowdown.png in Resources */ = {isa = PBXBuildFile; fileRef = 5390A9141914B76800ACD082 /* arrowdown.png */; };
		5390A91E1914B76800ACD082 /* arrowdownred.png in Resources */ = {isa = PBXBuildFile; fileRef = 5390A9151914B76800ACD082 /* arrowdownred.png */; };
		5390A91F1914B76800ACD082 /* arrowup.png in Resources */ = {isa = PBXBuildFile; fileRef = 5390A9161914B76800ACD082 /* arrowup.png */; };
		5390A9201914B76800ACD082 /* arrowupblue.png in Resources */ = {isa = PBXBuildFile; fileRef = 5390A9171914B76800ACD082 /* arrowupblue.png */; };
		5390A9221914B76800ACD082 /* collegefeedlogosmall.png in Resources */ = {isa = PBXBuildFile; fileRef = 5390A9191914B76800ACD082 /* collegefeedlogosmall.png */; };
		5390A9241914B76800ACD082 /* postbuttonclick.xml in Resources */ = {isa = PBXBuildFile; fileRef = 5390A91B1914B76800ACD082 /* postbuttonclick.xml */; };
		5390A92C19153EBE00ACD082 /* CommentDataController.m in Sources */ = {isa = PBXBuildFile; fileRef = 5390A92B19153EBE00ACD082 /* CommentDataController.m */; };
		5390A93B191552AE00ACD082 /* CommentViewController.m in Sources */ = {isa = PBXBuildFile; fileRef = 5390A93A191552AE00ACD082 /* CommentViewController.m */; };
		5390A94119158E0E00ACD082 /* ViewControllerTests.m in Sources */ = {isa = PBXBuildFile; fileRef = 5390A94019158E0E00ACD082 /* ViewControllerTests.m */; };
		5390A94319158E1A00ACD082 /* DataControllerTests.m in Sources */ = {isa = PBXBuildFile; fileRef = 5390A94219158E1A00ACD082 /* DataControllerTests.m */; };
		53963DE71916E5F50084E646 /* PostsViewController.m in Sources */ = {isa = PBXBuildFile; fileRef = 53963DE61916E5F50084E646 /* PostsViewController.m */; };
		53AE73601925B53900BE6B02 /* TagDataController.m in Sources */ = {isa = PBXBuildFile; fileRef = 53AE735F1925B53900BE6B02 /* TagDataController.m */; };
		53AE736A1925CFA800BE6B02 /* CollegeDataController.m in Sources */ = {isa = PBXBuildFile; fileRef = 53AE73691925CFA800BE6B02 /* CollegeDataController.m */; };
		53AE736D1925D46300BE6B02 /* CollegeViewController.m in Sources */ = {isa = PBXBuildFile; fileRef = 53AE736C1925D46300BE6B02 /* CollegeViewController.m */; };
		53AE73C3192802BD00BE6B02 /* ModelTests.m in Sources */ = {isa = PBXBuildFile; fileRef = 53AE73C2192802BD00BE6B02 /* ModelTests.m */; };
		53AE73C51928208100BE6B02 /* Votable.m in Sources */ = {isa = PBXBuildFile; fileRef = 53AE73C41928208100BE6B02 /* Votable.m */; };
		53AE73C71928354F00BE6B02 /* DataController.m in Sources */ = {isa = PBXBuildFile; fileRef = 53AE73C61928354F00BE6B02 /* DataController.m */; };
		53AE73CB19283A9D00BE6B02 /* VoteDataController.m in Sources */ = {isa = PBXBuildFile; fileRef = 53AE73CA19283A9D00BE6B02 /* VoteDataController.m */; };
		53B1FDFD19254E4700905E49 /* MasterView.xib in Resources */ = {isa = PBXBuildFile; fileRef = 53B1FDFC19254E4700905E49 /* MasterView.xib */; };
		53B1FE0019254E8F00905E49 /* MasterViewController.m in Sources */ = {isa = PBXBuildFile; fileRef = 53B1FDFF19254E8F00905E49 /* MasterViewController.m */; };
		53BDB4CE192F3E4400F45D5C /* CoreLocation.framework in Frameworks */ = {isa = PBXBuildFile; fileRef = 53BDB4CD192F3E4400F45D5C /* CoreLocation.framework */; };
		53BDB4D3192F4E6700F45D5C /* CollegePickerViewController.m in Sources */ = {isa = PBXBuildFile; fileRef = 53BDB4D1192F4E6600F45D5C /* CollegePickerViewController.m */; };
		53BDB4D4192F4E6700F45D5C /* CollegePickerViewController.xib in Resources */ = {isa = PBXBuildFile; fileRef = 53BDB4D2192F4E6600F45D5C /* CollegePickerViewController.xib */; };
		53BDB4D61930669100F45D5C /* top.png in Resources */ = {isa = PBXBuildFile; fileRef = 53BDB4D51930669100F45D5C /* top.png */; };
		53BDB4DA1930688200F45D5C /* colleges.png in Resources */ = {isa = PBXBuildFile; fileRef = 53BDB4D71930688200F45D5C /* colleges.png */; };
		53BDB4DB1930688200F45D5C /* new.png in Resources */ = {isa = PBXBuildFile; fileRef = 53BDB4D81930688200F45D5C /* new.png */; };
		53BDB4DC1930688200F45D5C /* tags.png in Resources */ = {isa = PBXBuildFile; fileRef = 53BDB4D91930688200F45D5C /* tags.png */; };
		53D2AD0719189E9E0097C840 /* Comment.m in Sources */ = {isa = PBXBuildFile; fileRef = 53D2AD0619189E9E0097C840 /* Comment.m */; };
		53D2AD0B19189EC60097C840 /* Post.m in Sources */ = {isa = PBXBuildFile; fileRef = 53D2AD0A19189EC60097C840 /* Post.m */; };
		53D2AD0E19189F740097C840 /* Vote.m in Sources */ = {isa = PBXBuildFile; fileRef = 53D2AD0D19189F740097C840 /* Vote.m */; };
		53D2AD111918A22A0097C840 /* Tag.m in Sources */ = {isa = PBXBuildFile; fileRef = 53D2AD101918A22A0097C840 /* Tag.m */; };
		53D2AD151918AAB80097C840 /* College.m in Sources */ = {isa = PBXBuildFile; fileRef = 53D2AD141918AAB80097C840 /* College.m */; };
		53F8789119133F60002A578B /* Foundation.framework in Frameworks */ = {isa = PBXBuildFile; fileRef = 53F8789019133F60002A578B /* Foundation.framework */; };
		53F8789319133F60002A578B /* CoreGraphics.framework in Frameworks */ = {isa = PBXBuildFile; fileRef = 53F8789219133F60002A578B /* CoreGraphics.framework */; };
		53F8789519133F60002A578B /* UIKit.framework in Frameworks */ = {isa = PBXBuildFile; fileRef = 53F8789419133F60002A578B /* UIKit.framework */; };
		53F8789B19133F60002A578B /* InfoPlist.strings in Resources */ = {isa = PBXBuildFile; fileRef = 53F8789919133F60002A578B /* InfoPlist.strings */; };
		53F8789D19133F60002A578B /* main.m in Sources */ = {isa = PBXBuildFile; fileRef = 53F8789C19133F60002A578B /* main.m */; };
		53F878A119133F60002A578B /* AppDelegate.m in Sources */ = {isa = PBXBuildFile; fileRef = 53F878A019133F60002A578B /* AppDelegate.m */; };
		53F878AF19133F60002A578B /* Images.xcassets in Resources */ = {isa = PBXBuildFile; fileRef = 53F878AE19133F60002A578B /* Images.xcassets */; };
		53F878B619133F60002A578B /* XCTest.framework in Frameworks */ = {isa = PBXBuildFile; fileRef = 53F878B519133F60002A578B /* XCTest.framework */; };
		53F878B719133F60002A578B /* Foundation.framework in Frameworks */ = {isa = PBXBuildFile; fileRef = 53F8789019133F60002A578B /* Foundation.framework */; };
		53F878B819133F60002A578B /* UIKit.framework in Frameworks */ = {isa = PBXBuildFile; fileRef = 53F8789419133F60002A578B /* UIKit.framework */; };
		53F878C019133F60002A578B /* InfoPlist.strings in Resources */ = {isa = PBXBuildFile; fileRef = 53F878BE19133F60002A578B /* InfoPlist.strings */; };
		53F878C219133F60002A578B /* CollegefeedTests.m in Sources */ = {isa = PBXBuildFile; fileRef = 53F878C119133F60002A578B /* CollegefeedTests.m */; };
/* End PBXBuildFile section */

/* Begin PBXContainerItemProxy section */
		53F878B919133F60002A578B /* PBXContainerItemProxy */ = {
			isa = PBXContainerItemProxy;
			containerPortal = 53F8788519133F60002A578B /* Project object */;
			proxyType = 1;
			remoteGlobalIDString = 53F8788C19133F60002A578B;
			remoteInfo = Collegefeed;
		};
/* End PBXContainerItemProxy section */

/* Begin PBXFileReference section */
		5308D2BB193552C600D70C1A /* Shared.h */ = {isa = PBXFileReference; fileEncoding = 4; lastKnownFileType = sourcecode.c.h; path = Shared.h; sourceTree = "<group>"; };
		5308D2BC193552C600D70C1A /* Shared.m */ = {isa = PBXFileReference; fileEncoding = 4; lastKnownFileType = sourcecode.c.objc; path = Shared.m; sourceTree = "<group>"; };
		532706E0191378EF00F5EAB9 /* PostDataController.h */ = {isa = PBXFileReference; fileEncoding = 4; lastKnownFileType = sourcecode.c.h; path = PostDataController.h; sourceTree = "<group>"; };
		532706E1191378EF00F5EAB9 /* PostDataController.m */ = {isa = PBXFileReference; fileEncoding = 4; lastKnownFileType = sourcecode.c.objc; lineEnding = 0; path = PostDataController.m; sourceTree = "<group>"; xcLanguageSpecificationIdentifier = xcode.lang.objc; };
		533475871922B88300E84CC8 /* TTTAttributedLabel.h */ = {isa = PBXFileReference; fileEncoding = 4; lastKnownFileType = sourcecode.c.h; path = TTTAttributedLabel.h; sourceTree = "<group>"; };
		533475881922B88300E84CC8 /* TTTAttributedLabel.m */ = {isa = PBXFileReference; fileEncoding = 4; lastKnownFileType = sourcecode.c.objc; path = TTTAttributedLabel.m; sourceTree = "<group>"; };
		5334758A1922D9B700E84CC8 /* TagViewController.h */ = {isa = PBXFileReference; fileEncoding = 4; lastKnownFileType = sourcecode.c.h; path = TagViewController.h; sourceTree = "<group>"; };
		5334758B1922D9B700E84CC8 /* TagViewController.m */ = {isa = PBXFileReference; fileEncoding = 4; lastKnownFileType = sourcecode.c.objc; path = TagViewController.m; sourceTree = "<group>"; };
		533475A11923344100E84CC8 /* TableCell.h */ = {isa = PBXFileReference; fileEncoding = 4; lastKnownFileType = sourcecode.c.h; name = TableCell.h; path = Collegefeed/TableCell.h; sourceTree = "<group>"; };
		533475A21923344100E84CC8 /* TableCell.m */ = {isa = PBXFileReference; fileEncoding = 4; lastKnownFileType = sourcecode.c.objc; name = TableCell.m; path = Collegefeed/TableCell.m; sourceTree = "<group>"; };
		533475A31923344100E84CC8 /* TableCell.xib */ = {isa = PBXFileReference; fileEncoding = 4; lastKnownFileType = file.xib; name = TableCell.xib; path = Collegefeed/TableCell.xib; sourceTree = "<group>"; };
		5390A9141914B76800ACD082 /* arrowdown.png */ = {isa = PBXFileReference; lastKnownFileType = image.png; path = arrowdown.png; sourceTree = "<group>"; };
		5390A9151914B76800ACD082 /* arrowdownred.png */ = {isa = PBXFileReference; lastKnownFileType = image.png; path = arrowdownred.png; sourceTree = "<group>"; };
		5390A9161914B76800ACD082 /* arrowup.png */ = {isa = PBXFileReference; lastKnownFileType = image.png; path = arrowup.png; sourceTree = "<group>"; };
		5390A9171914B76800ACD082 /* arrowupblue.png */ = {isa = PBXFileReference; lastKnownFileType = image.png; path = arrowupblue.png; sourceTree = "<group>"; };
		5390A9191914B76800ACD082 /* collegefeedlogosmall.png */ = {isa = PBXFileReference; lastKnownFileType = image.png; path = collegefeedlogosmall.png; sourceTree = "<group>"; };
		5390A91B1914B76800ACD082 /* postbuttonclick.xml */ = {isa = PBXFileReference; fileEncoding = 4; lastKnownFileType = text.xml; path = postbuttonclick.xml; sourceTree = "<group>"; };
		5390A92A19153EBE00ACD082 /* CommentDataController.h */ = {isa = PBXFileReference; fileEncoding = 4; lastKnownFileType = sourcecode.c.h; path = CommentDataController.h; sourceTree = "<group>"; };
		5390A92B19153EBE00ACD082 /* CommentDataController.m */ = {isa = PBXFileReference; fileEncoding = 4; lastKnownFileType = sourcecode.c.objc; path = CommentDataController.m; sourceTree = "<group>"; };
		5390A939191552AE00ACD082 /* CommentViewController.h */ = {isa = PBXFileReference; fileEncoding = 4; lastKnownFileType = sourcecode.c.h; path = CommentViewController.h; sourceTree = "<group>"; };
		5390A93A191552AE00ACD082 /* CommentViewController.m */ = {isa = PBXFileReference; fileEncoding = 4; lastKnownFileType = sourcecode.c.objc; path = CommentViewController.m; sourceTree = "<group>"; };
		5390A94019158E0E00ACD082 /* ViewControllerTests.m */ = {isa = PBXFileReference; fileEncoding = 4; lastKnownFileType = sourcecode.c.objc; path = ViewControllerTests.m; sourceTree = "<group>"; };
		5390A94219158E1A00ACD082 /* DataControllerTests.m */ = {isa = PBXFileReference; fileEncoding = 4; lastKnownFileType = sourcecode.c.objc; path = DataControllerTests.m; sourceTree = "<group>"; };
		53963DE51916E5F50084E646 /* PostsViewController.h */ = {isa = PBXFileReference; fileEncoding = 4; lastKnownFileType = sourcecode.c.h; path = PostsViewController.h; sourceTree = "<group>"; };
		53963DE61916E5F50084E646 /* PostsViewController.m */ = {isa = PBXFileReference; fileEncoding = 4; lastKnownFileType = sourcecode.c.objc; lineEnding = 0; path = PostsViewController.m; sourceTree = "<group>"; xcLanguageSpecificationIdentifier = xcode.lang.objc; };
		53AE735E1925B53900BE6B02 /* TagDataController.h */ = {isa = PBXFileReference; fileEncoding = 4; lastKnownFileType = sourcecode.c.h; path = TagDataController.h; sourceTree = "<group>"; };
		53AE735F1925B53900BE6B02 /* TagDataController.m */ = {isa = PBXFileReference; fileEncoding = 4; lastKnownFileType = sourcecode.c.objc; path = TagDataController.m; sourceTree = "<group>"; };
		53AE73681925CFA800BE6B02 /* CollegeDataController.h */ = {isa = PBXFileReference; fileEncoding = 4; lastKnownFileType = sourcecode.c.h; path = CollegeDataController.h; sourceTree = "<group>"; };
		53AE73691925CFA800BE6B02 /* CollegeDataController.m */ = {isa = PBXFileReference; fileEncoding = 4; lastKnownFileType = sourcecode.c.objc; path = CollegeDataController.m; sourceTree = "<group>"; };
		53AE736B1925D46300BE6B02 /* CollegeViewController.h */ = {isa = PBXFileReference; fileEncoding = 4; lastKnownFileType = sourcecode.c.h; path = CollegeViewController.h; sourceTree = "<group>"; };
		53AE736C1925D46300BE6B02 /* CollegeViewController.m */ = {isa = PBXFileReference; fileEncoding = 4; lastKnownFileType = sourcecode.c.objc; path = CollegeViewController.m; sourceTree = "<group>"; };
		53AE73BC1927ED6600BE6B02 /* DataController.h */ = {isa = PBXFileReference; fileEncoding = 4; lastKnownFileType = sourcecode.c.h; path = DataController.h; sourceTree = "<group>"; };
		53AE73BF1927FBA700BE6B02 /* Votable.h */ = {isa = PBXFileReference; fileEncoding = 4; lastKnownFileType = sourcecode.c.h; path = Votable.h; sourceTree = "<group>"; };
		53AE73C2192802BD00BE6B02 /* ModelTests.m */ = {isa = PBXFileReference; fileEncoding = 4; lastKnownFileType = sourcecode.c.objc; path = ModelTests.m; sourceTree = "<group>"; };
		53AE73C41928208100BE6B02 /* Votable.m */ = {isa = PBXFileReference; fileEncoding = 4; lastKnownFileType = sourcecode.c.objc; path = Votable.m; sourceTree = "<group>"; };
		53AE73C61928354F00BE6B02 /* DataController.m */ = {isa = PBXFileReference; fileEncoding = 4; lastKnownFileType = sourcecode.c.objc; path = DataController.m; sourceTree = "<group>"; };
		53AE73C919283A9D00BE6B02 /* VoteDataController.h */ = {isa = PBXFileReference; fileEncoding = 4; lastKnownFileType = sourcecode.c.h; path = VoteDataController.h; sourceTree = "<group>"; };
		53AE73CA19283A9D00BE6B02 /* VoteDataController.m */ = {isa = PBXFileReference; fileEncoding = 4; lastKnownFileType = sourcecode.c.objc; path = VoteDataController.m; sourceTree = "<group>"; };
		53B1FDFC19254E4700905E49 /* MasterView.xib */ = {isa = PBXFileReference; fileEncoding = 4; lastKnownFileType = file.xib; path = MasterView.xib; sourceTree = "<group>"; };
		53B1FDFE19254E8F00905E49 /* MasterViewController.h */ = {isa = PBXFileReference; fileEncoding = 4; lastKnownFileType = sourcecode.c.h; path = MasterViewController.h; sourceTree = "<group>"; };
		53B1FDFF19254E8F00905E49 /* MasterViewController.m */ = {isa = PBXFileReference; fileEncoding = 4; lastKnownFileType = sourcecode.c.objc; path = MasterViewController.m; sourceTree = "<group>"; };
		53BDB4CD192F3E4400F45D5C /* CoreLocation.framework */ = {isa = PBXFileReference; lastKnownFileType = wrapper.framework; name = CoreLocation.framework; path = System/Library/Frameworks/CoreLocation.framework; sourceTree = SDKROOT; };
		53BDB4D0192F4E6600F45D5C /* CollegePickerViewController.h */ = {isa = PBXFileReference; fileEncoding = 4; lastKnownFileType = sourcecode.c.h; path = CollegePickerViewController.h; sourceTree = "<group>"; };
		53BDB4D1192F4E6600F45D5C /* CollegePickerViewController.m */ = {isa = PBXFileReference; fileEncoding = 4; lastKnownFileType = sourcecode.c.objc; path = CollegePickerViewController.m; sourceTree = "<group>"; };
		53BDB4D2192F4E6600F45D5C /* CollegePickerViewController.xib */ = {isa = PBXFileReference; fileEncoding = 4; lastKnownFileType = file.xib; path = CollegePickerViewController.xib; sourceTree = "<group>"; };
		53BDB4D51930669100F45D5C /* top.png */ = {isa = PBXFileReference; lastKnownFileType = image.png; path = top.png; sourceTree = "<group>"; };
		53BDB4D71930688200F45D5C /* colleges.png */ = {isa = PBXFileReference; lastKnownFileType = image.png; path = colleges.png; sourceTree = "<group>"; };
		53BDB4D81930688200F45D5C /* new.png */ = {isa = PBXFileReference; lastKnownFileType = image.png; path = new.png; sourceTree = "<group>"; };
		53BDB4D91930688200F45D5C /* tags.png */ = {isa = PBXFileReference; lastKnownFileType = image.png; path = tags.png; sourceTree = "<group>"; };
		53D2AD0519189E9E0097C840 /* Comment.h */ = {isa = PBXFileReference; fileEncoding = 4; lastKnownFileType = sourcecode.c.h; path = Comment.h; sourceTree = "<group>"; };
		53D2AD0619189E9E0097C840 /* Comment.m */ = {isa = PBXFileReference; fileEncoding = 4; lastKnownFileType = sourcecode.c.objc; path = Comment.m; sourceTree = "<group>"; };
		53D2AD0919189EC60097C840 /* Post.h */ = {isa = PBXFileReference; fileEncoding = 4; lastKnownFileType = sourcecode.c.h; path = Post.h; sourceTree = "<group>"; };
		53D2AD0A19189EC60097C840 /* Post.m */ = {isa = PBXFileReference; fileEncoding = 4; lastKnownFileType = sourcecode.c.objc; path = Post.m; sourceTree = "<group>"; };
		53D2AD0C19189F740097C840 /* Vote.h */ = {isa = PBXFileReference; fileEncoding = 4; lastKnownFileType = sourcecode.c.h; path = Vote.h; sourceTree = "<group>"; };
		53D2AD0D19189F740097C840 /* Vote.m */ = {isa = PBXFileReference; fileEncoding = 4; lastKnownFileType = sourcecode.c.objc; path = Vote.m; sourceTree = "<group>"; };
		53D2AD0F1918A22A0097C840 /* Tag.h */ = {isa = PBXFileReference; fileEncoding = 4; lastKnownFileType = sourcecode.c.h; path = Tag.h; sourceTree = "<group>"; };
		53D2AD101918A22A0097C840 /* Tag.m */ = {isa = PBXFileReference; fileEncoding = 4; lastKnownFileType = sourcecode.c.objc; path = Tag.m; sourceTree = "<group>"; };
		53D2AD121918A7760097C840 /* Constants.h */ = {isa = PBXFileReference; fileEncoding = 4; lastKnownFileType = sourcecode.c.h; path = Constants.h; sourceTree = "<group>"; };
		53D2AD131918AAB80097C840 /* College.h */ = {isa = PBXFileReference; fileEncoding = 4; lastKnownFileType = sourcecode.c.h; path = College.h; sourceTree = "<group>"; };
		53D2AD141918AAB80097C840 /* College.m */ = {isa = PBXFileReference; fileEncoding = 4; lastKnownFileType = sourcecode.c.objc; path = College.m; sourceTree = "<group>"; };
		53F8788D19133F60002A578B /* Collegefeed.app */ = {isa = PBXFileReference; explicitFileType = wrapper.application; includeInIndex = 0; path = Collegefeed.app; sourceTree = BUILT_PRODUCTS_DIR; };
		53F8789019133F60002A578B /* Foundation.framework */ = {isa = PBXFileReference; lastKnownFileType = wrapper.framework; name = Foundation.framework; path = System/Library/Frameworks/Foundation.framework; sourceTree = SDKROOT; };
		53F8789219133F60002A578B /* CoreGraphics.framework */ = {isa = PBXFileReference; lastKnownFileType = wrapper.framework; name = CoreGraphics.framework; path = System/Library/Frameworks/CoreGraphics.framework; sourceTree = SDKROOT; };
		53F8789419133F60002A578B /* UIKit.framework */ = {isa = PBXFileReference; lastKnownFileType = wrapper.framework; name = UIKit.framework; path = System/Library/Frameworks/UIKit.framework; sourceTree = SDKROOT; };
		53F8789819133F60002A578B /* Collegefeed-Info.plist */ = {isa = PBXFileReference; lastKnownFileType = text.plist.xml; path = "Collegefeed-Info.plist"; sourceTree = "<group>"; };
		53F8789A19133F60002A578B /* en */ = {isa = PBXFileReference; lastKnownFileType = text.plist.strings; name = en; path = en.lproj/InfoPlist.strings; sourceTree = "<group>"; };
		53F8789C19133F60002A578B /* main.m */ = {isa = PBXFileReference; lastKnownFileType = sourcecode.c.objc; path = main.m; sourceTree = "<group>"; };
		53F8789E19133F60002A578B /* Collegefeed-Prefix.pch */ = {isa = PBXFileReference; lastKnownFileType = sourcecode.c.h; path = "Collegefeed-Prefix.pch"; sourceTree = "<group>"; };
		53F8789F19133F60002A578B /* AppDelegate.h */ = {isa = PBXFileReference; lastKnownFileType = sourcecode.c.h; path = AppDelegate.h; sourceTree = "<group>"; };
		53F878A019133F60002A578B /* AppDelegate.m */ = {isa = PBXFileReference; lastKnownFileType = sourcecode.c.objc; path = AppDelegate.m; sourceTree = "<group>"; };
		53F878AE19133F60002A578B /* Images.xcassets */ = {isa = PBXFileReference; lastKnownFileType = folder.assetcatalog; path = Images.xcassets; sourceTree = "<group>"; };
		53F878B419133F60002A578B /* CollegefeedTests.xctest */ = {isa = PBXFileReference; explicitFileType = wrapper.cfbundle; includeInIndex = 0; path = CollegefeedTests.xctest; sourceTree = BUILT_PRODUCTS_DIR; };
		53F878B519133F60002A578B /* XCTest.framework */ = {isa = PBXFileReference; lastKnownFileType = wrapper.framework; name = XCTest.framework; path = Library/Frameworks/XCTest.framework; sourceTree = DEVELOPER_DIR; };
		53F878BD19133F60002A578B /* CollegefeedTests-Info.plist */ = {isa = PBXFileReference; lastKnownFileType = text.plist.xml; path = "CollegefeedTests-Info.plist"; sourceTree = "<group>"; };
		53F878BF19133F60002A578B /* en */ = {isa = PBXFileReference; lastKnownFileType = text.plist.strings; name = en; path = en.lproj/InfoPlist.strings; sourceTree = "<group>"; };
		53F878C119133F60002A578B /* CollegefeedTests.m */ = {isa = PBXFileReference; lastKnownFileType = sourcecode.c.objc; path = CollegefeedTests.m; sourceTree = "<group>"; };
		53FA791219381A4F00EF246E /* ChildCellDelegate.h */ = {isa = PBXFileReference; lastKnownFileType = sourcecode.c.h; path = ChildCellDelegate.h; sourceTree = "<group>"; };
		53FA791419381B2C00EF246E /* MasterViewDelegate.h */ = {isa = PBXFileReference; lastKnownFileType = sourcecode.c.h; path = MasterViewDelegate.h; sourceTree = "<group>"; };
/* End PBXFileReference section */

/* Begin PBXFrameworksBuildPhase section */
		53F8788A19133F60002A578B /* Frameworks */ = {
			isa = PBXFrameworksBuildPhase;
			buildActionMask = 2147483647;
			files = (
				53BDB4CE192F3E4400F45D5C /* CoreLocation.framework in Frameworks */,
				53F8789319133F60002A578B /* CoreGraphics.framework in Frameworks */,
				53F8789519133F60002A578B /* UIKit.framework in Frameworks */,
				53F8789119133F60002A578B /* Foundation.framework in Frameworks */,
			);
			runOnlyForDeploymentPostprocessing = 0;
		};
		53F878B119133F60002A578B /* Frameworks */ = {
			isa = PBXFrameworksBuildPhase;
			buildActionMask = 2147483647;
			files = (
				53F878B619133F60002A578B /* XCTest.framework in Frameworks */,
				53F878B819133F60002A578B /* UIKit.framework in Frameworks */,
				53F878B719133F60002A578B /* Foundation.framework in Frameworks */,
			);
			runOnlyForDeploymentPostprocessing = 0;
		};
/* End PBXFrameworksBuildPhase section */

/* Begin PBXGroup section */
		533475A019232A4A00E84CC8 /* TableCell */ = {
			isa = PBXGroup;
			children = (
				533475A11923344100E84CC8 /* TableCell.h */,
				533475A21923344100E84CC8 /* TableCell.m */,
				533475A31923344100E84CC8 /* TableCell.xib */,
			);
			name = TableCell;
			path = ..;
			sourceTree = "<group>";
		};
		5390A9131914B76800ACD082 /* Images */ = {
			isa = PBXGroup;
			children = (
				53BDB4D71930688200F45D5C /* colleges.png */,
				53BDB4D81930688200F45D5C /* new.png */,
				53BDB4D91930688200F45D5C /* tags.png */,
				53BDB4D51930669100F45D5C /* top.png */,
				5390A9141914B76800ACD082 /* arrowdown.png */,
				5390A9151914B76800ACD082 /* arrowdownred.png */,
				5390A9161914B76800ACD082 /* arrowup.png */,
				5390A9171914B76800ACD082 /* arrowupblue.png */,
				5390A9191914B76800ACD082 /* collegefeedlogosmall.png */,
				5390A91B1914B76800ACD082 /* postbuttonclick.xml */,
			);
			path = Images;
			sourceTree = "<group>";
		};
		53AE73BA1927EB8F00BE6B02 /* Interfaces */ = {
			isa = PBXGroup;
			children = (
				53AE73BF1927FBA700BE6B02 /* Votable.h */,
				53AE73C41928208100BE6B02 /* Votable.m */,
			);
			name = Interfaces;
			sourceTree = "<group>";
		};
		53B090B5192DA13100E3D996 /* Views */ = {
			isa = PBXGroup;
			children = (
				53BDB4CF192F4E4300F45D5C /* CollegePicker */,
				533475A019232A4A00E84CC8 /* TableCell */,
				53B1FE0119254EB900905E49 /* MasterView */,
				53963DE51916E5F50084E646 /* PostsViewController.h */,
				53963DE61916E5F50084E646 /* PostsViewController.m */,
				5390A939191552AE00ACD082 /* CommentViewController.h */,
				5390A93A191552AE00ACD082 /* CommentViewController.m */,
				5334758A1922D9B700E84CC8 /* TagViewController.h */,
				5334758B1922D9B700E84CC8 /* TagViewController.m */,
				53AE736B1925D46300BE6B02 /* CollegeViewController.h */,
				53AE736C1925D46300BE6B02 /* CollegeViewController.m */,
			);
			name = Views;
			sourceTree = "<group>";
		};
		53B090B6192DA13D00E3D996 /* Models */ = {
			isa = PBXGroup;
			children = (
				53AE73BA1927EB8F00BE6B02 /* Interfaces */,
				53D2AD0919189EC60097C840 /* Post.h */,
				53D2AD0A19189EC60097C840 /* Post.m */,
				53D2AD0519189E9E0097C840 /* Comment.h */,
				53D2AD0619189E9E0097C840 /* Comment.m */,
				53D2AD0C19189F740097C840 /* Vote.h */,
				53D2AD0D19189F740097C840 /* Vote.m */,
				53D2AD131918AAB80097C840 /* College.h */,
				53D2AD141918AAB80097C840 /* College.m */,
				53D2AD0F1918A22A0097C840 /* Tag.h */,
				53D2AD101918A22A0097C840 /* Tag.m */,
			);
			name = Models;
			sourceTree = "<group>";
		};
		53B090B7192DA14400E3D996 /* DataControllers */ = {
			isa = PBXGroup;
			children = (
				53AE73BC1927ED6600BE6B02 /* DataController.h */,
				53AE73C61928354F00BE6B02 /* DataController.m */,
				532706E0191378EF00F5EAB9 /* PostDataController.h */,
				532706E1191378EF00F5EAB9 /* PostDataController.m */,
				5390A92A19153EBE00ACD082 /* CommentDataController.h */,
				5390A92B19153EBE00ACD082 /* CommentDataController.m */,
				53AE73C919283A9D00BE6B02 /* VoteDataController.h */,
				53AE73CA19283A9D00BE6B02 /* VoteDataController.m */,
				53AE73681925CFA800BE6B02 /* CollegeDataController.h */,
				53AE73691925CFA800BE6B02 /* CollegeDataController.m */,
				53AE735E1925B53900BE6B02 /* TagDataController.h */,
				53AE735F1925B53900BE6B02 /* TagDataController.m */,
			);
			name = DataControllers;
			sourceTree = "<group>";
		};
		53B090B8192DA1FA00E3D996 /* Source Code */ = {
			isa = PBXGroup;
			children = (
				53F8789F19133F60002A578B /* AppDelegate.h */,
				53F878A019133F60002A578B /* AppDelegate.m */,
				53B090B6192DA13D00E3D996 /* Models */,
				53B090B7192DA14400E3D996 /* DataControllers */,
				53B090B5192DA13100E3D996 /* Views */,
			);
			name = "Source Code";
			sourceTree = "<group>";
		};
		53B090B9192DA21600E3D996 /* Resources */ = {
			isa = PBXGroup;
			children = (
				53F878AE19133F60002A578B /* Images.xcassets */,
				53F8789719133F60002A578B /* Supporting Files */,
				5390A9131914B76800ACD082 /* Images */,
			);
			name = Resources;
			sourceTree = "<group>";
		};
		53B1FE0119254EB900905E49 /* MasterView */ = {
			isa = PBXGroup;
			children = (
				53B1FDFE19254E8F00905E49 /* MasterViewController.h */,
				53B1FDFF19254E8F00905E49 /* MasterViewController.m */,
				53B1FDFC19254E4700905E49 /* MasterView.xib */,
			);
			name = MasterView;
			sourceTree = "<group>";
		};
		53BDB4CF192F4E4300F45D5C /* CollegePicker */ = {
			isa = PBXGroup;
			children = (
				53BDB4D0192F4E6600F45D5C /* CollegePickerViewController.h */,
				53BDB4D1192F4E6600F45D5C /* CollegePickerViewController.m */,
				53BDB4D2192F4E6600F45D5C /* CollegePickerViewController.xib */,
			);
			name = CollegePicker;
			sourceTree = "<group>";
		};
		53F8788419133F60002A578B = {
			isa = PBXGroup;
			children = (
				53F8789619133F60002A578B /* Collegefeed */,
				53F878BB19133F60002A578B /* CollegefeedTests */,
				53F8788F19133F60002A578B /* Frameworks */,
				53F8788E19133F60002A578B /* Products */,
			);
			sourceTree = "<group>";
		};
		53F8788E19133F60002A578B /* Products */ = {
			isa = PBXGroup;
			children = (
				53F8788D19133F60002A578B /* Collegefeed.app */,
				53F878B419133F60002A578B /* CollegefeedTests.xctest */,
			);
			name = Products;
			sourceTree = "<group>";
		};
		53F8788F19133F60002A578B /* Frameworks */ = {
			isa = PBXGroup;
			children = (
				53BDB4CD192F3E4400F45D5C /* CoreLocation.framework */,
				53F8789019133F60002A578B /* Foundation.framework */,
				53F8789219133F60002A578B /* CoreGraphics.framework */,
				53F8789419133F60002A578B /* UIKit.framework */,
				53F878B519133F60002A578B /* XCTest.framework */,
			);
			name = Frameworks;
			sourceTree = "<group>";
		};
		53F8789619133F60002A578B /* Collegefeed */ = {
			isa = PBXGroup;
			children = (
				53B090B8192DA1FA00E3D996 /* Source Code */,
				53B090B9192DA21600E3D996 /* Resources */,
			);
			path = Collegefeed;
			sourceTree = "<group>";
		};
		53F8789719133F60002A578B /* Supporting Files */ = {
			isa = PBXGroup;
			children = (
				53FA791319381A5F00EF246E /* Protocols */,
				5308D2BB193552C600D70C1A /* Shared.h */,
				5308D2BC193552C600D70C1A /* Shared.m */,
				53D2AD121918A7760097C840 /* Constants.h */,
				533475871922B88300E84CC8 /* TTTAttributedLabel.h */,
				533475881922B88300E84CC8 /* TTTAttributedLabel.m */,
				53F8789819133F60002A578B /* Collegefeed-Info.plist */,
				53F8789919133F60002A578B /* InfoPlist.strings */,
				53F8789C19133F60002A578B /* main.m */,
				53F8789E19133F60002A578B /* Collegefeed-Prefix.pch */,
			);
			name = "Supporting Files";
			sourceTree = "<group>";
		};
		53F878BB19133F60002A578B /* CollegefeedTests */ = {
			isa = PBXGroup;
			children = (
				5390A94219158E1A00ACD082 /* DataControllerTests.m */,
				5390A94019158E0E00ACD082 /* ViewControllerTests.m */,
				53F878C119133F60002A578B /* CollegefeedTests.m */,
				53AE73C2192802BD00BE6B02 /* ModelTests.m */,
				53F878BC19133F60002A578B /* Supporting Files */,
			);
			path = CollegefeedTests;
			sourceTree = "<group>";
		};
		53F878BC19133F60002A578B /* Supporting Files */ = {
			isa = PBXGroup;
			children = (
				53F878BD19133F60002A578B /* CollegefeedTests-Info.plist */,
				53F878BE19133F60002A578B /* InfoPlist.strings */,
			);
			name = "Supporting Files";
			sourceTree = "<group>";
		};
		53FA791319381A5F00EF246E /* Protocols */ = {
			isa = PBXGroup;
			children = (
				53FA791219381A4F00EF246E /* ChildCellDelegate.h */,
				53FA791419381B2C00EF246E /* MasterViewDelegate.h */,
			);
			name = Protocols;
			sourceTree = "<group>";
		};
/* End PBXGroup section */

/* Begin PBXNativeTarget section */
		53F8788C19133F60002A578B /* Collegefeed */ = {
			isa = PBXNativeTarget;
			buildConfigurationList = 53F878C519133F60002A578B /* Build configuration list for PBXNativeTarget "Collegefeed" */;
			buildPhases = (
				53F8788919133F60002A578B /* Sources */,
				53F8788A19133F60002A578B /* Frameworks */,
				53F8788B19133F60002A578B /* Resources */,
			);
			buildRules = (
			);
			dependencies = (
			);
			name = Collegefeed;
			productName = Collegefeed;
			productReference = 53F8788D19133F60002A578B /* Collegefeed.app */;
			productType = "com.apple.product-type.application";
		};
		53F878B319133F60002A578B /* CollegefeedTests */ = {
			isa = PBXNativeTarget;
			buildConfigurationList = 53F878C819133F60002A578B /* Build configuration list for PBXNativeTarget "CollegefeedTests" */;
			buildPhases = (
				53F878B019133F60002A578B /* Sources */,
				53F878B119133F60002A578B /* Frameworks */,
				53F878B219133F60002A578B /* Resources */,
			);
			buildRules = (
			);
			dependencies = (
				53F878BA19133F60002A578B /* PBXTargetDependency */,
			);
			name = CollegefeedTests;
			productName = CollegefeedTests;
			productReference = 53F878B419133F60002A578B /* CollegefeedTests.xctest */;
			productType = "com.apple.product-type.bundle.unit-test";
		};
/* End PBXNativeTarget section */

/* Begin PBXProject section */
		53F8788519133F60002A578B /* Project object */ = {
			isa = PBXProject;
			attributes = {
				LastUpgradeCheck = 0510;
				ORGANIZATIONNAME = Appuccino;
				TargetAttributes = {
					53F878B319133F60002A578B = {
						TestTargetID = 53F8788C19133F60002A578B;
					};
				};
			};
			buildConfigurationList = 53F8788819133F60002A578B /* Build configuration list for PBXProject "Collegefeed" */;
			compatibilityVersion = "Xcode 3.2";
			developmentRegion = English;
			hasScannedForEncodings = 0;
			knownRegions = (
				en,
				Base,
			);
			mainGroup = 53F8788419133F60002A578B;
			productRefGroup = 53F8788E19133F60002A578B /* Products */;
			projectDirPath = "";
			projectRoot = "";
			targets = (
				53F8788C19133F60002A578B /* Collegefeed */,
				53F878B319133F60002A578B /* CollegefeedTests */,
			);
		};
/* End PBXProject section */

/* Begin PBXResourcesBuildPhase section */
		53F8788B19133F60002A578B /* Resources */ = {
			isa = PBXResourcesBuildPhase;
			buildActionMask = 2147483647;
			files = (
				5390A9221914B76800ACD082 /* collegefeedlogosmall.png in Resources */,
				53BDB4D4192F4E6700F45D5C /* CollegePickerViewController.xib in Resources */,
				5390A91D1914B76800ACD082 /* arrowdown.png in Resources */,
				53B1FDFD19254E4700905E49 /* MasterView.xib in Resources */,
				5390A91E1914B76800ACD082 /* arrowdownred.png in Resources */,
				5390A9201914B76800ACD082 /* arrowupblue.png in Resources */,
				5390A9241914B76800ACD082 /* postbuttonclick.xml in Resources */,
				53F878AF19133F60002A578B /* Images.xcassets in Resources */,
				53BDB4DB1930688200F45D5C /* new.png in Resources */,
				53BDB4DA1930688200F45D5C /* colleges.png in Resources */,
				5390A91F1914B76800ACD082 /* arrowup.png in Resources */,
				53BDB4DC1930688200F45D5C /* tags.png in Resources */,
				53BDB4D61930669100F45D5C /* top.png in Resources */,
				53F8789B19133F60002A578B /* InfoPlist.strings in Resources */,
				533475A51923344100E84CC8 /* TableCell.xib in Resources */,
			);
			runOnlyForDeploymentPostprocessing = 0;
		};
		53F878B219133F60002A578B /* Resources */ = {
			isa = PBXResourcesBuildPhase;
			buildActionMask = 2147483647;
			files = (
				53F878C019133F60002A578B /* InfoPlist.strings in Resources */,
			);
			runOnlyForDeploymentPostprocessing = 0;
		};
/* End PBXResourcesBuildPhase section */

/* Begin PBXSourcesBuildPhase section */
		53F8788919133F60002A578B /* Sources */ = {
			isa = PBXSourcesBuildPhase;
			buildActionMask = 2147483647;
			files = (
				5390A93B191552AE00ACD082 /* CommentViewController.m in Sources */,
				53D2AD0719189E9E0097C840 /* Comment.m in Sources */,
				53AE736A1925CFA800BE6B02 /* CollegeDataController.m in Sources */,
				5308D2BD193552C600D70C1A /* Shared.m in Sources */,
				5334758C1922D9B700E84CC8 /* TagViewController.m in Sources */,
				53F878A119133F60002A578B /* AppDelegate.m in Sources */,
				53AE73C51928208100BE6B02 /* Votable.m in Sources */,
				532706E2191378EF00F5EAB9 /* PostDataController.m in Sources */,
				53D2AD111918A22A0097C840 /* Tag.m in Sources */,
				53BDB4D3192F4E6700F45D5C /* CollegePickerViewController.m in Sources */,
				53D2AD151918AAB80097C840 /* College.m in Sources */,
				53AE736D1925D46300BE6B02 /* CollegeViewController.m in Sources */,
				53AE73CB19283A9D00BE6B02 /* VoteDataController.m in Sources */,
				53B1FE0019254E8F00905E49 /* MasterViewController.m in Sources */,
				53AE73601925B53900BE6B02 /* TagDataController.m in Sources */,
				5390A92C19153EBE00ACD082 /* CommentDataController.m in Sources */,
				53AE73C71928354F00BE6B02 /* DataController.m in Sources */,
				533475A41923344100E84CC8 /* TableCell.m in Sources */,
				53D2AD0B19189EC60097C840 /* Post.m in Sources */,
				53963DE71916E5F50084E646 /* PostsViewController.m in Sources */,
				53F8789D19133F60002A578B /* main.m in Sources */,
				53D2AD0E19189F740097C840 /* Vote.m in Sources */,
				533475891922B88300E84CC8 /* TTTAttributedLabel.m in Sources */,
			);
			runOnlyForDeploymentPostprocessing = 0;
		};
		53F878B019133F60002A578B /* Sources */ = {
			isa = PBXSourcesBuildPhase;
			buildActionMask = 2147483647;
			files = (
				5390A94119158E0E00ACD082 /* ViewControllerTests.m in Sources */,
				53F878C219133F60002A578B /* CollegefeedTests.m in Sources */,
				5390A94319158E1A00ACD082 /* DataControllerTests.m in Sources */,
				53AE73C3192802BD00BE6B02 /* ModelTests.m in Sources */,
			);
			runOnlyForDeploymentPostprocessing = 0;
		};
/* End PBXSourcesBuildPhase section */

/* Begin PBXTargetDependency section */
		53F878BA19133F60002A578B /* PBXTargetDependency */ = {
			isa = PBXTargetDependency;
			target = 53F8788C19133F60002A578B /* Collegefeed */;
			targetProxy = 53F878B919133F60002A578B /* PBXContainerItemProxy */;
		};
/* End PBXTargetDependency section */

/* Begin PBXVariantGroup section */
		53F8789919133F60002A578B /* InfoPlist.strings */ = {
			isa = PBXVariantGroup;
			children = (
				53F8789A19133F60002A578B /* en */,
			);
			name = InfoPlist.strings;
			sourceTree = "<group>";
		};
		53F878BE19133F60002A578B /* InfoPlist.strings */ = {
			isa = PBXVariantGroup;
			children = (
				53F878BF19133F60002A578B /* en */,
			);
			name = InfoPlist.strings;
			sourceTree = "<group>";
		};
/* End PBXVariantGroup section */

/* Begin XCBuildConfiguration section */
		53F878C319133F60002A578B /* Debug */ = {
			isa = XCBuildConfiguration;
			buildSettings = {
				ALWAYS_SEARCH_USER_PATHS = NO;
				CLANG_CXX_LANGUAGE_STANDARD = "gnu++0x";
				CLANG_CXX_LIBRARY = "libc++";
				CLANG_ENABLE_MODULES = YES;
				CLANG_ENABLE_OBJC_ARC = YES;
				CLANG_WARN_BOOL_CONVERSION = YES;
				CLANG_WARN_CONSTANT_CONVERSION = YES;
				CLANG_WARN_DIRECT_OBJC_ISA_USAGE = YES_ERROR;
				CLANG_WARN_EMPTY_BODY = YES;
				CLANG_WARN_ENUM_CONVERSION = YES;
				CLANG_WARN_INT_CONVERSION = YES;
				CLANG_WARN_OBJC_ROOT_CLASS = YES_ERROR;
				CLANG_WARN__DUPLICATE_METHOD_MATCH = YES;
				"CODE_SIGN_IDENTITY[sdk=iphoneos*]" = "iPhone Developer";
				COPY_PHASE_STRIP = NO;
				GCC_C_LANGUAGE_STANDARD = gnu99;
				GCC_DYNAMIC_NO_PIC = NO;
				GCC_OPTIMIZATION_LEVEL = 0;
				GCC_PREPROCESSOR_DEFINITIONS = (
					"DEBUG=1",
					"$(inherited)",
				);
				GCC_SYMBOLS_PRIVATE_EXTERN = NO;
				GCC_WARN_64_TO_32_BIT_CONVERSION = YES;
				GCC_WARN_ABOUT_RETURN_TYPE = YES_ERROR;
				GCC_WARN_UNDECLARED_SELECTOR = YES;
				GCC_WARN_UNINITIALIZED_AUTOS = YES_AGGRESSIVE;
				GCC_WARN_UNUSED_FUNCTION = YES;
				GCC_WARN_UNUSED_VARIABLE = YES;
				IPHONEOS_DEPLOYMENT_TARGET = 7.1;
				ONLY_ACTIVE_ARCH = YES;
				SDKROOT = iphoneos;
				TARGETED_DEVICE_FAMILY = "1,2";
			};
			name = Debug;
		};
		53F878C419133F60002A578B /* Release */ = {
			isa = XCBuildConfiguration;
			buildSettings = {
				ALWAYS_SEARCH_USER_PATHS = NO;
				CLANG_CXX_LANGUAGE_STANDARD = "gnu++0x";
				CLANG_CXX_LIBRARY = "libc++";
				CLANG_ENABLE_MODULES = YES;
				CLANG_ENABLE_OBJC_ARC = YES;
				CLANG_WARN_BOOL_CONVERSION = YES;
				CLANG_WARN_CONSTANT_CONVERSION = YES;
				CLANG_WARN_DIRECT_OBJC_ISA_USAGE = YES_ERROR;
				CLANG_WARN_EMPTY_BODY = YES;
				CLANG_WARN_ENUM_CONVERSION = YES;
				CLANG_WARN_INT_CONVERSION = YES;
				CLANG_WARN_OBJC_ROOT_CLASS = YES_ERROR;
				CLANG_WARN__DUPLICATE_METHOD_MATCH = YES;
				"CODE_SIGN_IDENTITY[sdk=iphoneos*]" = "iPhone Developer";
				COPY_PHASE_STRIP = YES;
				ENABLE_NS_ASSERTIONS = NO;
				GCC_C_LANGUAGE_STANDARD = gnu99;
				GCC_WARN_64_TO_32_BIT_CONVERSION = YES;
				GCC_WARN_ABOUT_RETURN_TYPE = YES_ERROR;
				GCC_WARN_UNDECLARED_SELECTOR = YES;
				GCC_WARN_UNINITIALIZED_AUTOS = YES_AGGRESSIVE;
				GCC_WARN_UNUSED_FUNCTION = YES;
				GCC_WARN_UNUSED_VARIABLE = YES;
				IPHONEOS_DEPLOYMENT_TARGET = 7.1;
				SDKROOT = iphoneos;
				TARGETED_DEVICE_FAMILY = "1,2";
				VALIDATE_PRODUCT = YES;
			};
			name = Release;
		};
		53F878C619133F60002A578B /* Debug */ = {
			isa = XCBuildConfiguration;
			buildSettings = {
				ASSETCATALOG_COMPILER_APPICON_NAME = AppIcon;
				ASSETCATALOG_COMPILER_LAUNCHIMAGE_NAME = LaunchImage;
				GCC_PRECOMPILE_PREFIX_HEADER = YES;
				GCC_PREFIX_HEADER = "Collegefeed/Collegefeed-Prefix.pch";
				INFOPLIST_FILE = "Collegefeed/Collegefeed-Info.plist";
				PRODUCT_NAME = "$(TARGET_NAME)";
				WRAPPER_EXTENSION = app;
			};
			name = Debug;
		};
		53F878C719133F60002A578B /* Release */ = {
			isa = XCBuildConfiguration;
			buildSettings = {
				ASSETCATALOG_COMPILER_APPICON_NAME = AppIcon;
				ASSETCATALOG_COMPILER_LAUNCHIMAGE_NAME = LaunchImage;
				GCC_PRECOMPILE_PREFIX_HEADER = YES;
				GCC_PREFIX_HEADER = "Collegefeed/Collegefeed-Prefix.pch";
				INFOPLIST_FILE = "Collegefeed/Collegefeed-Info.plist";
				PRODUCT_NAME = "$(TARGET_NAME)";
				WRAPPER_EXTENSION = app;
			};
			name = Release;
		};
		53F878C919133F60002A578B /* Debug */ = {
			isa = XCBuildConfiguration;
			buildSettings = {
				BUNDLE_LOADER = "$(BUILT_PRODUCTS_DIR)/Collegefeed.app/Collegefeed";
				FRAMEWORK_SEARCH_PATHS = (
					"$(SDKROOT)/Developer/Library/Frameworks",
					"$(inherited)",
					"$(DEVELOPER_FRAMEWORKS_DIR)",
				);
				GCC_PRECOMPILE_PREFIX_HEADER = YES;
				GCC_PREFIX_HEADER = "Collegefeed/Collegefeed-Prefix.pch";
				GCC_PREPROCESSOR_DEFINITIONS = (
					"DEBUG=1",
					"$(inherited)",
				);
				INFOPLIST_FILE = "CollegefeedTests/CollegefeedTests-Info.plist";
				PRODUCT_NAME = "$(TARGET_NAME)";
				TEST_HOST = "$(BUNDLE_LOADER)";
				WRAPPER_EXTENSION = xctest;
			};
			name = Debug;
		};
		53F878CA19133F60002A578B /* Release */ = {
			isa = XCBuildConfiguration;
			buildSettings = {
				BUNDLE_LOADER = "$(BUILT_PRODUCTS_DIR)/Collegefeed.app/Collegefeed";
				FRAMEWORK_SEARCH_PATHS = (
					"$(SDKROOT)/Developer/Library/Frameworks",
					"$(inherited)",
					"$(DEVELOPER_FRAMEWORKS_DIR)",
				);
				GCC_PRECOMPILE_PREFIX_HEADER = YES;
				GCC_PREFIX_HEADER = "Collegefeed/Collegefeed-Prefix.pch";
				INFOPLIST_FILE = "CollegefeedTests/CollegefeedTests-Info.plist";
				PRODUCT_NAME = "$(TARGET_NAME)";
				TEST_HOST = "$(BUNDLE_LOADER)";
				WRAPPER_EXTENSION = xctest;
			};
			name = Release;
		};
/* End XCBuildConfiguration section */

/* Begin XCConfigurationList section */
		53F8788819133F60002A578B /* Build configuration list for PBXProject "Collegefeed" */ = {
			isa = XCConfigurationList;
			buildConfigurations = (
				53F878C319133F60002A578B /* Debug */,
				53F878C419133F60002A578B /* Release */,
			);
			defaultConfigurationIsVisible = 0;
			defaultConfigurationName = Release;
		};
		53F878C519133F60002A578B /* Build configuration list for PBXNativeTarget "Collegefeed" */ = {
			isa = XCConfigurationList;
			buildConfigurations = (
				53F878C619133F60002A578B /* Debug */,
				53F878C719133F60002A578B /* Release */,
			);
			defaultConfigurationIsVisible = 0;
			defaultConfigurationName = Release;
		};
		53F878C819133F60002A578B /* Build configuration list for PBXNativeTarget "CollegefeedTests" */ = {
			isa = XCConfigurationList;
			buildConfigurations = (
				53F878C919133F60002A578B /* Debug */,
				53F878CA19133F60002A578B /* Release */,
			);
			defaultConfigurationIsVisible = 0;
			defaultConfigurationName = Release;
		};
/* End XCConfigurationList section */
	};
	rootObject = 53F8788519133F60002A578B /* Project object */;
}
