<?xml version="1.0" encoding="UTF-8"?>
<!DOCTYPE plist PUBLIC "-//Apple//DTD PLIST 1.0//EN" "http://www.apple.com/DTDs/PropertyList-1.0.dtd">
<plist version="1.0">
<dict>
	<key>archiveVersion</key>
	<string>1</string>
	<key>classes</key>
	<dict/>
	<key>objectVersion</key>
	<string>46</string>
	<key>objects</key>
	<dict>
		<key>5308D2BB193552C600D70C1A</key>
		<dict>
			<key>fileEncoding</key>
			<string>4</string>
			<key>isa</key>
			<string>PBXFileReference</string>
			<key>lastKnownFileType</key>
			<string>sourcecode.c.h</string>
			<key>path</key>
			<string>Shared.h</string>
			<key>sourceTree</key>
			<string>&lt;group&gt;</string>
		</dict>
		<key>5312942C196504CD00CF13DB</key>
		<dict>
			<key>fileEncoding</key>
			<string>4</string>
			<key>isa</key>
			<string>PBXFileReference</string>
			<key>lastKnownFileType</key>
			<string>sourcecode.c.h</string>
			<key>path</key>
			<string>ToastController.h</string>
			<key>sourceTree</key>
			<string>&lt;group&gt;</string>
		</dict>
		<key>5312942D196504CD00CF13DB</key>
		<dict>
			<key>fileEncoding</key>
			<string>4</string>
			<key>isa</key>
			<string>PBXFileReference</string>
			<key>lastKnownFileType</key>
			<string>sourcecode.c.objc</string>
			<key>path</key>
			<string>ToastController.m</string>
			<key>sourceTree</key>
			<string>&lt;group&gt;</string>
		</dict>
		<key>5312942E196504CD00CF13DB</key>
		<dict>
			<key>fileRef</key>
			<string>5312942D196504CD00CF13DB</string>
			<key>isa</key>
			<string>PBXBuildFile</string>
		</dict>
		<key>53129431196517A000CF13DB</key>
		<dict>
			<key>children</key>
			<array>
				<string>5352B5A0195F5C3100FEB2BF</string>
				<string>5352B5A1195F5C3100FEB2BF</string>
				<string>5312942C196504CD00CF13DB</string>
				<string>5312942D196504CD00CF13DB</string>
			</array>
			<key>isa</key>
			<string>PBXGroup</string>
			<key>name</key>
			<string>Toasts</string>
			<key>sourceTree</key>
			<string>&lt;group&gt;</string>
		</dict>
		<key>533475871922B88300E84CC8</key>
		<dict>
			<key>fileEncoding</key>
			<string>4</string>
			<key>isa</key>
			<string>PBXFileReference</string>
			<key>lastKnownFileType</key>
			<string>sourcecode.c.h</string>
			<key>path</key>
			<string>TTTAttributedLabel.h</string>
			<key>sourceTree</key>
			<string>&lt;group&gt;</string>
		</dict>
		<key>533475881922B88300E84CC8</key>
		<dict>
			<key>fileEncoding</key>
			<string>4</string>
			<key>isa</key>
			<string>PBXFileReference</string>
			<key>lastKnownFileType</key>
			<string>sourcecode.c.objc</string>
			<key>path</key>
			<string>TTTAttributedLabel.m</string>
			<key>sourceTree</key>
			<string>&lt;group&gt;</string>
		</dict>
		<key>533475891922B88300E84CC8</key>
		<dict>
			<key>fileRef</key>
			<string>533475881922B88300E84CC8</string>
			<key>isa</key>
			<string>PBXBuildFile</string>
		</dict>
		<key>5334758A1922D9B700E84CC8</key>
		<dict>
			<key>fileEncoding</key>
			<string>4</string>
			<key>isa</key>
			<string>PBXFileReference</string>
			<key>lastKnownFileType</key>
			<string>sourcecode.c.h</string>
			<key>path</key>
			<string>TagViewController.h</string>
			<key>sourceTree</key>
			<string>&lt;group&gt;</string>
		</dict>
		<key>5334758B1922D9B700E84CC8</key>
		<dict>
			<key>fileEncoding</key>
			<string>4</string>
			<key>isa</key>
			<string>PBXFileReference</string>
			<key>lastKnownFileType</key>
			<string>sourcecode.c.objc</string>
			<key>path</key>
			<string>TagViewController.m</string>
			<key>sourceTree</key>
			<string>&lt;group&gt;</string>
		</dict>
		<key>5334758C1922D9B700E84CC8</key>
		<dict>
			<key>fileRef</key>
			<string>5334758B1922D9B700E84CC8</string>
			<key>isa</key>
			<string>PBXBuildFile</string>
		</dict>
		<key>533475A019232A4A00E84CC8</key>
		<dict>
			<key>children</key>
			<array>
				<string>533475A11923344100E84CC8</string>
				<string>533475A21923344100E84CC8</string>
				<string>533475A31923344100E84CC8</string>
				<string>53D51E361949625300A8BA81</string>
				<string>53D51E371949625300A8BA81</string>
				<string>53D51E381949625300A8BA81</string>
			</array>
			<key>isa</key>
			<string>PBXGroup</string>
			<key>name</key>
			<string>Custom Cells</string>
			<key>path</key>
			<string>..</string>
			<key>sourceTree</key>
			<string>&lt;group&gt;</string>
		</dict>
		<key>533475A11923344100E84CC8</key>
		<dict>
			<key>fileEncoding</key>
			<string>4</string>
			<key>isa</key>
			<string>PBXFileReference</string>
			<key>lastKnownFileType</key>
			<string>sourcecode.c.h</string>
			<key>name</key>
			<string>TableCell.h</string>
			<key>path</key>
			<string>Collegefeed/TableCell.h</string>
			<key>sourceTree</key>
			<string>&lt;group&gt;</string>
		</dict>
		<key>533475A21923344100E84CC8</key>
		<dict>
			<key>fileEncoding</key>
			<string>4</string>
			<key>isa</key>
			<string>PBXFileReference</string>
			<key>lastKnownFileType</key>
			<string>sourcecode.c.objc</string>
			<key>name</key>
			<string>TableCell.m</string>
			<key>path</key>
			<string>Collegefeed/TableCell.m</string>
			<key>sourceTree</key>
			<string>&lt;group&gt;</string>
		</dict>
		<key>533475A31923344100E84CC8</key>
		<dict>
			<key>fileEncoding</key>
			<string>4</string>
			<key>isa</key>
			<string>PBXFileReference</string>
			<key>lastKnownFileType</key>
			<string>file.xib</string>
			<key>name</key>
			<string>TableCell.xib</string>
			<key>path</key>
			<string>Collegefeed/TableCell.xib</string>
			<key>sourceTree</key>
			<string>&lt;group&gt;</string>
		</dict>
		<key>533475A41923344100E84CC8</key>
		<dict>
			<key>fileRef</key>
			<string>533475A21923344100E84CC8</string>
			<key>isa</key>
			<string>PBXBuildFile</string>
		</dict>
		<key>533475A51923344100E84CC8</key>
		<dict>
			<key>fileRef</key>
			<string>533475A31923344100E84CC8</string>
			<key>isa</key>
			<string>PBXBuildFile</string>
		</dict>
		<key>533FCA4C193EDE3B00754C07</key>
		<dict>
			<key>fileEncoding</key>
			<string>4</string>
			<key>isa</key>
			<string>PBXFileReference</string>
			<key>lastKnownFileType</key>
			<string>text.xml</string>
			<key>path</key>
			<string>aggieland.gpx</string>
			<key>sourceTree</key>
			<string>&lt;group&gt;</string>
		</dict>
		<key>533FCA4D193EDE3B00754C07</key>
		<dict>
			<key>fileRef</key>
			<string>533FCA4C193EDE3B00754C07</string>
			<key>isa</key>
			<string>PBXBuildFile</string>
		</dict>
		<key>533FCA4E193FCD8200754C07</key>
		<dict>
			<key>fileEncoding</key>
			<string>4</string>
			<key>isa</key>
			<string>PBXFileReference</string>
			<key>lastKnownFileType</key>
			<string>text.xml</string>
			<key>path</key>
			<string>austin.gpx</string>
			<key>sourceTree</key>
			<string>&lt;group&gt;</string>
		</dict>
		<key>533FCA4F193FCD8200754C07</key>
		<dict>
			<key>fileRef</key>
			<string>533FCA4E193FCD8200754C07</string>
			<key>isa</key>
			<string>PBXBuildFile</string>
		</dict>
		<key>5347EE9A197DC7CC001B2214</key>
		<dict>
			<key>fileEncoding</key>
			<string>4</string>
			<key>isa</key>
			<string>PBXFileReference</string>
			<key>lastKnownFileType</key>
			<string>sourcecode.c.h</string>
			<key>path</key>
			<string>UserPostsViewController.h</string>
			<key>sourceTree</key>
			<string>&lt;group&gt;</string>
		</dict>
		<key>5347EE9B197DC7CC001B2214</key>
		<dict>
			<key>fileEncoding</key>
			<string>4</string>
			<key>isa</key>
			<string>PBXFileReference</string>
			<key>lastKnownFileType</key>
			<string>sourcecode.c.objc</string>
			<key>path</key>
			<string>UserPostsViewController.m</string>
			<key>sourceTree</key>
			<string>&lt;group&gt;</string>
		</dict>
		<key>5347EE9D197DC7CC001B2214</key>
		<dict>
			<key>fileRef</key>
			<string>5347EE9B197DC7CC001B2214</string>
			<key>isa</key>
			<string>PBXBuildFile</string>
		</dict>
		<key>5347EEA4197DCE9F001B2214</key>
		<dict>
			<key>fileEncoding</key>
			<string>4</string>
			<key>isa</key>
			<string>PBXFileReference</string>
			<key>lastKnownFileType</key>
			<string>sourcecode.c.h</string>
			<key>path</key>
			<string>UserCommentsViewController.h</string>
			<key>sourceTree</key>
			<string>&lt;group&gt;</string>
		</dict>
		<key>5347EEA5197DCE9F001B2214</key>
		<dict>
			<key>fileEncoding</key>
			<string>4</string>
			<key>isa</key>
			<string>PBXFileReference</string>
			<key>lastKnownFileType</key>
			<string>sourcecode.c.objc</string>
			<key>path</key>
			<string>UserCommentsViewController.m</string>
			<key>sourceTree</key>
			<string>&lt;group&gt;</string>
		</dict>
		<key>5347EEA6197DCE9F001B2214</key>
		<dict>
			<key>fileRef</key>
			<string>5347EEA5197DCE9F001B2214</string>
			<key>isa</key>
			<string>PBXBuildFile</string>
		</dict>
		<key>5347EEA7197DD3C3001B2214</key>
		<dict>
			<key>children</key>
			<array>
				<string>5347EEA8197DD407001B2214</string>
				<string>5347EEA9197DD407001B2214</string>
			</array>
			<key>isa</key>
			<string>PBXGroup</string>
			<key>name</key>
			<string>Trending Colleges</string>
			<key>sourceTree</key>
			<string>&lt;group&gt;</string>
		</dict>
		<key>5347EEA8197DD407001B2214</key>
		<dict>
			<key>fileEncoding</key>
			<string>4</string>
			<key>isa</key>
			<string>PBXFileReference</string>
			<key>lastKnownFileType</key>
			<string>sourcecode.c.h</string>
			<key>path</key>
			<string>TrendingCollegesViewController.h</string>
			<key>sourceTree</key>
			<string>&lt;group&gt;</string>
		</dict>
		<key>5347EEA9197DD407001B2214</key>
		<dict>
			<key>fileEncoding</key>
			<string>4</string>
			<key>isa</key>
			<string>PBXFileReference</string>
			<key>lastKnownFileType</key>
			<string>sourcecode.c.objc</string>
			<key>path</key>
			<string>TrendingCollegesViewController.m</string>
			<key>sourceTree</key>
			<string>&lt;group&gt;</string>
		</dict>
		<key>5347EEAA197DD407001B2214</key>
		<dict>
			<key>fileRef</key>
			<string>5347EEA9197DD407001B2214</string>
			<key>isa</key>
			<string>PBXBuildFile</string>
		</dict>
		<key>5350557419514587009C1911</key>
		<dict>
			<key>fileEncoding</key>
			<string>4</string>
			<key>isa</key>
			<string>PBXFileReference</string>
			<key>lastKnownFileType</key>
			<string>sourcecode.c.h</string>
			<key>path</key>
			<string>CreatePostCommentViewController.h</string>
			<key>sourceTree</key>
			<string>&lt;group&gt;</string>
		</dict>
		<key>5350557519514587009C1911</key>
		<dict>
			<key>fileEncoding</key>
			<string>4</string>
			<key>isa</key>
			<string>PBXFileReference</string>
			<key>lastKnownFileType</key>
			<string>sourcecode.c.objc</string>
			<key>path</key>
			<string>CreatePostCommentViewController.m</string>
			<key>sourceTree</key>
			<string>&lt;group&gt;</string>
		</dict>
		<key>5350557619514587009C1911</key>
		<dict>
			<key>fileEncoding</key>
			<string>4</string>
			<key>isa</key>
			<string>PBXFileReference</string>
			<key>lastKnownFileType</key>
			<string>file.xib</string>
			<key>path</key>
			<string>CreatePostCommentViewController.xib</string>
			<key>sourceTree</key>
			<string>&lt;group&gt;</string>
		</dict>
		<key>5350557719514587009C1911</key>
		<dict>
			<key>fileRef</key>
			<string>5350557519514587009C1911</string>
			<key>isa</key>
			<string>PBXBuildFile</string>
		</dict>
		<key>5350557819514587009C1911</key>
		<dict>
			<key>fileRef</key>
			<string>5350557619514587009C1911</string>
			<key>isa</key>
			<string>PBXBuildFile</string>
		</dict>
		<key>5350557B1951458B009C1911</key>
		<dict>
			<key>children</key>
			<array>
				<string>5350557419514587009C1911</string>
				<string>5350557519514587009C1911</string>
				<string>5350557619514587009C1911</string>
			</array>
			<key>isa</key>
			<string>PBXGroup</string>
			<key>name</key>
			<string>Create Post/Comment</string>
			<key>sourceTree</key>
			<string>&lt;group&gt;</string>
		</dict>
		<key>5350557C19529FCA009C1911</key>
		<dict>
			<key>fileEncoding</key>
			<string>4</string>
			<key>isa</key>
			<string>PBXFileReference</string>
			<key>lastKnownFileType</key>
			<string>sourcecode.c.h</string>
			<key>path</key>
			<string>FeedSelectViewController.h</string>
			<key>sourceTree</key>
			<string>&lt;group&gt;</string>
		</dict>
		<key>5350557D19529FCA009C1911</key>
		<dict>
			<key>fileEncoding</key>
			<string>4</string>
			<key>isa</key>
			<string>PBXFileReference</string>
			<key>lastKnownFileType</key>
			<string>sourcecode.c.objc</string>
			<key>path</key>
			<string>FeedSelectViewController.m</string>
			<key>sourceTree</key>
			<string>&lt;group&gt;</string>
		</dict>
		<key>5350557E19529FCA009C1911</key>
		<dict>
			<key>fileEncoding</key>
			<string>4</string>
			<key>isa</key>
			<string>PBXFileReference</string>
			<key>lastKnownFileType</key>
			<string>file.xib</string>
			<key>path</key>
			<string>FeedSelectViewController.xib</string>
			<key>sourceTree</key>
			<string>&lt;group&gt;</string>
		</dict>
		<key>5350557F19529FCA009C1911</key>
		<dict>
			<key>fileRef</key>
			<string>5350557D19529FCA009C1911</string>
			<key>isa</key>
			<string>PBXBuildFile</string>
		</dict>
		<key>5350558019529FCA009C1911</key>
		<dict>
			<key>fileRef</key>
			<string>5350557E19529FCA009C1911</string>
			<key>isa</key>
			<string>PBXBuildFile</string>
		</dict>
		<key>5350558119529FD5009C1911</key>
		<dict>
			<key>children</key>
			<array>
				<string>5350557C19529FCA009C1911</string>
				<string>5350557D19529FCA009C1911</string>
				<string>5350557E19529FCA009C1911</string>
			</array>
			<key>isa</key>
			<string>PBXGroup</string>
			<key>name</key>
			<string>Select College</string>
			<key>sourceTree</key>
			<string>&lt;group&gt;</string>
		</dict>
		<key>535055881953B067009C1911</key>
		<dict>
			<key>children</key>
			<array>
				<string>53963DE51916E5F50084E646</string>
				<string>53963DE61916E5F50084E646</string>
				<string>5390A939191552AE00ACD082</string>
				<string>5390A93A191552AE00ACD082</string>
				<string>53CEAE2E197778C700DCE476</string>
			</array>
			<key>isa</key>
			<string>PBXGroup</string>
			<key>name</key>
			<string>Post/Comment View</string>
			<key>sourceTree</key>
			<string>&lt;group&gt;</string>
		</dict>
		<key>535055891953B07A009C1911</key>
		<dict>
			<key>children</key>
			<array>
				<string>5334758A1922D9B700E84CC8</string>
				<string>5334758B1922D9B700E84CC8</string>
			</array>
			<key>isa</key>
			<string>PBXGroup</string>
			<key>name</key>
			<string>Tag View</string>
			<key>sourceTree</key>
			<string>&lt;group&gt;</string>
		</dict>
		<key>5350558E1953C75C009C1911</key>
		<dict>
			<key>isa</key>
			<string>PBXFileReference</string>
			<key>lastKnownFileType</key>
			<string>image.png</string>
			<key>path</key>
			<string>gps.png</string>
			<key>sourceTree</key>
			<string>&lt;group&gt;</string>
		</dict>
		<key>5350558F1953C75C009C1911</key>
		<dict>
			<key>fileRef</key>
			<string>5350558E1953C75C009C1911</string>
			<key>isa</key>
			<string>PBXBuildFile</string>
		</dict>
		<key>5352B5A0195F5C3100FEB2BF</key>
		<dict>
			<key>fileEncoding</key>
			<string>4</string>
			<key>isa</key>
			<string>PBXFileReference</string>
			<key>lastKnownFileType</key>
			<string>sourcecode.c.h</string>
			<key>path</key>
			<string>UIView+Toast.h</string>
			<key>sourceTree</key>
			<string>&lt;group&gt;</string>
		</dict>
		<key>5352B5A1195F5C3100FEB2BF</key>
		<dict>
			<key>fileEncoding</key>
			<string>4</string>
			<key>isa</key>
			<string>PBXFileReference</string>
			<key>lastKnownFileType</key>
			<string>sourcecode.c.objc</string>
			<key>path</key>
			<string>UIView+Toast.m</string>
			<key>sourceTree</key>
			<string>&lt;group&gt;</string>
		</dict>
		<key>5352B5A2195F5C3100FEB2BF</key>
		<dict>
			<key>fileRef</key>
			<string>5352B5A1195F5C3100FEB2BF</string>
			<key>isa</key>
			<string>PBXBuildFile</string>
		</dict>
		<key>5358CE69196E5D7F00FF4E45</key>
		<dict>
			<key>isa</key>
			<string>PBXFileReference</string>
			<key>lastKnownFileType</key>
			<string>wrapper.pb-project</string>
			<key>name</key>
			<string>Models.xcodeproj</string>
			<key>path</key>
			<string>Collegefeed/Models/Models.xcodeproj</string>
			<key>sourceTree</key>
			<string>&lt;group&gt;</string>
		</dict>
		<key>5358CE6A196E5D7F00FF4E45</key>
		<dict>
			<key>children</key>
			<array>
				<string>5358CE6F196E5D7F00FF4E45</string>
				<string>5358CE71196E5D7F00FF4E45</string>
			</array>
			<key>isa</key>
			<string>PBXGroup</string>
			<key>name</key>
			<string>Products</string>
			<key>sourceTree</key>
			<string>&lt;group&gt;</string>
		</dict>
		<key>5358CE6E196E5D7F00FF4E45</key>
		<dict>
			<key>containerPortal</key>
			<string>5358CE69196E5D7F00FF4E45</string>
			<key>isa</key>
			<string>PBXContainerItemProxy</string>
			<key>proxyType</key>
			<string>2</string>
			<key>remoteGlobalIDString</key>
			<string>53CF334A194E56F7008BB733</string>
			<key>remoteInfo</key>
			<string>Models</string>
		</dict>
		<key>5358CE6F196E5D7F00FF4E45</key>
		<dict>
			<key>fileType</key>
			<string>archive.ar</string>
			<key>isa</key>
			<string>PBXReferenceProxy</string>
			<key>path</key>
			<string>libModels.a</string>
			<key>remoteRef</key>
			<string>5358CE6E196E5D7F00FF4E45</string>
			<key>sourceTree</key>
			<string>BUILT_PRODUCTS_DIR</string>
		</dict>
		<key>5358CE70196E5D7F00FF4E45</key>
		<dict>
			<key>containerPortal</key>
			<string>5358CE69196E5D7F00FF4E45</string>
			<key>isa</key>
			<string>PBXContainerItemProxy</string>
			<key>proxyType</key>
			<string>2</string>
			<key>remoteGlobalIDString</key>
			<string>53CF335A194E56F7008BB733</string>
			<key>remoteInfo</key>
			<string>ModelsTests</string>
		</dict>
		<key>5358CE71196E5D7F00FF4E45</key>
		<dict>
			<key>fileType</key>
			<string>wrapper.cfbundle</string>
			<key>isa</key>
			<string>PBXReferenceProxy</string>
			<key>path</key>
			<string>ModelsTests.xctest</string>
			<key>remoteRef</key>
			<string>5358CE70196E5D7F00FF4E45</string>
			<key>sourceTree</key>
			<string>BUILT_PRODUCTS_DIR</string>
		</dict>
		<key>5358CE72196E5DEA00FF4E45</key>
		<dict>
			<key>containerPortal</key>
			<string>5358CE69196E5D7F00FF4E45</string>
			<key>isa</key>
			<string>PBXContainerItemProxy</string>
			<key>proxyType</key>
			<string>1</string>
			<key>remoteGlobalIDString</key>
			<string>53CF3349194E56F7008BB733</string>
			<key>remoteInfo</key>
			<string>Models</string>
		</dict>
		<key>5358CE73196E5DEA00FF4E45</key>
		<dict>
			<key>isa</key>
			<string>PBXTargetDependency</string>
			<key>name</key>
			<string>Models</string>
			<key>targetProxy</key>
			<string>5358CE72196E5DEA00FF4E45</string>
		</dict>
		<key>5358CE74196E5DF800FF4E45</key>
		<dict>
			<key>fileRef</key>
			<string>5358CE6F196E5D7F00FF4E45</string>
			<key>isa</key>
			<string>PBXBuildFile</string>
		</dict>
		<key>536D0E11196D0F5A00677C1B</key>
		<dict>
			<key>children</key>
			<array>
				<string>5347EE9A197DC7CC001B2214</string>
				<string>5347EE9B197DC7CC001B2214</string>
				<string>5347EEA4197DCE9F001B2214</string>
				<string>5347EEA5197DCE9F001B2214</string>
			</array>
			<key>isa</key>
			<string>PBXGroup</string>
			<key>name</key>
			<string>User Content</string>
			<key>sourceTree</key>
			<string>&lt;group&gt;</string>
		</dict>
		<key>5390A9131914B76800ACD082</key>
		<dict>
			<key>children</key>
			<array>
				<string>53F878AE19133F60002A578B</string>
				<string>53BDB4D71930688200F45D5C</string>
				<string>53C44EA619669FB400367E33</string>
				<string>5350558E1953C75C009C1911</string>
				<string>53BDB4D81930688200F45D5C</string>
				<string>53BDB4D91930688200F45D5C</string>
				<string>53BDB4D51930669100F45D5C</string>
				<string>5390A9141914B76800ACD082</string>
				<string>5390A9151914B76800ACD082</string>
				<string>5390A9161914B76800ACD082</string>
				<string>5390A9171914B76800ACD082</string>
				<string>5390A9191914B76800ACD082</string>
				<string>5390A91B1914B76800ACD082</string>
			</array>
			<key>isa</key>
			<string>PBXGroup</string>
			<key>path</key>
			<string>Images</string>
			<key>sourceTree</key>
			<string>&lt;group&gt;</string>
		</dict>
		<key>5390A9141914B76800ACD082</key>
		<dict>
			<key>isa</key>
			<string>PBXFileReference</string>
			<key>lastKnownFileType</key>
			<string>image.png</string>
			<key>path</key>
			<string>arrowdown.png</string>
			<key>sourceTree</key>
			<string>&lt;group&gt;</string>
		</dict>
		<key>5390A9151914B76800ACD082</key>
		<dict>
			<key>isa</key>
			<string>PBXFileReference</string>
			<key>lastKnownFileType</key>
			<string>image.png</string>
			<key>path</key>
			<string>arrowdownred.png</string>
			<key>sourceTree</key>
			<string>&lt;group&gt;</string>
		</dict>
		<key>5390A9161914B76800ACD082</key>
		<dict>
			<key>isa</key>
			<string>PBXFileReference</string>
			<key>lastKnownFileType</key>
			<string>image.png</string>
			<key>path</key>
			<string>arrowup.png</string>
			<key>sourceTree</key>
			<string>&lt;group&gt;</string>
		</dict>
		<key>5390A9171914B76800ACD082</key>
		<dict>
			<key>isa</key>
			<string>PBXFileReference</string>
			<key>lastKnownFileType</key>
			<string>image.png</string>
			<key>path</key>
			<string>arrowupblue.png</string>
			<key>sourceTree</key>
			<string>&lt;group&gt;</string>
		</dict>
		<key>5390A9191914B76800ACD082</key>
		<dict>
			<key>isa</key>
			<string>PBXFileReference</string>
			<key>lastKnownFileType</key>
			<string>image.png</string>
			<key>path</key>
			<string>collegefeedlogosmall.png</string>
			<key>sourceTree</key>
			<string>&lt;group&gt;</string>
		</dict>
		<key>5390A91B1914B76800ACD082</key>
		<dict>
			<key>fileEncoding</key>
			<string>4</string>
			<key>isa</key>
			<string>PBXFileReference</string>
			<key>lastKnownFileType</key>
			<string>text.xml</string>
			<key>path</key>
			<string>postbuttonclick.xml</string>
			<key>sourceTree</key>
			<string>&lt;group&gt;</string>
		</dict>
		<key>5390A91D1914B76800ACD082</key>
		<dict>
			<key>fileRef</key>
			<string>5390A9141914B76800ACD082</string>
			<key>isa</key>
			<string>PBXBuildFile</string>
		</dict>
		<key>5390A91E1914B76800ACD082</key>
		<dict>
			<key>fileRef</key>
			<string>5390A9151914B76800ACD082</string>
			<key>isa</key>
			<string>PBXBuildFile</string>
		</dict>
		<key>5390A91F1914B76800ACD082</key>
		<dict>
			<key>fileRef</key>
			<string>5390A9161914B76800ACD082</string>
			<key>isa</key>
			<string>PBXBuildFile</string>
		</dict>
		<key>5390A9201914B76800ACD082</key>
		<dict>
			<key>fileRef</key>
			<string>5390A9171914B76800ACD082</string>
			<key>isa</key>
			<string>PBXBuildFile</string>
		</dict>
		<key>5390A9221914B76800ACD082</key>
		<dict>
			<key>fileRef</key>
			<string>5390A9191914B76800ACD082</string>
			<key>isa</key>
			<string>PBXBuildFile</string>
		</dict>
		<key>5390A9241914B76800ACD082</key>
		<dict>
			<key>fileRef</key>
			<string>5390A91B1914B76800ACD082</string>
			<key>isa</key>
			<string>PBXBuildFile</string>
		</dict>
		<key>5390A939191552AE00ACD082</key>
		<dict>
			<key>fileEncoding</key>
			<string>4</string>
			<key>isa</key>
			<string>PBXFileReference</string>
			<key>lastKnownFileType</key>
			<string>sourcecode.c.h</string>
			<key>path</key>
			<string>CommentViewController.h</string>
			<key>sourceTree</key>
			<string>&lt;group&gt;</string>
		</dict>
		<key>5390A93A191552AE00ACD082</key>
		<dict>
			<key>fileEncoding</key>
			<string>4</string>
			<key>isa</key>
			<string>PBXFileReference</string>
			<key>lastKnownFileType</key>
			<string>sourcecode.c.objc</string>
			<key>lineEnding</key>
			<string>0</string>
			<key>path</key>
			<string>CommentViewController.m</string>
			<key>sourceTree</key>
			<string>&lt;group&gt;</string>
			<key>xcLanguageSpecificationIdentifier</key>
			<string>xcode.lang.objc</string>
		</dict>
		<key>5390A93B191552AE00ACD082</key>
		<dict>
			<key>fileRef</key>
			<string>5390A93A191552AE00ACD082</string>
			<key>isa</key>
			<string>PBXBuildFile</string>
		</dict>
		<key>5390A94019158E0E00ACD082</key>
		<dict>
			<key>fileEncoding</key>
			<string>4</string>
			<key>isa</key>
			<string>PBXFileReference</string>
			<key>lastKnownFileType</key>
			<string>sourcecode.c.objc</string>
			<key>path</key>
			<string>ViewControllerTests.m</string>
			<key>sourceTree</key>
			<string>&lt;group&gt;</string>
		</dict>
		<key>5390A94119158E0E00ACD082</key>
		<dict>
			<key>fileRef</key>
			<string>5390A94019158E0E00ACD082</string>
			<key>isa</key>
			<string>PBXBuildFile</string>
		</dict>
		<key>5390A94219158E1A00ACD082</key>
		<dict>
			<key>fileEncoding</key>
			<string>4</string>
			<key>isa</key>
			<string>PBXFileReference</string>
			<key>lastKnownFileType</key>
			<string>sourcecode.c.objc</string>
			<key>lineEnding</key>
			<string>0</string>
			<key>path</key>
			<string>DataControllerTests.m</string>
			<key>sourceTree</key>
			<string>&lt;group&gt;</string>
			<key>xcLanguageSpecificationIdentifier</key>
			<string>xcode.lang.objc</string>
		</dict>
		<key>5390A94319158E1A00ACD082</key>
		<dict>
			<key>fileRef</key>
			<string>5390A94219158E1A00ACD082</string>
			<key>isa</key>
			<string>PBXBuildFile</string>
		</dict>
		<key>53963DE51916E5F50084E646</key>
		<dict>
			<key>fileEncoding</key>
			<string>4</string>
			<key>isa</key>
			<string>PBXFileReference</string>
			<key>lastKnownFileType</key>
			<string>sourcecode.c.h</string>
			<key>lineEnding</key>
			<string>2</string>
			<key>path</key>
			<string>PostsViewController.h</string>
			<key>sourceTree</key>
			<string>&lt;group&gt;</string>
			<key>xcLanguageSpecificationIdentifier</key>
			<string>xcode.lang.objcpp</string>
		</dict>
		<key>53963DE61916E5F50084E646</key>
		<dict>
			<key>fileEncoding</key>
			<string>4</string>
			<key>isa</key>
			<string>PBXFileReference</string>
			<key>lastKnownFileType</key>
			<string>sourcecode.c.objc</string>
			<key>lineEnding</key>
			<string>0</string>
			<key>path</key>
			<string>PostsViewController.m</string>
			<key>sourceTree</key>
			<string>&lt;group&gt;</string>
			<key>xcLanguageSpecificationIdentifier</key>
			<string>xcode.lang.objc</string>
		</dict>
		<key>53963DE71916E5F50084E646</key>
		<dict>
			<key>fileRef</key>
			<string>53963DE61916E5F50084E646</string>
			<key>isa</key>
			<string>PBXBuildFile</string>
		</dict>
		<key>53AB57B7194AAFB3001D1B7B</key>
		<dict>
			<key>children</key>
			<array>
				<string>53FA791219381A4F00EF246E</string>
				<string>5308D2BB193552C600D70C1A</string>
				<string>53CF339F194E7A7A008BB733</string>
				<string>533475871922B88300E84CC8</string>
				<string>533475881922B88300E84CC8</string>
			</array>
			<key>isa</key>
			<string>PBXGroup</string>
			<key>name</key>
			<string>Other</string>
			<key>sourceTree</key>
			<string>&lt;group&gt;</string>
		</dict>
		<key>53AB57B8194AAFF8001D1B7B</key>
		<dict>
			<key>isa</key>
			<string>PBXFileReference</string>
			<key>lastKnownFileType</key>
			<string>file</string>
			<key>name</key>
			<string>mplus-2c-bold.ttf</string>
			<key>path</key>
			<string>fonts/mplus-2c-bold.ttf</string>
			<key>sourceTree</key>
			<string>&lt;group&gt;</string>
		</dict>
		<key>53AB57BA194AAFF8001D1B7B</key>
		<dict>
			<key>isa</key>
			<string>PBXFileReference</string>
			<key>lastKnownFileType</key>
			<string>file</string>
			<key>name</key>
			<string>Roboto-Light.ttf</string>
			<key>path</key>
			<string>fonts/Roboto-Light.ttf</string>
			<key>sourceTree</key>
			<string>&lt;group&gt;</string>
		</dict>
		<key>53AB57BB194AAFF8001D1B7B</key>
		<dict>
			<key>isa</key>
			<string>PBXFileReference</string>
			<key>lastKnownFileType</key>
			<string>file</string>
			<key>name</key>
			<string>Roboto-LightItalic.ttf</string>
			<key>path</key>
			<string>fonts/Roboto-LightItalic.ttf</string>
			<key>sourceTree</key>
			<string>&lt;group&gt;</string>
		</dict>
		<key>53AB57BC194AAFF8001D1B7B</key>
		<dict>
			<key>fileRef</key>
			<string>53AB57B8194AAFF8001D1B7B</string>
			<key>isa</key>
			<string>PBXBuildFile</string>
		</dict>
		<key>53AB57BE194AAFF8001D1B7B</key>
		<dict>
			<key>fileRef</key>
			<string>53AB57BA194AAFF8001D1B7B</string>
			<key>isa</key>
			<string>PBXBuildFile</string>
		</dict>
		<key>53AB57BF194AAFF8001D1B7B</key>
		<dict>
			<key>fileRef</key>
			<string>53AB57BB194AAFF8001D1B7B</string>
			<key>isa</key>
			<string>PBXBuildFile</string>
		</dict>
		<key>53AB57C0194AAFFF001D1B7B</key>
		<dict>
			<key>children</key>
			<array>
				<string>53AB57C4194ABD11001D1B7B</string>
				<string>53AB57B8194AAFF8001D1B7B</string>
				<string>53AB57BA194AAFF8001D1B7B</string>
				<string>53AB57BB194AAFF8001D1B7B</string>
			</array>
			<key>isa</key>
			<string>PBXGroup</string>
			<key>name</key>
			<string>Fonts</string>
			<key>sourceTree</key>
			<string>&lt;group&gt;</string>
		</dict>
		<key>53AB57C1194AB029001D1B7B</key>
		<dict>
			<key>children</key>
			<array>
				<string>533FCA4C193EDE3B00754C07</string>
				<string>533FCA4E193FCD8200754C07</string>
			</array>
			<key>isa</key>
			<string>PBXGroup</string>
			<key>name</key>
			<string>GPX Locations</string>
			<key>sourceTree</key>
			<string>&lt;group&gt;</string>
		</dict>
		<key>53AB57C4194ABD11001D1B7B</key>
		<dict>
			<key>isa</key>
			<string>PBXFileReference</string>
			<key>lastKnownFileType</key>
			<string>file</string>
			<key>name</key>
			<string>Omnes-Semibold.ttf</string>
			<key>path</key>
			<string>fonts/Omnes-Semibold.ttf</string>
			<key>sourceTree</key>
			<string>&lt;group&gt;</string>
		</dict>
		<key>53AB57C5194ABD11001D1B7B</key>
		<dict>
			<key>fileRef</key>
			<string>53AB57C4194ABD11001D1B7B</string>
			<key>isa</key>
			<string>PBXBuildFile</string>
		</dict>
		<key>53AE73BC1927ED6600BE6B02</key>
		<dict>
			<key>fileEncoding</key>
			<string>4</string>
			<key>isa</key>
			<string>PBXFileReference</string>
			<key>lastKnownFileType</key>
			<string>sourcecode.c.h</string>
			<key>lineEnding</key>
			<string>0</string>
			<key>path</key>
			<string>DataController.h</string>
			<key>sourceTree</key>
			<string>&lt;group&gt;</string>
			<key>xcLanguageSpecificationIdentifier</key>
			<string>xcode.lang.objcpp</string>
		</dict>
		<key>53AE73C2192802BD00BE6B02</key>
		<dict>
			<key>fileEncoding</key>
			<string>4</string>
			<key>isa</key>
			<string>PBXFileReference</string>
			<key>lastKnownFileType</key>
			<string>sourcecode.c.objc</string>
			<key>path</key>
			<string>ModelTests.m</string>
			<key>sourceTree</key>
			<string>&lt;group&gt;</string>
		</dict>
		<key>53AE73C3192802BD00BE6B02</key>
		<dict>
			<key>fileRef</key>
			<string>53AE73C2192802BD00BE6B02</string>
			<key>isa</key>
			<string>PBXBuildFile</string>
		</dict>
		<key>53AE73C61928354F00BE6B02</key>
		<dict>
			<key>fileEncoding</key>
			<string>4</string>
			<key>isa</key>
			<string>PBXFileReference</string>
			<key>lastKnownFileType</key>
			<string>sourcecode.c.objc</string>
			<key>lineEnding</key>
			<string>0</string>
			<key>path</key>
			<string>DataController.m</string>
			<key>sourceTree</key>
			<string>&lt;group&gt;</string>
			<key>xcLanguageSpecificationIdentifier</key>
			<string>xcode.lang.objc</string>
		</dict>
		<key>53AE73C71928354F00BE6B02</key>
		<dict>
			<key>fileRef</key>
			<string>53AE73C61928354F00BE6B02</string>
			<key>isa</key>
			<string>PBXBuildFile</string>
		</dict>
		<key>53B090B5192DA13100E3D996</key>
		<dict>
			<key>children</key>
			<array>
				<string>53B1FE0119254EB900905E49</string>
				<string>5347EEA7197DD3C3001B2214</string>
				<string>536D0E11196D0F5A00677C1B</string>
				<string>535055881953B067009C1911</string>
				<string>5350558119529FD5009C1911</string>
				<string>5350557B1951458B009C1911</string>
				<string>533475A019232A4A00E84CC8</string>
				<string>535055891953B07A009C1911</string>
			</array>
			<key>isa</key>
			<string>PBXGroup</string>
			<key>name</key>
			<string>Views</string>
			<key>sourceTree</key>
			<string>&lt;group&gt;</string>
		</dict>
		<key>53B090B8192DA1FA00E3D996</key>
		<dict>
			<key>children</key>
			<array>
				<string>53129431196517A000CF13DB</string>
				<string>53AE73BC1927ED6600BE6B02</string>
				<string>53AE73C61928354F00BE6B02</string>
				<string>53F8789F19133F60002A578B</string>
				<string>53F878A019133F60002A578B</string>
				<string>53AB57B7194AAFB3001D1B7B</string>
			</array>
			<key>isa</key>
			<string>PBXGroup</string>
			<key>name</key>
			<string>Source Code</string>
			<key>sourceTree</key>
			<string>&lt;group&gt;</string>
		</dict>
		<key>53B090B9192DA21600E3D996</key>
		<dict>
			<key>children</key>
			<array>
				<string>53F8789719133F60002A578B</string>
				<string>53AB57C0194AAFFF001D1B7B</string>
				<string>53AB57C1194AB029001D1B7B</string>
				<string>5390A9131914B76800ACD082</string>
			</array>
			<key>isa</key>
			<string>PBXGroup</string>
			<key>name</key>
			<string>Resources</string>
			<key>sourceTree</key>
			<string>&lt;group&gt;</string>
		</dict>
		<key>53B1FDFC19254E4700905E49</key>
		<dict>
			<key>fileEncoding</key>
			<string>4</string>
			<key>isa</key>
			<string>PBXFileReference</string>
			<key>lastKnownFileType</key>
			<string>file.xib</string>
			<key>path</key>
			<string>MasterView.xib</string>
			<key>sourceTree</key>
			<string>&lt;group&gt;</string>
		</dict>
		<key>53B1FDFD19254E4700905E49</key>
		<dict>
			<key>fileRef</key>
			<string>53B1FDFC19254E4700905E49</string>
			<key>isa</key>
			<string>PBXBuildFile</string>
		</dict>
		<key>53B1FDFE19254E8F00905E49</key>
		<dict>
			<key>fileEncoding</key>
			<string>4</string>
			<key>isa</key>
			<string>PBXFileReference</string>
			<key>lastKnownFileType</key>
			<string>sourcecode.c.h</string>
			<key>lineEnding</key>
			<string>0</string>
			<key>path</key>
			<string>MasterViewController.h</string>
			<key>sourceTree</key>
			<string>&lt;group&gt;</string>
			<key>xcLanguageSpecificationIdentifier</key>
			<string>xcode.lang.objcpp</string>
		</dict>
		<key>53B1FDFF19254E8F00905E49</key>
		<dict>
			<key>fileEncoding</key>
			<string>4</string>
			<key>isa</key>
			<string>PBXFileReference</string>
			<key>lastKnownFileType</key>
			<string>sourcecode.c.objc</string>
			<key>lineEnding</key>
			<string>0</string>
			<key>path</key>
			<string>MasterViewController.m</string>
			<key>sourceTree</key>
			<string>&lt;group&gt;</string>
			<key>xcLanguageSpecificationIdentifier</key>
			<string>xcode.lang.objc</string>
		</dict>
		<key>53B1FE0019254E8F00905E49</key>
		<dict>
			<key>fileRef</key>
			<string>53B1FDFF19254E8F00905E49</string>
			<key>isa</key>
			<string>PBXBuildFile</string>
		</dict>
		<key>53B1FE0119254EB900905E49</key>
		<dict>
			<key>children</key>
			<array>
				<string>53B1FDFE19254E8F00905E49</string>
				<string>53B1FDFF19254E8F00905E49</string>
				<string>53B1FDFC19254E4700905E49</string>
			</array>
			<key>isa</key>
			<string>PBXGroup</string>
			<key>name</key>
			<string>MasterView</string>
			<key>sourceTree</key>
			<string>&lt;group&gt;</string>
		</dict>
		<key>53BDB4CD192F3E4400F45D5C</key>
		<dict>
			<key>isa</key>
			<string>PBXFileReference</string>
			<key>lastKnownFileType</key>
			<string>wrapper.framework</string>
			<key>name</key>
			<string>CoreLocation.framework</string>
			<key>path</key>
			<string>System/Library/Frameworks/CoreLocation.framework</string>
			<key>sourceTree</key>
			<string>SDKROOT</string>
		</dict>
		<key>53BDB4CE192F3E4400F45D5C</key>
		<dict>
			<key>fileRef</key>
			<string>53BDB4CD192F3E4400F45D5C</string>
			<key>isa</key>
			<string>PBXBuildFile</string>
		</dict>
		<key>53BDB4D51930669100F45D5C</key>
		<dict>
			<key>isa</key>
			<string>PBXFileReference</string>
			<key>lastKnownFileType</key>
			<string>image.png</string>
			<key>path</key>
			<string>top.png</string>
			<key>sourceTree</key>
			<string>&lt;group&gt;</string>
		</dict>
		<key>53BDB4D61930669100F45D5C</key>
		<dict>
			<key>fileRef</key>
			<string>53BDB4D51930669100F45D5C</string>
			<key>isa</key>
			<string>PBXBuildFile</string>
		</dict>
		<key>53BDB4D71930688200F45D5C</key>
		<dict>
			<key>isa</key>
			<string>PBXFileReference</string>
			<key>lastKnownFileType</key>
			<string>image.png</string>
			<key>path</key>
			<string>colleges.png</string>
			<key>sourceTree</key>
			<string>&lt;group&gt;</string>
		</dict>
		<key>53BDB4D81930688200F45D5C</key>
		<dict>
			<key>isa</key>
			<string>PBXFileReference</string>
			<key>lastKnownFileType</key>
			<string>image.png</string>
			<key>path</key>
			<string>new.png</string>
			<key>sourceTree</key>
			<string>&lt;group&gt;</string>
		</dict>
		<key>53BDB4D91930688200F45D5C</key>
		<dict>
			<key>isa</key>
			<string>PBXFileReference</string>
			<key>lastKnownFileType</key>
			<string>image.png</string>
			<key>path</key>
			<string>tags.png</string>
			<key>sourceTree</key>
			<string>&lt;group&gt;</string>
		</dict>
		<key>53BDB4DA1930688200F45D5C</key>
		<dict>
			<key>fileRef</key>
			<string>53BDB4D71930688200F45D5C</string>
			<key>isa</key>
			<string>PBXBuildFile</string>
		</dict>
		<key>53BDB4DB1930688200F45D5C</key>
		<dict>
			<key>fileRef</key>
			<string>53BDB4D81930688200F45D5C</string>
			<key>isa</key>
			<string>PBXBuildFile</string>
		</dict>
		<key>53BDB4DC1930688200F45D5C</key>
		<dict>
			<key>fileRef</key>
			<string>53BDB4D91930688200F45D5C</string>
			<key>isa</key>
			<string>PBXBuildFile</string>
		</dict>
		<key>53C44EA619669FB400367E33</key>
		<dict>
			<key>isa</key>
			<string>PBXFileReference</string>
			<key>lastKnownFileType</key>
			<string>image.png</string>
			<key>path</key>
			<string>flag.png</string>
			<key>sourceTree</key>
			<string>&lt;group&gt;</string>
		</dict>
		<key>53C44EA719669FB400367E33</key>
		<dict>
			<key>fileRef</key>
			<string>53C44EA619669FB400367E33</string>
			<key>isa</key>
			<string>PBXBuildFile</string>
		</dict>
		<key>53CEAE2E197778C700DCE476</key>
		<dict>
			<key>fileEncoding</key>
			<string>4</string>
			<key>isa</key>
			<string>PBXFileReference</string>
			<key>lastKnownFileType</key>
			<string>file.xib</string>
			<key>path</key>
			<string>CommentView.xib</string>
			<key>sourceTree</key>
			<string>&lt;group&gt;</string>
		</dict>
		<key>53CEAE2F197778C700DCE476</key>
		<dict>
			<key>fileRef</key>
			<string>53CEAE2E197778C700DCE476</string>
			<key>isa</key>
			<string>PBXBuildFile</string>
		</dict>
		<key>53CF3303194E53B6008BB733</key>
		<dict>
			<key>isa</key>
			<string>PBXFileReference</string>
			<key>lastKnownFileType</key>
			<string>wrapper.pb-project</string>
			<key>name</key>
			<string>Networker.xcodeproj</string>
			<key>path</key>
			<string>Collegefeed/Networker/Networker.xcodeproj</string>
			<key>sourceTree</key>
			<string>&lt;group&gt;</string>
		</dict>
		<key>53CF3304194E53B6008BB733</key>
		<dict>
			<key>children</key>
			<array>
				<string>53CF3309194E53B6008BB733</string>
				<string>53CF330B194E53B6008BB733</string>
			</array>
			<key>isa</key>
			<string>PBXGroup</string>
			<key>name</key>
			<string>Products</string>
			<key>sourceTree</key>
			<string>&lt;group&gt;</string>
		</dict>
		<key>53CF3308194E53B6008BB733</key>
		<dict>
			<key>containerPortal</key>
			<string>53CF3303194E53B6008BB733</string>
			<key>isa</key>
			<string>PBXContainerItemProxy</string>
			<key>proxyType</key>
			<string>2</string>
			<key>remoteGlobalIDString</key>
			<string>53CF32DA194E5341008BB733</string>
			<key>remoteInfo</key>
			<string>Networker</string>
		</dict>
		<key>53CF3309194E53B6008BB733</key>
		<dict>
			<key>fileType</key>
			<string>archive.ar</string>
			<key>isa</key>
			<string>PBXReferenceProxy</string>
			<key>path</key>
			<string>libNetworker.a</string>
			<key>remoteRef</key>
			<string>53CF3308194E53B6008BB733</string>
			<key>sourceTree</key>
			<string>BUILT_PRODUCTS_DIR</string>
		</dict>
		<key>53CF330A194E53B6008BB733</key>
		<dict>
			<key>containerPortal</key>
			<string>53CF3303194E53B6008BB733</string>
			<key>isa</key>
			<string>PBXContainerItemProxy</string>
			<key>proxyType</key>
			<string>2</string>
			<key>remoteGlobalIDString</key>
			<string>53CF32EA194E5341008BB733</string>
			<key>remoteInfo</key>
			<string>NetworkerTests</string>
		</dict>
		<key>53CF330B194E53B6008BB733</key>
		<dict>
			<key>fileType</key>
			<string>wrapper.cfbundle</string>
			<key>isa</key>
			<string>PBXReferenceProxy</string>
			<key>path</key>
			<string>NetworkerTests.xctest</string>
			<key>remoteRef</key>
			<string>53CF330A194E53B6008BB733</string>
			<key>sourceTree</key>
			<string>BUILT_PRODUCTS_DIR</string>
		</dict>
		<key>53CF330C194E53D8008BB733</key>
		<dict>
			<key>containerPortal</key>
			<string>53CF3303194E53B6008BB733</string>
			<key>isa</key>
			<string>PBXContainerItemProxy</string>
			<key>proxyType</key>
			<string>1</string>
			<key>remoteGlobalIDString</key>
			<string>53CF32D9194E5341008BB733</string>
			<key>remoteInfo</key>
			<string>Networker</string>
		</dict>
		<key>53CF330D194E53D8008BB733</key>
		<dict>
			<key>isa</key>
			<string>PBXTargetDependency</string>
			<key>name</key>
			<string>Networker</string>
			<key>targetProxy</key>
			<string>53CF330C194E53D8008BB733</string>
		</dict>
		<key>53CF330E194E53DB008BB733</key>
		<dict>
			<key>fileRef</key>
			<string>53CF3309194E53B6008BB733</string>
			<key>isa</key>
			<string>PBXBuildFile</string>
		</dict>
		<key>53CF339D194E7235008BB733</key>
		<dict>
			<key>fileEncoding</key>
			<string>4</string>
			<key>isa</key>
			<string>PBXFileReference</string>
			<key>lastKnownFileType</key>
			<string>text</string>
			<key>path</key>
			<string>CollegeList.txt</string>
			<key>sourceTree</key>
			<string>&lt;group&gt;</string>
		</dict>
		<key>53CF339E194E7235008BB733</key>
		<dict>
			<key>fileRef</key>
			<string>53CF339D194E7235008BB733</string>
			<key>isa</key>
			<string>PBXBuildFile</string>
		</dict>
		<key>53CF339F194E7A7A008BB733</key>
		<dict>
			<key>fileEncoding</key>
			<string>4</string>
			<key>isa</key>
			<string>PBXFileReference</string>
			<key>lastKnownFileType</key>
			<string>sourcecode.c.objc</string>
			<key>path</key>
			<string>Shared.m</string>
			<key>sourceTree</key>
			<string>&lt;group&gt;</string>
		</dict>
		<key>53CF33A0194E7A7A008BB733</key>
		<dict>
			<key>fileRef</key>
			<string>53CF339F194E7A7A008BB733</string>
			<key>isa</key>
			<string>PBXBuildFile</string>
		</dict>
		<key>53D51E361949625300A8BA81</key>
		<dict>
			<key>fileEncoding</key>
			<string>4</string>
			<key>isa</key>
			<string>PBXFileReference</string>
			<key>lastKnownFileType</key>
			<string>sourcecode.c.h</string>
			<key>name</key>
			<string>SimpleTableCell.h</string>
			<key>path</key>
			<string>Collegefeed/SimpleTableCell.h</string>
			<key>sourceTree</key>
			<string>&lt;group&gt;</string>
		</dict>
		<key>53D51E371949625300A8BA81</key>
		<dict>
			<key>fileEncoding</key>
			<string>4</string>
			<key>isa</key>
			<string>PBXFileReference</string>
			<key>lastKnownFileType</key>
			<string>sourcecode.c.objc</string>
			<key>name</key>
			<string>SimpleTableCell.m</string>
			<key>path</key>
			<string>Collegefeed/SimpleTableCell.m</string>
			<key>sourceTree</key>
			<string>&lt;group&gt;</string>
		</dict>
		<key>53D51E381949625300A8BA81</key>
		<dict>
			<key>fileEncoding</key>
			<string>4</string>
			<key>isa</key>
			<string>PBXFileReference</string>
			<key>lastKnownFileType</key>
			<string>file.xib</string>
			<key>name</key>
			<string>SimpleTableCell.xib</string>
			<key>path</key>
			<string>Collegefeed/SimpleTableCell.xib</string>
			<key>sourceTree</key>
			<string>&lt;group&gt;</string>
		</dict>
		<key>53D51E391949625300A8BA81</key>
		<dict>
			<key>fileRef</key>
			<string>53D51E371949625300A8BA81</string>
			<key>isa</key>
			<string>PBXBuildFile</string>
		</dict>
		<key>53D51E3A1949625300A8BA81</key>
		<dict>
			<key>fileRef</key>
			<string>53D51E381949625300A8BA81</string>
			<key>isa</key>
			<string>PBXBuildFile</string>
		</dict>
		<key>53F8788419133F60002A578B</key>
		<dict>
			<key>children</key>
			<array>
				<string>5358CE69196E5D7F00FF4E45</string>
				<string>53CF3303194E53B6008BB733</string>
				<string>53F8789619133F60002A578B</string>
				<string>53F878BB19133F60002A578B</string>
				<string>53F8788F19133F60002A578B</string>
				<string>53F8788E19133F60002A578B</string>
				<string>8C8DC49E4448409EA9BF63D4</string>
			</array>
			<key>isa</key>
			<string>PBXGroup</string>
			<key>sourceTree</key>
			<string>&lt;group&gt;</string>
		</dict>
		<key>53F8788519133F60002A578B</key>
		<dict>
			<key>attributes</key>
			<dict>
				<key>LastUpgradeCheck</key>
				<string>0510</string>
				<key>ORGANIZATIONNAME</key>
				<string>Appuccino</string>
				<key>TargetAttributes</key>
				<dict>
					<key>53F878B319133F60002A578B</key>
					<dict>
						<key>TestTargetID</key>
						<string>53F8788C19133F60002A578B</string>
					</dict>
				</dict>
			</dict>
			<key>buildConfigurationList</key>
			<string>53F8788819133F60002A578B</string>
			<key>compatibilityVersion</key>
			<string>Xcode 3.2</string>
			<key>developmentRegion</key>
			<string>English</string>
			<key>hasScannedForEncodings</key>
			<string>0</string>
			<key>isa</key>
			<string>PBXProject</string>
			<key>knownRegions</key>
			<array>
				<string>en</string>
				<string>Base</string>
			</array>
			<key>mainGroup</key>
			<string>53F8788419133F60002A578B</string>
			<key>productRefGroup</key>
			<string>53F8788E19133F60002A578B</string>
			<key>projectDirPath</key>
			<string></string>
			<key>projectReferences</key>
			<array>
				<dict>
					<key>ProductGroup</key>
					<string>5358CE6A196E5D7F00FF4E45</string>
					<key>ProjectRef</key>
					<string>5358CE69196E5D7F00FF4E45</string>
				</dict>
				<dict>
					<key>ProductGroup</key>
					<string>53CF3304194E53B6008BB733</string>
					<key>ProjectRef</key>
					<string>53CF3303194E53B6008BB733</string>
				</dict>
			</array>
			<key>projectRoot</key>
			<string></string>
			<key>targets</key>
			<array>
				<string>53F8788C19133F60002A578B</string>
				<string>53F878B319133F60002A578B</string>
			</array>
		</dict>
		<key>53F8788819133F60002A578B</key>
		<dict>
			<key>buildConfigurations</key>
			<array>
				<string>53F878C319133F60002A578B</string>
				<string>53F878C419133F60002A578B</string>
			</array>
			<key>defaultConfigurationIsVisible</key>
			<string>0</string>
			<key>defaultConfigurationName</key>
			<string>Release</string>
			<key>isa</key>
			<string>XCConfigurationList</string>
		</dict>
		<key>53F8788919133F60002A578B</key>
		<dict>
			<key>buildActionMask</key>
			<string>2147483647</string>
			<key>files</key>
			<array>
				<string>5390A93B191552AE00ACD082</string>
				<string>5334758C1922D9B700E84CC8</string>
				<string>5347EE9D197DC7CC001B2214</string>
				<string>5350557F19529FCA009C1911</string>
				<string>53F878A119133F60002A578B</string>
				<string>5352B5A2195F5C3100FEB2BF</string>
				<string>5347EEAA197DD407001B2214</string>
				<string>53B1FE0019254E8F00905E49</string>
				<string>53AE73C71928354F00BE6B02</string>
				<string>53CF33A0194E7A7A008BB733</string>
				<string>5350557719514587009C1911</string>
				<string>533475A41923344100E84CC8</string>
				<string>53963DE71916E5F50084E646</string>
				<string>53F8789D19133F60002A578B</string>
				<string>53D51E391949625300A8BA81</string>
				<string>5312942E196504CD00CF13DB</string>
				<string>533475891922B88300E84CC8</string>
				<string>5347EEA6197DCE9F001B2214</string>
			</array>
			<key>isa</key>
			<string>PBXSourcesBuildPhase</string>
			<key>runOnlyForDeploymentPostprocessing</key>
			<string>0</string>
		</dict>
		<key>53F8788A19133F60002A578B</key>
		<dict>
			<key>buildActionMask</key>
			<string>2147483647</string>
			<key>files</key>
			<array>
				<string>5358CE74196E5DF800FF4E45</string>
				<string>53CF330E194E53DB008BB733</string>
				<string>53BDB4CE192F3E4400F45D5C</string>
				<string>53F8789319133F60002A578B</string>
				<string>53F8789519133F60002A578B</string>
				<string>53F8789119133F60002A578B</string>
				<string>71BE5D8E66D048B0A34447BC</string>
			</array>
			<key>isa</key>
			<string>PBXFrameworksBuildPhase</string>
			<key>runOnlyForDeploymentPostprocessing</key>
			<string>0</string>
		</dict>
		<key>53F8788B19133F60002A578B</key>
		<dict>
			<key>buildActionMask</key>
			<string>2147483647</string>
			<key>files</key>
			<array>
				<string>5390A9221914B76800ACD082</string>
				<string>5390A91D1914B76800ACD082</string>
				<string>53B1FDFD19254E4700905E49</string>
				<string>53AB57C5194ABD11001D1B7B</string>
				<string>53C44EA719669FB400367E33</string>
				<string>5390A91E1914B76800ACD082</string>
				<string>53FF2D0A195BCE7D0040E872</string>
				<string>5350558019529FCA009C1911</string>
				<string>53AB57BC194AAFF8001D1B7B</string>
				<string>5390A9201914B76800ACD082</string>
				<string>53FF2D06195BCE430040E872</string>
				<string>533FCA4D193EDE3B00754C07</string>
				<string>53FF2D0C195BCE850040E872</string>
				<string>533FCA4F193FCD8200754C07</string>
				<string>5350558F1953C75C009C1911</string>
				<string>5350557819514587009C1911</string>
				<string>5390A9241914B76800ACD082</string>
				<string>53AB57BF194AAFF8001D1B7B</string>
				<string>53F878AF19133F60002A578B</string>
				<string>53BDB4DB1930688200F45D5C</string>
				<string>53D51E3A1949625300A8BA81</string>
				<string>53AB57BE194AAFF8001D1B7B</string>
				<string>53BDB4DA1930688200F45D5C</string>
				<string>5390A91F1914B76800ACD082</string>
				<string>53CEAE2F197778C700DCE476</string>
				<string>53BDB4DC1930688200F45D5C</string>
				<string>53CF339E194E7235008BB733</string>
				<string>53BDB4D61930669100F45D5C</string>
				<string>53F8789B19133F60002A578B</string>
				<string>533475A51923344100E84CC8</string>
			</array>
			<key>isa</key>
			<string>PBXResourcesBuildPhase</string>
			<key>runOnlyForDeploymentPostprocessing</key>
			<string>0</string>
		</dict>
		<key>53F8788C19133F60002A578B</key>
		<dict>
			<key>buildConfigurationList</key>
			<string>53F878C519133F60002A578B</string>
			<key>buildPhases</key>
			<array>
				<string>73051738B88C4952BA0B62E7</string>
				<string>53F8788919133F60002A578B</string>
				<string>53F8788A19133F60002A578B</string>
				<string>53F8788B19133F60002A578B</string>
				<string>B54EC36E2E984131A831B2CB</string>
			</array>
			<key>buildRules</key>
			<array/>
			<key>dependencies</key>
			<array>
				<string>5358CE73196E5DEA00FF4E45</string>
				<string>53CF330D194E53D8008BB733</string>
			</array>
			<key>isa</key>
			<string>PBXNativeTarget</string>
			<key>name</key>
			<string>Collegefeed</string>
			<key>productName</key>
			<string>Collegefeed</string>
			<key>productReference</key>
			<string>53F8788D19133F60002A578B</string>
			<key>productType</key>
			<string>com.apple.product-type.application</string>
		</dict>
		<key>53F8788D19133F60002A578B</key>
		<dict>
			<key>explicitFileType</key>
			<string>wrapper.application</string>
			<key>includeInIndex</key>
			<string>0</string>
			<key>isa</key>
			<string>PBXFileReference</string>
			<key>path</key>
			<string>Collegefeed.app</string>
			<key>sourceTree</key>
			<string>BUILT_PRODUCTS_DIR</string>
		</dict>
		<key>53F8788E19133F60002A578B</key>
		<dict>
			<key>children</key>
			<array>
				<string>53F8788D19133F60002A578B</string>
				<string>53F878B419133F60002A578B</string>
			</array>
			<key>isa</key>
			<string>PBXGroup</string>
			<key>name</key>
			<string>Products</string>
			<key>sourceTree</key>
			<string>&lt;group&gt;</string>
		</dict>
		<key>53F8788F19133F60002A578B</key>
		<dict>
			<key>children</key>
			<array>
				<string>53BDB4CD192F3E4400F45D5C</string>
				<string>53F8789019133F60002A578B</string>
				<string>53F8789219133F60002A578B</string>
				<string>53F8789419133F60002A578B</string>
				<string>53F878B519133F60002A578B</string>
				<string>6C0F4C92259A409D9670D8DA</string>
			</array>
			<key>isa</key>
			<string>PBXGroup</string>
			<key>name</key>
			<string>Frameworks</string>
			<key>sourceTree</key>
			<string>&lt;group&gt;</string>
		</dict>
		<key>53F8789019133F60002A578B</key>
		<dict>
			<key>isa</key>
			<string>PBXFileReference</string>
			<key>lastKnownFileType</key>
			<string>wrapper.framework</string>
			<key>name</key>
			<string>Foundation.framework</string>
			<key>path</key>
			<string>System/Library/Frameworks/Foundation.framework</string>
			<key>sourceTree</key>
			<string>SDKROOT</string>
		</dict>
		<key>53F8789119133F60002A578B</key>
		<dict>
			<key>fileRef</key>
			<string>53F8789019133F60002A578B</string>
			<key>isa</key>
			<string>PBXBuildFile</string>
		</dict>
		<key>53F8789219133F60002A578B</key>
		<dict>
			<key>isa</key>
			<string>PBXFileReference</string>
			<key>lastKnownFileType</key>
			<string>wrapper.framework</string>
			<key>name</key>
			<string>CoreGraphics.framework</string>
			<key>path</key>
			<string>System/Library/Frameworks/CoreGraphics.framework</string>
			<key>sourceTree</key>
			<string>SDKROOT</string>
		</dict>
		<key>53F8789319133F60002A578B</key>
		<dict>
			<key>fileRef</key>
			<string>53F8789219133F60002A578B</string>
			<key>isa</key>
			<string>PBXBuildFile</string>
		</dict>
		<key>53F8789419133F60002A578B</key>
		<dict>
			<key>isa</key>
			<string>PBXFileReference</string>
			<key>lastKnownFileType</key>
			<string>wrapper.framework</string>
			<key>name</key>
			<string>UIKit.framework</string>
			<key>path</key>
			<string>System/Library/Frameworks/UIKit.framework</string>
			<key>sourceTree</key>
			<string>SDKROOT</string>
		</dict>
		<key>53F8789519133F60002A578B</key>
		<dict>
			<key>fileRef</key>
			<string>53F8789419133F60002A578B</string>
			<key>isa</key>
			<string>PBXBuildFile</string>
		</dict>
		<key>53F8789619133F60002A578B</key>
		<dict>
			<key>children</key>
			<array>
				<string>53B090B8192DA1FA00E3D996</string>
				<string>53B090B5192DA13100E3D996</string>
				<string>53B090B9192DA21600E3D996</string>
			</array>
			<key>isa</key>
			<string>PBXGroup</string>
			<key>path</key>
			<string>Collegefeed</string>
			<key>sourceTree</key>
			<string>&lt;group&gt;</string>
		</dict>
		<key>53F8789719133F60002A578B</key>
		<dict>
			<key>children</key>
			<array>
				<string>53FF2D05195BCE430040E872</string>
				<string>53FF2D09195BCE7D0040E872</string>
				<string>53FF2D0B195BCE850040E872</string>
				<string>53CF339D194E7235008BB733</string>
				<string>53F8789819133F60002A578B</string>
				<string>53F8789919133F60002A578B</string>
				<string>53F8789C19133F60002A578B</string>
				<string>53F8789E19133F60002A578B</string>
			</array>
			<key>isa</key>
			<string>PBXGroup</string>
			<key>name</key>
			<string>Supporting Files</string>
			<key>sourceTree</key>
			<string>&lt;group&gt;</string>
		</dict>
		<key>53F8789819133F60002A578B</key>
		<dict>
			<key>isa</key>
			<string>PBXFileReference</string>
			<key>lastKnownFileType</key>
			<string>text.plist.xml</string>
			<key>path</key>
			<string>Collegefeed-Info.plist</string>
			<key>sourceTree</key>
			<string>&lt;group&gt;</string>
		</dict>
		<key>53F8789919133F60002A578B</key>
		<dict>
			<key>children</key>
			<array>
				<string>53F8789A19133F60002A578B</string>
			</array>
			<key>isa</key>
			<string>PBXVariantGroup</string>
			<key>name</key>
			<string>InfoPlist.strings</string>
			<key>sourceTree</key>
			<string>&lt;group&gt;</string>
		</dict>
		<key>53F8789A19133F60002A578B</key>
		<dict>
			<key>isa</key>
			<string>PBXFileReference</string>
			<key>lastKnownFileType</key>
			<string>text.plist.strings</string>
			<key>name</key>
			<string>en</string>
			<key>path</key>
			<string>en.lproj/InfoPlist.strings</string>
			<key>sourceTree</key>
			<string>&lt;group&gt;</string>
		</dict>
		<key>53F8789B19133F60002A578B</key>
		<dict>
			<key>fileRef</key>
			<string>53F8789919133F60002A578B</string>
			<key>isa</key>
			<string>PBXBuildFile</string>
		</dict>
		<key>53F8789C19133F60002A578B</key>
		<dict>
			<key>isa</key>
			<string>PBXFileReference</string>
			<key>lastKnownFileType</key>
			<string>sourcecode.c.objc</string>
			<key>path</key>
			<string>main.m</string>
			<key>sourceTree</key>
			<string>&lt;group&gt;</string>
		</dict>
		<key>53F8789D19133F60002A578B</key>
		<dict>
			<key>fileRef</key>
			<string>53F8789C19133F60002A578B</string>
			<key>isa</key>
			<string>PBXBuildFile</string>
		</dict>
		<key>53F8789E19133F60002A578B</key>
		<dict>
			<key>isa</key>
			<string>PBXFileReference</string>
			<key>lastKnownFileType</key>
			<string>sourcecode.c.h</string>
			<key>path</key>
			<string>Collegefeed-Prefix.pch</string>
			<key>sourceTree</key>
			<string>&lt;group&gt;</string>
		</dict>
		<key>53F8789F19133F60002A578B</key>
		<dict>
			<key>isa</key>
			<string>PBXFileReference</string>
			<key>lastKnownFileType</key>
			<string>sourcecode.c.h</string>
			<key>path</key>
			<string>AppDelegate.h</string>
			<key>sourceTree</key>
			<string>&lt;group&gt;</string>
		</dict>
		<key>53F878A019133F60002A578B</key>
		<dict>
			<key>isa</key>
			<string>PBXFileReference</string>
			<key>lastKnownFileType</key>
			<string>sourcecode.c.objc</string>
			<key>path</key>
			<string>AppDelegate.m</string>
			<key>sourceTree</key>
			<string>&lt;group&gt;</string>
		</dict>
		<key>53F878A119133F60002A578B</key>
		<dict>
			<key>fileRef</key>
			<string>53F878A019133F60002A578B</string>
			<key>isa</key>
			<string>PBXBuildFile</string>
		</dict>
		<key>53F878AE19133F60002A578B</key>
		<dict>
			<key>isa</key>
			<string>PBXFileReference</string>
			<key>lastKnownFileType</key>
			<string>folder.assetcatalog</string>
			<key>name</key>
			<string>Images.xcassets</string>
			<key>path</key>
			<string>Collegefeed/Images.xcassets</string>
			<key>sourceTree</key>
			<string>SOURCE_ROOT</string>
		</dict>
		<key>53F878AF19133F60002A578B</key>
		<dict>
			<key>fileRef</key>
			<string>53F878AE19133F60002A578B</string>
			<key>isa</key>
			<string>PBXBuildFile</string>
		</dict>
		<key>53F878B019133F60002A578B</key>
		<dict>
			<key>buildActionMask</key>
			<string>2147483647</string>
			<key>files</key>
			<array>
				<string>5390A94119158E0E00ACD082</string>
				<string>53F878C219133F60002A578B</string>
				<string>5390A94319158E1A00ACD082</string>
				<string>53AE73C3192802BD00BE6B02</string>
			</array>
			<key>isa</key>
			<string>PBXSourcesBuildPhase</string>
			<key>runOnlyForDeploymentPostprocessing</key>
			<string>0</string>
		</dict>
		<key>53F878B119133F60002A578B</key>
		<dict>
			<key>buildActionMask</key>
			<string>2147483647</string>
			<key>files</key>
			<array>
				<string>53F878B619133F60002A578B</string>
				<string>53F878B819133F60002A578B</string>
				<string>53F878B719133F60002A578B</string>
			</array>
			<key>isa</key>
			<string>PBXFrameworksBuildPhase</string>
			<key>runOnlyForDeploymentPostprocessing</key>
			<string>0</string>
		</dict>
		<key>53F878B219133F60002A578B</key>
		<dict>
			<key>buildActionMask</key>
			<string>2147483647</string>
			<key>files</key>
			<array>
				<string>53F878C019133F60002A578B</string>
			</array>
			<key>isa</key>
			<string>PBXResourcesBuildPhase</string>
			<key>runOnlyForDeploymentPostprocessing</key>
			<string>0</string>
		</dict>
		<key>53F878B319133F60002A578B</key>
		<dict>
			<key>buildConfigurationList</key>
			<string>53F878C819133F60002A578B</string>
			<key>buildPhases</key>
			<array>
				<string>53F878B019133F60002A578B</string>
				<string>53F878B119133F60002A578B</string>
				<string>53F878B219133F60002A578B</string>
			</array>
			<key>buildRules</key>
			<array/>
			<key>dependencies</key>
			<array>
				<string>53F878BA19133F60002A578B</string>
			</array>
			<key>isa</key>
			<string>PBXNativeTarget</string>
			<key>name</key>
			<string>CollegefeedTests</string>
			<key>productName</key>
			<string>CollegefeedTests</string>
			<key>productReference</key>
			<string>53F878B419133F60002A578B</string>
			<key>productType</key>
			<string>com.apple.product-type.bundle.unit-test</string>
		</dict>
		<key>53F878B419133F60002A578B</key>
		<dict>
			<key>explicitFileType</key>
			<string>wrapper.cfbundle</string>
			<key>includeInIndex</key>
			<string>0</string>
			<key>isa</key>
			<string>PBXFileReference</string>
			<key>path</key>
			<string>CollegefeedTests.xctest</string>
			<key>sourceTree</key>
			<string>BUILT_PRODUCTS_DIR</string>
		</dict>
		<key>53F878B519133F60002A578B</key>
		<dict>
			<key>isa</key>
			<string>PBXFileReference</string>
			<key>lastKnownFileType</key>
			<string>wrapper.framework</string>
			<key>name</key>
			<string>XCTest.framework</string>
			<key>path</key>
			<string>Library/Frameworks/XCTest.framework</string>
			<key>sourceTree</key>
			<string>DEVELOPER_DIR</string>
		</dict>
		<key>53F878B619133F60002A578B</key>
		<dict>
			<key>fileRef</key>
			<string>53F878B519133F60002A578B</string>
			<key>isa</key>
			<string>PBXBuildFile</string>
		</dict>
		<key>53F878B719133F60002A578B</key>
		<dict>
			<key>fileRef</key>
			<string>53F8789019133F60002A578B</string>
			<key>isa</key>
			<string>PBXBuildFile</string>
		</dict>
		<key>53F878B819133F60002A578B</key>
		<dict>
			<key>fileRef</key>
			<string>53F8789419133F60002A578B</string>
			<key>isa</key>
			<string>PBXBuildFile</string>
		</dict>
		<key>53F878B919133F60002A578B</key>
		<dict>
			<key>containerPortal</key>
			<string>53F8788519133F60002A578B</string>
			<key>isa</key>
			<string>PBXContainerItemProxy</string>
			<key>proxyType</key>
			<string>1</string>
			<key>remoteGlobalIDString</key>
			<string>53F8788C19133F60002A578B</string>
			<key>remoteInfo</key>
			<string>Collegefeed</string>
		</dict>
		<key>53F878BA19133F60002A578B</key>
		<dict>
			<key>isa</key>
			<string>PBXTargetDependency</string>
			<key>target</key>
			<string>53F8788C19133F60002A578B</string>
			<key>targetProxy</key>
			<string>53F878B919133F60002A578B</string>
		</dict>
		<key>53F878BB19133F60002A578B</key>
		<dict>
			<key>children</key>
			<array>
				<string>5390A94219158E1A00ACD082</string>
				<string>5390A94019158E0E00ACD082</string>
				<string>53F878C119133F60002A578B</string>
				<string>53AE73C2192802BD00BE6B02</string>
				<string>53F878BC19133F60002A578B</string>
			</array>
			<key>isa</key>
			<string>PBXGroup</string>
			<key>path</key>
			<string>CollegefeedTests</string>
			<key>sourceTree</key>
			<string>&lt;group&gt;</string>
		</dict>
		<key>53F878BC19133F60002A578B</key>
		<dict>
			<key>children</key>
			<array>
				<string>53F878BD19133F60002A578B</string>
				<string>53F878BE19133F60002A578B</string>
			</array>
			<key>isa</key>
			<string>PBXGroup</string>
			<key>name</key>
			<string>Supporting Files</string>
			<key>sourceTree</key>
			<string>&lt;group&gt;</string>
		</dict>
		<key>53F878BD19133F60002A578B</key>
		<dict>
			<key>isa</key>
			<string>PBXFileReference</string>
			<key>lastKnownFileType</key>
			<string>text.plist.xml</string>
			<key>path</key>
			<string>CollegefeedTests-Info.plist</string>
			<key>sourceTree</key>
			<string>&lt;group&gt;</string>
		</dict>
		<key>53F878BE19133F60002A578B</key>
		<dict>
			<key>children</key>
			<array>
				<string>53F878BF19133F60002A578B</string>
			</array>
			<key>isa</key>
			<string>PBXVariantGroup</string>
			<key>name</key>
			<string>InfoPlist.strings</string>
			<key>sourceTree</key>
			<string>&lt;group&gt;</string>
		</dict>
		<key>53F878BF19133F60002A578B</key>
		<dict>
			<key>isa</key>
			<string>PBXFileReference</string>
			<key>lastKnownFileType</key>
			<string>text.plist.strings</string>
			<key>name</key>
			<string>en</string>
			<key>path</key>
			<string>en.lproj/InfoPlist.strings</string>
			<key>sourceTree</key>
			<string>&lt;group&gt;</string>
		</dict>
		<key>53F878C019133F60002A578B</key>
		<dict>
			<key>fileRef</key>
			<string>53F878BE19133F60002A578B</string>
			<key>isa</key>
			<string>PBXBuildFile</string>
		</dict>
		<key>53F878C119133F60002A578B</key>
		<dict>
			<key>isa</key>
			<string>PBXFileReference</string>
			<key>lastKnownFileType</key>
			<string>sourcecode.c.objc</string>
			<key>path</key>
			<string>CollegefeedTests.m</string>
			<key>sourceTree</key>
			<string>&lt;group&gt;</string>
		</dict>
		<key>53F878C219133F60002A578B</key>
		<dict>
			<key>fileRef</key>
			<string>53F878C119133F60002A578B</string>
			<key>isa</key>
			<string>PBXBuildFile</string>
		</dict>
		<key>53F878C319133F60002A578B</key>
		<dict>
			<key>buildSettings</key>
			<dict>
				<key>ALWAYS_SEARCH_USER_PATHS</key>
				<string>NO</string>
				<key>CLANG_CXX_LANGUAGE_STANDARD</key>
				<string>gnu++0x</string>
				<key>CLANG_CXX_LIBRARY</key>
				<string>libc++</string>
				<key>CLANG_ENABLE_MODULES</key>
				<string>YES</string>
				<key>CLANG_ENABLE_OBJC_ARC</key>
				<string>YES</string>
				<key>CLANG_WARN_BOOL_CONVERSION</key>
				<string>YES</string>
				<key>CLANG_WARN_CONSTANT_CONVERSION</key>
				<string>YES</string>
				<key>CLANG_WARN_DIRECT_OBJC_ISA_USAGE</key>
				<string>YES_ERROR</string>
				<key>CLANG_WARN_EMPTY_BODY</key>
				<string>YES</string>
				<key>CLANG_WARN_ENUM_CONVERSION</key>
				<string>YES</string>
				<key>CLANG_WARN_INT_CONVERSION</key>
				<string>YES</string>
				<key>CLANG_WARN_OBJC_ROOT_CLASS</key>
				<string>YES_ERROR</string>
				<key>CLANG_WARN__DUPLICATE_METHOD_MATCH</key>
				<string>YES</string>
				<key>CODE_SIGN_IDENTITY[sdk=iphoneos*]</key>
				<string>iPhone Developer</string>
				<key>COPY_PHASE_STRIP</key>
				<string>NO</string>
				<key>GCC_C_LANGUAGE_STANDARD</key>
				<string>gnu99</string>
				<key>GCC_DYNAMIC_NO_PIC</key>
				<string>NO</string>
				<key>GCC_OPTIMIZATION_LEVEL</key>
				<string>0</string>
				<key>GCC_PREPROCESSOR_DEFINITIONS</key>
				<array>
					<string>DEBUG=1</string>
					<string>$(inherited)</string>
				</array>
				<key>GCC_SYMBOLS_PRIVATE_EXTERN</key>
				<string>NO</string>
				<key>GCC_WARN_64_TO_32_BIT_CONVERSION</key>
				<string>YES</string>
				<key>GCC_WARN_ABOUT_RETURN_TYPE</key>
				<string>YES_ERROR</string>
				<key>GCC_WARN_UNDECLARED_SELECTOR</key>
				<string>YES</string>
				<key>GCC_WARN_UNINITIALIZED_AUTOS</key>
				<string>YES_AGGRESSIVE</string>
				<key>GCC_WARN_UNUSED_FUNCTION</key>
				<string>YES</string>
				<key>GCC_WARN_UNUSED_VARIABLE</key>
				<string>YES</string>
				<key>IPHONEOS_DEPLOYMENT_TARGET</key>
				<string>7.1</string>
				<key>ONLY_ACTIVE_ARCH</key>
				<string>YES</string>
				<key>SDKROOT</key>
				<string>iphoneos</string>
				<key>TARGETED_DEVICE_FAMILY</key>
				<string>1,2</string>
			</dict>
			<key>isa</key>
			<string>XCBuildConfiguration</string>
			<key>name</key>
			<string>Debug</string>
		</dict>
		<key>53F878C419133F60002A578B</key>
		<dict>
			<key>buildSettings</key>
			<dict>
				<key>ALWAYS_SEARCH_USER_PATHS</key>
				<string>NO</string>
				<key>CLANG_CXX_LANGUAGE_STANDARD</key>
				<string>gnu++0x</string>
				<key>CLANG_CXX_LIBRARY</key>
				<string>libc++</string>
				<key>CLANG_ENABLE_MODULES</key>
				<string>YES</string>
				<key>CLANG_ENABLE_OBJC_ARC</key>
				<string>YES</string>
				<key>CLANG_WARN_BOOL_CONVERSION</key>
				<string>YES</string>
				<key>CLANG_WARN_CONSTANT_CONVERSION</key>
				<string>YES</string>
				<key>CLANG_WARN_DIRECT_OBJC_ISA_USAGE</key>
				<string>YES_ERROR</string>
				<key>CLANG_WARN_EMPTY_BODY</key>
				<string>YES</string>
				<key>CLANG_WARN_ENUM_CONVERSION</key>
				<string>YES</string>
				<key>CLANG_WARN_INT_CONVERSION</key>
				<string>YES</string>
				<key>CLANG_WARN_OBJC_ROOT_CLASS</key>
				<string>YES_ERROR</string>
				<key>CLANG_WARN__DUPLICATE_METHOD_MATCH</key>
				<string>YES</string>
				<key>CODE_SIGN_IDENTITY[sdk=iphoneos*]</key>
				<string>iPhone Developer</string>
				<key>COPY_PHASE_STRIP</key>
				<string>YES</string>
				<key>ENABLE_NS_ASSERTIONS</key>
				<string>NO</string>
				<key>GCC_C_LANGUAGE_STANDARD</key>
				<string>gnu99</string>
				<key>GCC_WARN_64_TO_32_BIT_CONVERSION</key>
				<string>YES</string>
				<key>GCC_WARN_ABOUT_RETURN_TYPE</key>
				<string>YES_ERROR</string>
				<key>GCC_WARN_UNDECLARED_SELECTOR</key>
				<string>YES</string>
				<key>GCC_WARN_UNINITIALIZED_AUTOS</key>
				<string>YES_AGGRESSIVE</string>
				<key>GCC_WARN_UNUSED_FUNCTION</key>
				<string>YES</string>
				<key>GCC_WARN_UNUSED_VARIABLE</key>
				<string>YES</string>
				<key>IPHONEOS_DEPLOYMENT_TARGET</key>
				<string>7.1</string>
				<key>SDKROOT</key>
				<string>iphoneos</string>
				<key>TARGETED_DEVICE_FAMILY</key>
				<string>1,2</string>
				<key>VALIDATE_PRODUCT</key>
				<string>YES</string>
			</dict>
			<key>isa</key>
			<string>XCBuildConfiguration</string>
			<key>name</key>
			<string>Release</string>
		</dict>
		<key>53F878C519133F60002A578B</key>
		<dict>
			<key>buildConfigurations</key>
			<array>
				<string>53F878C619133F60002A578B</string>
				<string>53F878C719133F60002A578B</string>
			</array>
			<key>defaultConfigurationIsVisible</key>
			<string>0</string>
			<key>defaultConfigurationName</key>
			<string>Release</string>
			<key>isa</key>
			<string>XCConfigurationList</string>
		</dict>
		<key>53F878C619133F60002A578B</key>
		<dict>
			<key>baseConfigurationReference</key>
			<string>8C8DC49E4448409EA9BF63D4</string>
			<key>buildSettings</key>
			<dict>
				<key>ASSETCATALOG_COMPILER_APPICON_NAME</key>
				<string>AppIcon</string>
				<key>ASSETCATALOG_COMPILER_LAUNCHIMAGE_NAME</key>
				<string>LaunchImage</string>
				<key>CODE_SIGN_IDENTITY[sdk=iphoneos*]</key>
				<string></string>
				<key>GCC_PRECOMPILE_PREFIX_HEADER</key>
				<string>YES</string>
				<key>GCC_PREFIX_HEADER</key>
				<string>Collegefeed/Collegefeed-Prefix.pch</string>
				<key>INFOPLIST_FILE</key>
				<string>Collegefeed/Collegefeed-Info.plist</string>
				<key>IPHONEOS_DEPLOYMENT_TARGET</key>
				<string>7.0</string>
				<key>OTHER_LDFLAGS</key>
				<array>
					<string>-ObjC</string>
					<string>-all_load</string>
				</array>
				<key>PRECOMPS_INCLUDE_HEADERS_FROM_BUILT_PRODUCTS_DIR</key>
				<string>YES</string>
				<key>PRODUCT_NAME</key>
				<string>$(TARGET_NAME)</string>
				<key>USER_HEADER_SEARCH_PATHS</key>
				<string>/Users/PatrickSheehan/Documents/working/Collegefeed/iOSApp/Collegefeed/Collegefeed/Models/Models /Users/PatrickSheehan/Documents/working/Collegefeed/iOSApp/Collegefeed/Collegefeed/Networker/Networker</string>
				<key>WRAPPER_EXTENSION</key>
				<string>app</string>
			</dict>
			<key>isa</key>
			<string>XCBuildConfiguration</string>
			<key>name</key>
			<string>Debug</string>
		</dict>
		<key>53F878C719133F60002A578B</key>
		<dict>
			<key>baseConfigurationReference</key>
			<string>8C8DC49E4448409EA9BF63D4</string>
			<key>buildSettings</key>
			<dict>
				<key>ASSETCATALOG_COMPILER_APPICON_NAME</key>
				<string>AppIcon</string>
				<key>ASSETCATALOG_COMPILER_LAUNCHIMAGE_NAME</key>
				<string>LaunchImage</string>
				<key>CODE_SIGN_IDENTITY[sdk=iphoneos*]</key>
				<string></string>
				<key>GCC_PRECOMPILE_PREFIX_HEADER</key>
				<string>YES</string>
				<key>GCC_PREFIX_HEADER</key>
				<string>Collegefeed/Collegefeed-Prefix.pch</string>
				<key>INFOPLIST_FILE</key>
				<string>Collegefeed/Collegefeed-Info.plist</string>
				<key>IPHONEOS_DEPLOYMENT_TARGET</key>
				<string>7.0</string>
				<key>OTHER_LDFLAGS</key>
				<array>
					<string>-ObjC</string>
					<string>-all_load</string>
				</array>
				<key>PRECOMPS_INCLUDE_HEADERS_FROM_BUILT_PRODUCTS_DIR</key>
				<string>YES</string>
				<key>PRODUCT_NAME</key>
				<string>$(TARGET_NAME)</string>
				<key>USER_HEADER_SEARCH_PATHS</key>
				<string>/Users/PatrickSheehan/Documents/working/Collegefeed/iOSApp/Collegefeed/Collegefeed/Models/Models /Users/PatrickSheehan/Documents/working/Collegefeed/iOSApp/Collegefeed/Collegefeed/Networker/Networker</string>
				<key>WRAPPER_EXTENSION</key>
				<string>app</string>
			</dict>
			<key>isa</key>
			<string>XCBuildConfiguration</string>
			<key>name</key>
			<string>Release</string>
		</dict>
		<key>53F878C819133F60002A578B</key>
		<dict>
			<key>buildConfigurations</key>
			<array>
				<string>53F878C919133F60002A578B</string>
				<string>53F878CA19133F60002A578B</string>
			</array>
			<key>defaultConfigurationIsVisible</key>
			<string>0</string>
			<key>defaultConfigurationName</key>
			<string>Release</string>
			<key>isa</key>
			<string>XCConfigurationList</string>
		</dict>
		<key>53F878C919133F60002A578B</key>
		<dict>
			<key>buildSettings</key>
			<dict>
				<key>BUNDLE_LOADER</key>
				<string>$(BUILT_PRODUCTS_DIR)/Collegefeed.app/Collegefeed</string>
				<key>FRAMEWORK_SEARCH_PATHS</key>
				<array>
					<string>$(SDKROOT)/Developer/Library/Frameworks</string>
					<string>$(inherited)</string>
					<string>$(DEVELOPER_FRAMEWORKS_DIR)</string>
				</array>
				<key>GCC_PRECOMPILE_PREFIX_HEADER</key>
				<string>YES</string>
				<key>GCC_PREFIX_HEADER</key>
				<string>Collegefeed/Collegefeed-Prefix.pch</string>
				<key>GCC_PREPROCESSOR_DEFINITIONS</key>
				<array>
					<string>DEBUG=1</string>
					<string>$(inherited)</string>
				</array>
				<key>INFOPLIST_FILE</key>
				<string>CollegefeedTests/CollegefeedTests-Info.plist</string>
				<key>IPHONEOS_DEPLOYMENT_TARGET</key>
				<string>7.0</string>
				<key>PRODUCT_NAME</key>
				<string>$(TARGET_NAME)</string>
				<key>TEST_HOST</key>
				<string>$(BUNDLE_LOADER)</string>
				<key>WRAPPER_EXTENSION</key>
				<string>xctest</string>
			</dict>
			<key>isa</key>
			<string>XCBuildConfiguration</string>
			<key>name</key>
			<string>Debug</string>
		</dict>
		<key>53F878CA19133F60002A578B</key>
		<dict>
			<key>buildSettings</key>
			<dict>
				<key>BUNDLE_LOADER</key>
				<string>$(BUILT_PRODUCTS_DIR)/Collegefeed.app/Collegefeed</string>
				<key>FRAMEWORK_SEARCH_PATHS</key>
				<array>
					<string>$(SDKROOT)/Developer/Library/Frameworks</string>
					<string>$(inherited)</string>
					<string>$(DEVELOPER_FRAMEWORKS_DIR)</string>
				</array>
				<key>GCC_PRECOMPILE_PREFIX_HEADER</key>
				<string>YES</string>
				<key>GCC_PREFIX_HEADER</key>
				<string>Collegefeed/Collegefeed-Prefix.pch</string>
				<key>INFOPLIST_FILE</key>
				<string>CollegefeedTests/CollegefeedTests-Info.plist</string>
				<key>IPHONEOS_DEPLOYMENT_TARGET</key>
				<string>7.0</string>
				<key>PRODUCT_NAME</key>
				<string>$(TARGET_NAME)</string>
				<key>TEST_HOST</key>
				<string>$(BUNDLE_LOADER)</string>
				<key>WRAPPER_EXTENSION</key>
				<string>xctest</string>
			</dict>
			<key>isa</key>
			<string>XCBuildConfiguration</string>
			<key>name</key>
			<string>Release</string>
		</dict>
		<key>53FA791219381A4F00EF246E</key>
		<dict>
			<key>isa</key>
			<string>PBXFileReference</string>
			<key>lastKnownFileType</key>
			<string>sourcecode.c.h</string>
			<key>path</key>
			<string>ChildCellDelegate.h</string>
			<key>sourceTree</key>
			<string>&lt;group&gt;</string>
		</dict>
		<key>53FF2D05195BCE430040E872</key>
		<dict>
			<key>fileEncoding</key>
			<string>4</string>
			<key>isa</key>
			<string>PBXFileReference</string>
			<key>lastKnownFileType</key>
			<string>text</string>
			<key>path</key>
			<string>UserPosts.txt</string>
			<key>sourceTree</key>
			<string>&lt;group&gt;</string>
		</dict>
		<key>53FF2D06195BCE430040E872</key>
		<dict>
			<key>fileRef</key>
			<string>53FF2D05195BCE430040E872</string>
			<key>isa</key>
			<string>PBXBuildFile</string>
		</dict>
		<key>53FF2D09195BCE7D0040E872</key>
		<dict>
			<key>fileEncoding</key>
			<string>4</string>
			<key>isa</key>
			<string>PBXFileReference</string>
			<key>lastKnownFileType</key>
			<string>text</string>
			<key>path</key>
			<string>UserComments.txt</string>
			<key>sourceTree</key>
			<string>&lt;group&gt;</string>
		</dict>
		<key>53FF2D0A195BCE7D0040E872</key>
		<dict>
			<key>fileRef</key>
			<string>53FF2D09195BCE7D0040E872</string>
			<key>isa</key>
			<string>PBXBuildFile</string>
		</dict>
		<key>53FF2D0B195BCE850040E872</key>
		<dict>
			<key>fileEncoding</key>
			<string>4</string>
			<key>isa</key>
			<string>PBXFileReference</string>
			<key>lastKnownFileType</key>
			<string>text</string>
			<key>path</key>
			<string>UserVotes.txt</string>
			<key>sourceTree</key>
			<string>&lt;group&gt;</string>
		</dict>
		<key>53FF2D0C195BCE850040E872</key>
		<dict>
			<key>fileRef</key>
			<string>53FF2D0B195BCE850040E872</string>
			<key>isa</key>
			<string>PBXBuildFile</string>
		</dict>
		<key>6C0F4C92259A409D9670D8DA</key>
		<dict>
			<key>explicitFileType</key>
			<string>archive.ar</string>
			<key>includeInIndex</key>
			<string>0</string>
			<key>isa</key>
			<string>PBXFileReference</string>
			<key>path</key>
			<string>libPods-Collegefeed.a</string>
			<key>sourceTree</key>
			<string>BUILT_PRODUCTS_DIR</string>
		</dict>
		<key>71BE5D8E66D048B0A34447BC</key>
		<dict>
			<key>fileRef</key>
			<string>6C0F4C92259A409D9670D8DA</string>
			<key>isa</key>
			<string>PBXBuildFile</string>
		</dict>
		<key>73051738B88C4952BA0B62E7</key>
		<dict>
			<key>buildActionMask</key>
			<string>2147483647</string>
			<key>files</key>
			<array/>
			<key>inputPaths</key>
			<array/>
			<key>isa</key>
			<string>PBXShellScriptBuildPhase</string>
			<key>name</key>
			<string>Check Pods Manifest.lock</string>
			<key>outputPaths</key>
			<array/>
			<key>runOnlyForDeploymentPostprocessing</key>
			<string>0</string>
			<key>shellPath</key>
			<string>/bin/sh</string>
			<key>shellScript</key>
			<string>diff "${PODS_ROOT}/../Podfile.lock" "${PODS_ROOT}/Manifest.lock" &gt; /dev/null
if [[ $? != 0 ]] ; then
    cat &lt;&lt; EOM
error: The sandbox is not in sync with the Podfile.lock. Run 'pod install' or update your CocoaPods installation.
EOM
    exit 1
fi
</string>
			<key>showEnvVarsInLog</key>
			<string>0</string>
		</dict>
		<key>8C8DC49E4448409EA9BF63D4</key>
		<dict>
			<key>includeInIndex</key>
			<string>1</string>
			<key>isa</key>
			<string>PBXFileReference</string>
			<key>lastKnownFileType</key>
			<string>text.xcconfig</string>
			<key>name</key>
			<string>Pods-Collegefeed.xcconfig</string>
			<key>path</key>
			<string>Pods/Pods-Collegefeed.xcconfig</string>
			<key>sourceTree</key>
			<string>&lt;group&gt;</string>
		</dict>
		<key>B54EC36E2E984131A831B2CB</key>
		<dict>
			<key>buildActionMask</key>
			<string>2147483647</string>
			<key>files</key>
			<array/>
			<key>inputPaths</key>
			<array/>
			<key>isa</key>
			<string>PBXShellScriptBuildPhase</string>
			<key>name</key>
			<string>Copy Pods Resources</string>
			<key>outputPaths</key>
			<array/>
			<key>runOnlyForDeploymentPostprocessing</key>
			<string>0</string>
			<key>shellPath</key>
			<string>/bin/sh</string>
			<key>shellScript</key>
			<string>"${SRCROOT}/Pods/Pods-Collegefeed-resources.sh"
</string>
			<key>showEnvVarsInLog</key>
			<string>0</string>
		</dict>
	</dict>
	<key>rootObject</key>
	<string>53F8788519133F60002A578B</string>
</dict>
</plist>
